
Microsoft Visual Studio Solution File, Format Version 12.00
# Visual Studio 15
VisualStudioVersion = 15.0.28307.329
MinimumVisualStudioVersion = 10.0.40219.1
Project("{FAE04EC0-301F-11D3-BF4B-00C04F79EFBC}") = "ContentLayoutTutorial.Android", "ContentLayoutTutorial\ContentLayoutTutorial.Android\ContentLayoutTutorial.Android.csproj", "{59C87CCD-EB80-476E-B240-FFF0EBAFDE83}"
EndProject
Project("{FAE04EC0-301F-11D3-BF4B-00C04F79EFBC}") = "ContentLayoutTutorial.iOS", "ContentLayoutTutorial\ContentLayoutTutorial.iOS\ContentLayoutTutorial.iOS.csproj", "{BE81E06D-B448-42A7-AD6F-8C658A93AC55}"
EndProject
Project("{FAE04EC0-301F-11D3-BF4B-00C04F79EFBC}") = "ContentLayoutTutorial.UWP", "ContentLayoutTutorial\ContentLayoutTutorial.UWP\ContentLayoutTutorial.UWP.csproj", "{4B315688-E6F5-4954-825E-8BB82FC22D4B}"
EndProject
Project("{FAE04EC0-301F-11D3-BF4B-00C04F79EFBC}") = "ContentLayoutTutorial", "ContentLayoutTutorial\ContentLayoutTutorial\ContentLayoutTutorial.csproj", "{C0EDC773-14C6-4906-9A67-CDDBAF811DCB}"
EndProject
Global
	GlobalSection(SolutionConfigurationPlatforms) = preSolution
		Ad-Hoc|Any CPU = Ad-Hoc|Any CPU
		Ad-Hoc|ARM = Ad-Hoc|ARM
		Ad-Hoc|iPhone = Ad-Hoc|iPhone
		Ad-Hoc|iPhoneSimulator = Ad-Hoc|iPhoneSimulator
		Ad-Hoc|x64 = Ad-Hoc|x64
		Ad-Hoc|x86 = Ad-Hoc|x86
		AppStore|Any CPU = AppStore|Any CPU
		AppStore|ARM = AppStore|ARM
		AppStore|iPhone = AppStore|iPhone
		AppStore|iPhoneSimulator = AppStore|iPhoneSimulator
		AppStore|x64 = AppStore|x64
		AppStore|x86 = AppStore|x86
		Debug|Any CPU = Debug|Any CPU
		Debug|ARM = Debug|ARM
		Debug|iPhone = Debug|iPhone
		Debug|iPhoneSimulator = Debug|iPhoneSimulator
		Debug|x64 = Debug|x64
		Debug|x86 = Debug|x86
		Release|Any CPU = Release|Any CPU
		Release|ARM = Release|ARM
		Release|iPhone = Release|iPhone
		Release|iPhoneSimulator = Release|iPhoneSimulator
		Release|x64 = Release|x64
		Release|x86 = Release|x86
	EndGlobalSection
	GlobalSection(ProjectConfigurationPlatforms) = postSolution
		{59C87CCD-EB80-476E-B240-FFF0EBAFDE83}.Ad-Hoc|Any CPU.ActiveCfg = Release|Any CPU
		{59C87CCD-EB80-476E-B240-FFF0EBAFDE83}.Ad-Hoc|Any CPU.Build.0 = Release|Any CPU
		{59C87CCD-EB80-476E-B240-FFF0EBAFDE83}.Ad-Hoc|Any CPU.Deploy.0 = Release|Any CPU
		{59C87CCD-EB80-476E-B240-FFF0EBAFDE83}.Ad-Hoc|ARM.ActiveCfg = Release|Any CPU
		{59C87CCD-EB80-476E-B240-FFF0EBAFDE83}.Ad-Hoc|ARM.Build.0 = Release|Any CPU
		{59C87CCD-EB80-476E-B240-FFF0EBAFDE83}.Ad-Hoc|ARM.Deploy.0 = Release|Any CPU
		{59C87CCD-EB80-476E-B240-FFF0EBAFDE83}.Ad-Hoc|iPhone.ActiveCfg = Release|Any CPU
		{59C87CCD-EB80-476E-B240-FFF0EBAFDE83}.Ad-Hoc|iPhone.Build.0 = Release|Any CPU
		{59C87CCD-EB80-476E-B240-FFF0EBAFDE83}.Ad-Hoc|iPhone.Deploy.0 = Release|Any CPU
		{59C87CCD-EB80-476E-B240-FFF0EBAFDE83}.Ad-Hoc|iPhoneSimulator.ActiveCfg = Release|Any CPU
		{59C87CCD-EB80-476E-B240-FFF0EBAFDE83}.Ad-Hoc|iPhoneSimulator.Build.0 = Release|Any CPU
		{59C87CCD-EB80-476E-B240-FFF0EBAFDE83}.Ad-Hoc|iPhoneSimulator.Deploy.0 = Release|Any CPU
		{59C87CCD-EB80-476E-B240-FFF0EBAFDE83}.Ad-Hoc|x64.ActiveCfg = Release|Any CPU
		{59C87CCD-EB80-476E-B240-FFF0EBAFDE83}.Ad-Hoc|x64.Build.0 = Release|Any CPU
		{59C87CCD-EB80-476E-B240-FFF0EBAFDE83}.Ad-Hoc|x64.Deploy.0 = Release|Any CPU
		{59C87CCD-EB80-476E-B240-FFF0EBAFDE83}.Ad-Hoc|x86.ActiveCfg = Release|Any CPU
		{59C87CCD-EB80-476E-B240-FFF0EBAFDE83}.Ad-Hoc|x86.Build.0 = Release|Any CPU
		{59C87CCD-EB80-476E-B240-FFF0EBAFDE83}.Ad-Hoc|x86.Deploy.0 = Release|Any CPU
		{59C87CCD-EB80-476E-B240-FFF0EBAFDE83}.AppStore|Any CPU.ActiveCfg = Release|Any CPU
		{59C87CCD-EB80-476E-B240-FFF0EBAFDE83}.AppStore|Any CPU.Build.0 = Release|Any CPU
		{59C87CCD-EB80-476E-B240-FFF0EBAFDE83}.AppStore|Any CPU.Deploy.0 = Release|Any CPU
		{59C87CCD-EB80-476E-B240-FFF0EBAFDE83}.AppStore|ARM.ActiveCfg = Release|Any CPU
		{59C87CCD-EB80-476E-B240-FFF0EBAFDE83}.AppStore|ARM.Build.0 = Release|Any CPU
		{59C87CCD-EB80-476E-B240-FFF0EBAFDE83}.AppStore|ARM.Deploy.0 = Release|Any CPU
		{59C87CCD-EB80-476E-B240-FFF0EBAFDE83}.AppStore|iPhone.ActiveCfg = Release|Any CPU
		{59C87CCD-EB80-476E-B240-FFF0EBAFDE83}.AppStore|iPhone.Build.0 = Release|Any CPU
		{59C87CCD-EB80-476E-B240-FFF0EBAFDE83}.AppStore|iPhone.Deploy.0 = Release|Any CPU
		{59C87CCD-EB80-476E-B240-FFF0EBAFDE83}.AppStore|iPhoneSimulator.ActiveCfg = Release|Any CPU
		{59C87CCD-EB80-476E-B240-FFF0EBAFDE83}.AppStore|iPhoneSimulator.Build.0 = Release|Any CPU
		{59C87CCD-EB80-476E-B240-FFF0EBAFDE83}.AppStore|iPhoneSimulator.Deploy.0 = Release|Any CPU
		{59C87CCD-EB80-476E-B240-FFF0EBAFDE83}.AppStore|x64.ActiveCfg = Release|Any CPU
		{59C87CCD-EB80-476E-B240-FFF0EBAFDE83}.AppStore|x64.Build.0 = Release|Any CPU
		{59C87CCD-EB80-476E-B240-FFF0EBAFDE83}.AppStore|x64.Deploy.0 = Release|Any CPU
		{59C87CCD-EB80-476E-B240-FFF0EBAFDE83}.AppStore|x86.ActiveCfg = Release|Any CPU
		{59C87CCD-EB80-476E-B240-FFF0EBAFDE83}.AppStore|x86.Build.0 = Release|Any CPU
		{59C87CCD-EB80-476E-B240-FFF0EBAFDE83}.AppStore|x86.Deploy.0 = Release|Any CPU
		{59C87CCD-EB80-476E-B240-FFF0EBAFDE83}.Debug|Any CPU.ActiveCfg = Debug|Any CPU
		{59C87CCD-EB80-476E-B240-FFF0EBAFDE83}.Debug|Any CPU.Build.0 = Debug|Any CPU
		{59C87CCD-EB80-476E-B240-FFF0EBAFDE83}.Debug|Any CPU.Deploy.0 = Debug|Any CPU
		{59C87CCD-EB80-476E-B240-FFF0EBAFDE83}.Debug|ARM.ActiveCfg = Debug|Any CPU
		{59C87CCD-EB80-476E-B240-FFF0EBAFDE83}.Debug|ARM.Build.0 = Debug|Any CPU
		{59C87CCD-EB80-476E-B240-FFF0EBAFDE83}.Debug|ARM.Deploy.0 = Debug|Any CPU
		{59C87CCD-EB80-476E-B240-FFF0EBAFDE83}.Debug|iPhone.ActiveCfg = Debug|Any CPU
		{59C87CCD-EB80-476E-B240-FFF0EBAFDE83}.Debug|iPhone.Build.0 = Debug|Any CPU
		{59C87CCD-EB80-476E-B240-FFF0EBAFDE83}.Debug|iPhone.Deploy.0 = Debug|Any CPU
		{59C87CCD-EB80-476E-B240-FFF0EBAFDE83}.Debug|iPhoneSimulator.ActiveCfg = Debug|Any CPU
		{59C87CCD-EB80-476E-B240-FFF0EBAFDE83}.Debug|iPhoneSimulator.Build.0 = Debug|Any CPU
		{59C87CCD-EB80-476E-B240-FFF0EBAFDE83}.Debug|iPhoneSimulator.Deploy.0 = Debug|Any CPU
		{59C87CCD-EB80-476E-B240-FFF0EBAFDE83}.Debug|x64.ActiveCfg = Debug|Any CPU
		{59C87CCD-EB80-476E-B240-FFF0EBAFDE83}.Debug|x64.Build.0 = Debug|Any CPU
		{59C87CCD-EB80-476E-B240-FFF0EBAFDE83}.Debug|x64.Deploy.0 = Debug|Any CPU
		{59C87CCD-EB80-476E-B240-FFF0EBAFDE83}.Debug|x86.ActiveCfg = Debug|Any CPU
		{59C87CCD-EB80-476E-B240-FFF0EBAFDE83}.Debug|x86.Build.0 = Debug|Any CPU
		{59C87CCD-EB80-476E-B240-FFF0EBAFDE83}.Debug|x86.Deploy.0 = Debug|Any CPU
		{59C87CCD-EB80-476E-B240-FFF0EBAFDE83}.Release|Any CPU.ActiveCfg = Release|Any CPU
		{59C87CCD-EB80-476E-B240-FFF0EBAFDE83}.Release|Any CPU.Build.0 = Release|Any CPU
		{59C87CCD-EB80-476E-B240-FFF0EBAFDE83}.Release|Any CPU.Deploy.0 = Release|Any CPU
		{59C87CCD-EB80-476E-B240-FFF0EBAFDE83}.Release|ARM.ActiveCfg = Release|Any CPU
		{59C87CCD-EB80-476E-B240-FFF0EBAFDE83}.Release|ARM.Build.0 = Release|Any CPU
		{59C87CCD-EB80-476E-B240-FFF0EBAFDE83}.Release|ARM.Deploy.0 = Release|Any CPU
		{59C87CCD-EB80-476E-B240-FFF0EBAFDE83}.Release|iPhone.ActiveCfg = Release|Any CPU
		{59C87CCD-EB80-476E-B240-FFF0EBAFDE83}.Release|iPhone.Build.0 = Release|Any CPU
		{59C87CCD-EB80-476E-B240-FFF0EBAFDE83}.Release|iPhone.Deploy.0 = Release|Any CPU
		{59C87CCD-EB80-476E-B240-FFF0EBAFDE83}.Release|iPhoneSimulator.ActiveCfg = Release|Any CPU
		{59C87CCD-EB80-476E-B240-FFF0EBAFDE83}.Release|iPhoneSimulator.Build.0 = Release|Any CPU
		{59C87CCD-EB80-476E-B240-FFF0EBAFDE83}.Release|iPhoneSimulator.Deploy.0 = Release|Any CPU
		{59C87CCD-EB80-476E-B240-FFF0EBAFDE83}.Release|x64.ActiveCfg = Release|Any CPU
		{59C87CCD-EB80-476E-B240-FFF0EBAFDE83}.Release|x64.Build.0 = Release|Any CPU
		{59C87CCD-EB80-476E-B240-FFF0EBAFDE83}.Release|x64.Deploy.0 = Release|Any CPU
		{59C87CCD-EB80-476E-B240-FFF0EBAFDE83}.Release|x86.ActiveCfg = Release|Any CPU
		{59C87CCD-EB80-476E-B240-FFF0EBAFDE83}.Release|x86.Build.0 = Release|Any CPU
		{59C87CCD-EB80-476E-B240-FFF0EBAFDE83}.Release|x86.Deploy.0 = Release|Any CPU
		{BE81E06D-B448-42A7-AD6F-8C658A93AC55}.Ad-Hoc|Any CPU.ActiveCfg = Ad-Hoc|iPhone
		{BE81E06D-B448-42A7-AD6F-8C658A93AC55}.Ad-Hoc|Any CPU.Build.0 = Ad-Hoc|iPhone
		{BE81E06D-B448-42A7-AD6F-8C658A93AC55}.Ad-Hoc|Any CPU.Deploy.0 = Ad-Hoc|iPhone
		{BE81E06D-B448-42A7-AD6F-8C658A93AC55}.Ad-Hoc|ARM.ActiveCfg = Ad-Hoc|iPhone
		{BE81E06D-B448-42A7-AD6F-8C658A93AC55}.Ad-Hoc|ARM.Build.0 = Ad-Hoc|iPhone
		{BE81E06D-B448-42A7-AD6F-8C658A93AC55}.Ad-Hoc|ARM.Deploy.0 = Ad-Hoc|iPhone
		{BE81E06D-B448-42A7-AD6F-8C658A93AC55}.Ad-Hoc|iPhone.ActiveCfg = Ad-Hoc|iPhone
		{BE81E06D-B448-42A7-AD6F-8C658A93AC55}.Ad-Hoc|iPhone.Build.0 = Ad-Hoc|iPhone
		{BE81E06D-B448-42A7-AD6F-8C658A93AC55}.Ad-Hoc|iPhone.Deploy.0 = Ad-Hoc|iPhone
		{BE81E06D-B448-42A7-AD6F-8C658A93AC55}.Ad-Hoc|iPhoneSimulator.ActiveCfg = Ad-Hoc|iPhoneSimulator
		{BE81E06D-B448-42A7-AD6F-8C658A93AC55}.Ad-Hoc|iPhoneSimulator.Build.0 = Ad-Hoc|iPhoneSimulator
		{BE81E06D-B448-42A7-AD6F-8C658A93AC55}.Ad-Hoc|iPhoneSimulator.Deploy.0 = Ad-Hoc|iPhoneSimulator
		{BE81E06D-B448-42A7-AD6F-8C658A93AC55}.Ad-Hoc|x64.ActiveCfg = Ad-Hoc|iPhone
		{BE81E06D-B448-42A7-AD6F-8C658A93AC55}.Ad-Hoc|x64.Build.0 = Ad-Hoc|iPhone
		{BE81E06D-B448-42A7-AD6F-8C658A93AC55}.Ad-Hoc|x64.Deploy.0 = Ad-Hoc|iPhone
		{BE81E06D-B448-42A7-AD6F-8C658A93AC55}.Ad-Hoc|x86.ActiveCfg = Ad-Hoc|iPhone
		{BE81E06D-B448-42A7-AD6F-8C658A93AC55}.Ad-Hoc|x86.Build.0 = Ad-Hoc|iPhone
		{BE81E06D-B448-42A7-AD6F-8C658A93AC55}.Ad-Hoc|x86.Deploy.0 = Ad-Hoc|iPhone
		{BE81E06D-B448-42A7-AD6F-8C658A93AC55}.AppStore|Any CPU.ActiveCfg = AppStore|iPhone
		{BE81E06D-B448-42A7-AD6F-8C658A93AC55}.AppStore|Any CPU.Build.0 = AppStore|iPhone
		{BE81E06D-B448-42A7-AD6F-8C658A93AC55}.AppStore|Any CPU.Deploy.0 = AppStore|iPhone
		{BE81E06D-B448-42A7-AD6F-8C658A93AC55}.AppStore|ARM.ActiveCfg = AppStore|iPhone
		{BE81E06D-B448-42A7-AD6F-8C658A93AC55}.AppStore|ARM.Build.0 = AppStore|iPhone
		{BE81E06D-B448-42A7-AD6F-8C658A93AC55}.AppStore|ARM.Deploy.0 = AppStore|iPhone
		{BE81E06D-B448-42A7-AD6F-8C658A93AC55}.AppStore|iPhone.ActiveCfg = AppStore|iPhone
		{BE81E06D-B448-42A7-AD6F-8C658A93AC55}.AppStore|iPhone.Build.0 = AppStore|iPhone
		{BE81E06D-B448-42A7-AD6F-8C658A93AC55}.AppStore|iPhone.Deploy.0 = AppStore|iPhone
		{BE81E06D-B448-42A7-AD6F-8C658A93AC55}.AppStore|iPhoneSimulator.ActiveCfg = AppStore|iPhoneSimulator
		{BE81E06D-B448-42A7-AD6F-8C658A93AC55}.AppStore|iPhoneSimulator.Build.0 = AppStore|iPhoneSimulator
		{BE81E06D-B448-42A7-AD6F-8C658A93AC55}.AppStore|iPhoneSimulator.Deploy.0 = AppStore|iPhoneSimulator
		{BE81E06D-B448-42A7-AD6F-8C658A93AC55}.AppStore|x64.ActiveCfg = AppStore|iPhone
		{BE81E06D-B448-42A7-AD6F-8C658A93AC55}.AppStore|x64.Build.0 = AppStore|iPhone
		{BE81E06D-B448-42A7-AD6F-8C658A93AC55}.AppStore|x64.Deploy.0 = AppStore|iPhone
		{BE81E06D-B448-42A7-AD6F-8C658A93AC55}.AppStore|x86.ActiveCfg = AppStore|iPhone
		{BE81E06D-B448-42A7-AD6F-8C658A93AC55}.AppStore|x86.Build.0 = AppStore|iPhone
		{BE81E06D-B448-42A7-AD6F-8C658A93AC55}.AppStore|x86.Deploy.0 = AppStore|iPhone
		{BE81E06D-B448-42A7-AD6F-8C658A93AC55}.Debug|Any CPU.ActiveCfg = Debug|iPhoneSimulator
		{BE81E06D-B448-42A7-AD6F-8C658A93AC55}.Debug|Any CPU.Build.0 = Debug|iPhoneSimulator
		{BE81E06D-B448-42A7-AD6F-8C658A93AC55}.Debug|Any CPU.Deploy.0 = Debug|iPhoneSimulator
		{BE81E06D-B448-42A7-AD6F-8C658A93AC55}.Debug|ARM.ActiveCfg = Debug|iPhone
		{BE81E06D-B448-42A7-AD6F-8C658A93AC55}.Debug|ARM.Build.0 = Debug|iPhone
		{BE81E06D-B448-42A7-AD6F-8C658A93AC55}.Debug|ARM.Deploy.0 = Debug|iPhone
		{BE81E06D-B448-42A7-AD6F-8C658A93AC55}.Debug|iPhone.ActiveCfg = Debug|iPhone
		{BE81E06D-B448-42A7-AD6F-8C658A93AC55}.Debug|iPhone.Build.0 = Debug|iPhone
		{BE81E06D-B448-42A7-AD6F-8C658A93AC55}.Debug|iPhone.Deploy.0 = Debug|iPhone
		{BE81E06D-B448-42A7-AD6F-8C658A93AC55}.Debug|iPhoneSimulator.ActiveCfg = Debug|iPhoneSimulator
		{BE81E06D-B448-42A7-AD6F-8C658A93AC55}.Debug|iPhoneSimulator.Build.0 = Debug|iPhoneSimulator
		{BE81E06D-B448-42A7-AD6F-8C658A93AC55}.Debug|iPhoneSimulator.Deploy.0 = Debug|iPhoneSimulator
		{BE81E06D-B448-42A7-AD6F-8C658A93AC55}.Debug|x64.ActiveCfg = Debug|iPhone
		{BE81E06D-B448-42A7-AD6F-8C658A93AC55}.Debug|x64.Build.0 = Debug|iPhone
		{BE81E06D-B448-42A7-AD6F-8C658A93AC55}.Debug|x64.Deploy.0 = Debug|iPhone
		{BE81E06D-B448-42A7-AD6F-8C658A93AC55}.Debug|x86.ActiveCfg = Debug|iPhone
		{BE81E06D-B448-42A7-AD6F-8C658A93AC55}.Debug|x86.Build.0 = Debug|iPhone
		{BE81E06D-B448-42A7-AD6F-8C658A93AC55}.Debug|x86.Deploy.0 = Debug|iPhone
		{BE81E06D-B448-42A7-AD6F-8C658A93AC55}.Release|Any CPU.ActiveCfg = Release|iPhone
		{BE81E06D-B448-42A7-AD6F-8C658A93AC55}.Release|Any CPU.Build.0 = Release|iPhone
		{BE81E06D-B448-42A7-AD6F-8C658A93AC55}.Release|Any CPU.Deploy.0 = Release|iPhone
		{BE81E06D-B448-42A7-AD6F-8C658A93AC55}.Release|ARM.ActiveCfg = Release|iPhone
		{BE81E06D-B448-42A7-AD6F-8C658A93AC55}.Release|ARM.Build.0 = Release|iPhone
		{BE81E06D-B448-42A7-AD6F-8C658A93AC55}.Release|ARM.Deploy.0 = Release|iPhone
		{BE81E06D-B448-42A7-AD6F-8C658A93AC55}.Release|iPhone.ActiveCfg = Release|iPhone
		{BE81E06D-B448-42A7-AD6F-8C658A93AC55}.Release|iPhone.Build.0 = Release|iPhone
		{BE81E06D-B448-42A7-AD6F-8C658A93AC55}.Release|iPhone.Deploy.0 = Release|iPhone
		{BE81E06D-B448-42A7-AD6F-8C658A93AC55}.Release|iPhoneSimulator.ActiveCfg = Release|iPhoneSimulator
		{BE81E06D-B448-42A7-AD6F-8C658A93AC55}.Release|iPhoneSimulator.Build.0 = Release|iPhoneSimulator
		{BE81E06D-B448-42A7-AD6F-8C658A93AC55}.Release|iPhoneSimulator.Deploy.0 = Release|iPhoneSimulator
		{BE81E06D-B448-42A7-AD6F-8C658A93AC55}.Release|x64.ActiveCfg = Release|iPhone
		{BE81E06D-B448-42A7-AD6F-8C658A93AC55}.Release|x64.Build.0 = Release|iPhone
		{BE81E06D-B448-42A7-AD6F-8C658A93AC55}.Release|x64.Deploy.0 = Release|iPhone
		{BE81E06D-B448-42A7-AD6F-8C658A93AC55}.Release|x86.ActiveCfg = Release|iPhone
		{BE81E06D-B448-42A7-AD6F-8C658A93AC55}.Release|x86.Build.0 = Release|iPhone
		{BE81E06D-B448-42A7-AD6F-8C658A93AC55}.Release|x86.Deploy.0 = Release|iPhone
		{4B315688-E6F5-4954-825E-8BB82FC22D4B}.Ad-Hoc|Any CPU.ActiveCfg = Release|x86
		{4B315688-E6F5-4954-825E-8BB82FC22D4B}.Ad-Hoc|Any CPU.Build.0 = Release|x86
		{4B315688-E6F5-4954-825E-8BB82FC22D4B}.Ad-Hoc|Any CPU.Deploy.0 = Release|x86
		{4B315688-E6F5-4954-825E-8BB82FC22D4B}.Ad-Hoc|ARM.ActiveCfg = Release|ARM
		{4B315688-E6F5-4954-825E-8BB82FC22D4B}.Ad-Hoc|ARM.Build.0 = Release|ARM
		{4B315688-E6F5-4954-825E-8BB82FC22D4B}.Ad-Hoc|ARM.Deploy.0 = Release|ARM
		{4B315688-E6F5-4954-825E-8BB82FC22D4B}.Ad-Hoc|iPhone.ActiveCfg = Release|x86
		{4B315688-E6F5-4954-825E-8BB82FC22D4B}.Ad-Hoc|iPhone.Build.0 = Release|x86
		{4B315688-E6F5-4954-825E-8BB82FC22D4B}.Ad-Hoc|iPhone.Deploy.0 = Release|x86
		{4B315688-E6F5-4954-825E-8BB82FC22D4B}.Ad-Hoc|iPhoneSimulator.ActiveCfg = Release|x86
		{4B315688-E6F5-4954-825E-8BB82FC22D4B}.Ad-Hoc|iPhoneSimulator.Build.0 = Release|x86
		{4B315688-E6F5-4954-825E-8BB82FC22D4B}.Ad-Hoc|iPhoneSimulator.Deploy.0 = Release|x86
		{4B315688-E6F5-4954-825E-8BB82FC22D4B}.Ad-Hoc|x64.ActiveCfg = Release|x64
		{4B315688-E6F5-4954-825E-8BB82FC22D4B}.Ad-Hoc|x64.Build.0 = Release|x64
		{4B315688-E6F5-4954-825E-8BB82FC22D4B}.Ad-Hoc|x64.Deploy.0 = Release|x64
		{4B315688-E6F5-4954-825E-8BB82FC22D4B}.Ad-Hoc|x86.ActiveCfg = Release|x86
		{4B315688-E6F5-4954-825E-8BB82FC22D4B}.Ad-Hoc|x86.Build.0 = Release|x86
		{4B315688-E6F5-4954-825E-8BB82FC22D4B}.Ad-Hoc|x86.Deploy.0 = Release|x86
		{4B315688-E6F5-4954-825E-8BB82FC22D4B}.AppStore|Any CPU.ActiveCfg = Release|x86
		{4B315688-E6F5-4954-825E-8BB82FC22D4B}.AppStore|Any CPU.Build.0 = Release|x86
		{4B315688-E6F5-4954-825E-8BB82FC22D4B}.AppStore|Any CPU.Deploy.0 = Release|x86
		{4B315688-E6F5-4954-825E-8BB82FC22D4B}.AppStore|ARM.ActiveCfg = Release|ARM
		{4B315688-E6F5-4954-825E-8BB82FC22D4B}.AppStore|ARM.Build.0 = Release|ARM
		{4B315688-E6F5-4954-825E-8BB82FC22D4B}.AppStore|ARM.Deploy.0 = Release|ARM
		{4B315688-E6F5-4954-825E-8BB82FC22D4B}.AppStore|iPhone.ActiveCfg = Release|x86
		{4B315688-E6F5-4954-825E-8BB82FC22D4B}.AppStore|iPhone.Build.0 = Release|x86
		{4B315688-E6F5-4954-825E-8BB82FC22D4B}.AppStore|iPhone.Deploy.0 = Release|x86
		{4B315688-E6F5-4954-825E-8BB82FC22D4B}.AppStore|iPhoneSimulator.ActiveCfg = Release|x86
		{4B315688-E6F5-4954-825E-8BB82FC22D4B}.AppStore|iPhoneSimulator.Build.0 = Release|x86
		{4B315688-E6F5-4954-825E-8BB82FC22D4B}.AppStore|iPhoneSimulator.Deploy.0 = Release|x86
		{4B315688-E6F5-4954-825E-8BB82FC22D4B}.AppStore|x64.ActiveCfg = Release|x64
		{4B315688-E6F5-4954-825E-8BB82FC22D4B}.AppStore|x64.Build.0 = Release|x64
		{4B315688-E6F5-4954-825E-8BB82FC22D4B}.AppStore|x64.Deploy.0 = Release|x64
		{4B315688-E6F5-4954-825E-8BB82FC22D4B}.AppStore|x86.ActiveCfg = Release|x86
		{4B315688-E6F5-4954-825E-8BB82FC22D4B}.AppStore|x86.Build.0 = Release|x86
		{4B315688-E6F5-4954-825E-8BB82FC22D4B}.AppStore|x86.Deploy.0 = Release|x86
		{4B315688-E6F5-4954-825E-8BB82FC22D4B}.Debug|Any CPU.ActiveCfg = Debug|x86
		{4B315688-E6F5-4954-825E-8BB82FC22D4B}.Debug|Any CPU.Build.0 = Debug|x86
		{4B315688-E6F5-4954-825E-8BB82FC22D4B}.Debug|Any CPU.Deploy.0 = Debug|x86
		{4B315688-E6F5-4954-825E-8BB82FC22D4B}.Debug|ARM.ActiveCfg = Debug|ARM
		{4B315688-E6F5-4954-825E-8BB82FC22D4B}.Debug|ARM.Build.0 = Debug|ARM
		{4B315688-E6F5-4954-825E-8BB82FC22D4B}.Debug|ARM.Deploy.0 = Debug|ARM
		{4B315688-E6F5-4954-825E-8BB82FC22D4B}.Debug|iPhone.ActiveCfg = Debug|x86
		{4B315688-E6F5-4954-825E-8BB82FC22D4B}.Debug|iPhone.Build.0 = Debug|x86
		{4B315688-E6F5-4954-825E-8BB82FC22D4B}.Debug|iPhone.Deploy.0 = Debug|x86
		{4B315688-E6F5-4954-825E-8BB82FC22D4B}.Debug|iPhoneSimulator.ActiveCfg = Debug|x86
		{4B315688-E6F5-4954-825E-8BB82FC22D4B}.Debug|iPhoneSimulator.Build.0 = Debug|x86
		{4B315688-E6F5-4954-825E-8BB82FC22D4B}.Debug|iPhoneSimulator.Deploy.0 = Debug|x86
		{4B315688-E6F5-4954-825E-8BB82FC22D4B}.Debug|x64.ActiveCfg = Debug|x64
		{4B315688-E6F5-4954-825E-8BB82FC22D4B}.Debug|x64.Build.0 = Debug|x64
		{4B315688-E6F5-4954-825E-8BB82FC22D4B}.Debug|x64.Deploy.0 = Debug|x64
		{4B315688-E6F5-4954-825E-8BB82FC22D4B}.Debug|x86.ActiveCfg = Debug|x86
		{4B315688-E6F5-4954-825E-8BB82FC22D4B}.Debug|x86.Build.0 = Debug|x86
		{4B315688-E6F5-4954-825E-8BB82FC22D4B}.Debug|x86.Deploy.0 = Debug|x86
		{4B315688-E6F5-4954-825E-8BB82FC22D4B}.Release|Any CPU.ActiveCfg = Release|x86
		{4B315688-E6F5-4954-825E-8BB82FC22D4B}.Release|Any CPU.Build.0 = Release|x86
		{4B315688-E6F5-4954-825E-8BB82FC22D4B}.Release|Any CPU.Deploy.0 = Release|x86
		{4B315688-E6F5-4954-825E-8BB82FC22D4B}.Release|ARM.ActiveCfg = Release|ARM
		{4B315688-E6F5-4954-825E-8BB82FC22D4B}.Release|ARM.Build.0 = Release|ARM
		{4B315688-E6F5-4954-825E-8BB82FC22D4B}.Release|ARM.Deploy.0 = Release|ARM
		{4B315688-E6F5-4954-825E-8BB82FC22D4B}.Release|iPhone.ActiveCfg = Release|x86
		{4B315688-E6F5-4954-825E-8BB82FC22D4B}.Release|iPhone.Build.0 = Release|x86
		{4B315688-E6F5-4954-825E-8BB82FC22D4B}.Release|iPhone.Deploy.0 = Release|x86
		{4B315688-E6F5-4954-825E-8BB82FC22D4B}.Release|iPhoneSimulator.ActiveCfg = Release|x86
		{4B315688-E6F5-4954-825E-8BB82FC22D4B}.Release|iPhoneSimulator.Build.0 = Release|x86
		{4B315688-E6F5-4954-825E-8BB82FC22D4B}.Release|iPhoneSimulator.Deploy.0 = Release|x86
		{4B315688-E6F5-4954-825E-8BB82FC22D4B}.Release|x64.ActiveCfg = Release|x64
		{4B315688-E6F5-4954-825E-8BB82FC22D4B}.Release|x64.Build.0 = Release|x64
		{4B315688-E6F5-4954-825E-8BB82FC22D4B}.Release|x64.Deploy.0 = Release|x64
		{4B315688-E6F5-4954-825E-8BB82FC22D4B}.Release|x86.ActiveCfg = Release|x86
		{4B315688-E6F5-4954-825E-8BB82FC22D4B}.Release|x86.Build.0 = Release|x86
		{4B315688-E6F5-4954-825E-8BB82FC22D4B}.Release|x86.Deploy.0 = Release|x86
		{C0EDC773-14C6-4906-9A67-CDDBAF811DCB}.Ad-Hoc|Any CPU.ActiveCfg = Debug|Any CPU
		{C0EDC773-14C6-4906-9A67-CDDBAF811DCB}.Ad-Hoc|Any CPU.Build.0 = Debug|Any CPU
		{C0EDC773-14C6-4906-9A67-CDDBAF811DCB}.Ad-Hoc|Any CPU.Deploy.0 = Debug|Any CPU
		{C0EDC773-14C6-4906-9A67-CDDBAF811DCB}.Ad-Hoc|ARM.ActiveCfg = Debug|Any CPU
		{C0EDC773-14C6-4906-9A67-CDDBAF811DCB}.Ad-Hoc|ARM.Build.0 = Debug|Any CPU
		{C0EDC773-14C6-4906-9A67-CDDBAF811DCB}.Ad-Hoc|ARM.Deploy.0 = Debug|Any CPU
		{C0EDC773-14C6-4906-9A67-CDDBAF811DCB}.Ad-Hoc|iPhone.ActiveCfg = Debug|Any CPU
		{C0EDC773-14C6-4906-9A67-CDDBAF811DCB}.Ad-Hoc|iPhone.Build.0 = Debug|Any CPU
		{C0EDC773-14C6-4906-9A67-CDDBAF811DCB}.Ad-Hoc|iPhone.Deploy.0 = Debug|Any CPU
		{C0EDC773-14C6-4906-9A67-CDDBAF811DCB}.Ad-Hoc|iPhoneSimulator.ActiveCfg = Debug|Any CPU
		{C0EDC773-14C6-4906-9A67-CDDBAF811DCB}.Ad-Hoc|iPhoneSimulator.Build.0 = Debug|Any CPU
		{C0EDC773-14C6-4906-9A67-CDDBAF811DCB}.Ad-Hoc|iPhoneSimulator.Deploy.0 = Debug|Any CPU
		{C0EDC773-14C6-4906-9A67-CDDBAF811DCB}.Ad-Hoc|x64.ActiveCfg = Debug|Any CPU
		{C0EDC773-14C6-4906-9A67-CDDBAF811DCB}.Ad-Hoc|x64.Build.0 = Debug|Any CPU
		{C0EDC773-14C6-4906-9A67-CDDBAF811DCB}.Ad-Hoc|x64.Deploy.0 = Debug|Any CPU
		{C0EDC773-14C6-4906-9A67-CDDBAF811DCB}.Ad-Hoc|x86.ActiveCfg = Debug|Any CPU
		{C0EDC773-14C6-4906-9A67-CDDBAF811DCB}.Ad-Hoc|x86.Build.0 = Debug|Any CPU
		{C0EDC773-14C6-4906-9A67-CDDBAF811DCB}.Ad-Hoc|x86.Deploy.0 = Debug|Any CPU
		{C0EDC773-14C6-4906-9A67-CDDBAF811DCB}.AppStore|Any CPU.ActiveCfg = Debug|Any CPU
		{C0EDC773-14C6-4906-9A67-CDDBAF811DCB}.AppStore|Any CPU.Build.0 = Debug|Any CPU
		{C0EDC773-14C6-4906-9A67-CDDBAF811DCB}.AppStore|Any CPU.Deploy.0 = Debug|Any CPU
		{C0EDC773-14C6-4906-9A67-CDDBAF811DCB}.AppStore|ARM.ActiveCfg = Debug|Any CPU
		{C0EDC773-14C6-4906-9A67-CDDBAF811DCB}.AppStore|ARM.Build.0 = Debug|Any CPU
		{C0EDC773-14C6-4906-9A67-CDDBAF811DCB}.AppStore|ARM.Deploy.0 = Debug|Any CPU
		{C0EDC773-14C6-4906-9A67-CDDBAF811DCB}.AppStore|iPhone.ActiveCfg = Debug|Any CPU
		{C0EDC773-14C6-4906-9A67-CDDBAF811DCB}.AppStore|iPhone.Build.0 = Debug|Any CPU
		{C0EDC773-14C6-4906-9A67-CDDBAF811DCB}.AppStore|iPhone.Deploy.0 = Debug|Any CPU
		{C0EDC773-14C6-4906-9A67-CDDBAF811DCB}.AppStore|iPhoneSimulator.ActiveCfg = Debug|Any CPU
		{C0EDC773-14C6-4906-9A67-CDDBAF811DCB}.AppStore|iPhoneSimulator.Build.0 = Debug|Any CPU
		{C0EDC773-14C6-4906-9A67-CDDBAF811DCB}.AppStore|iPhoneSimulator.Deploy.0 = Debug|Any CPU
		{C0EDC773-14C6-4906-9A67-CDDBAF811DCB}.AppStore|x64.ActiveCfg = Debug|Any CPU
		{C0EDC773-14C6-4906-9A67-CDDBAF811DCB}.AppStore|x64.Build.0 = Debug|Any CPU
		{C0EDC773-14C6-4906-9A67-CDDBAF811DCB}.AppStore|x64.Deploy.0 = Debug|Any CPU
		{C0EDC773-14C6-4906-9A67-CDDBAF811DCB}.AppStore|x86.ActiveCfg = Debug|Any CPU
		{C0EDC773-14C6-4906-9A67-CDDBAF811DCB}.AppStore|x86.Build.0 = Debug|Any CPU
		{C0EDC773-14C6-4906-9A67-CDDBAF811DCB}.AppStore|x86.Deploy.0 = Debug|Any CPU
		{C0EDC773-14C6-4906-9A67-CDDBAF811DCB}.Debug|Any CPU.ActiveCfg = Debug|Any CPU
		{C0EDC773-14C6-4906-9A67-CDDBAF811DCB}.Debug|Any CPU.Build.0 = Debug|Any CPU
		{C0EDC773-14C6-4906-9A67-CDDBAF811DCB}.Debug|Any CPU.Deploy.0 = Debug|Any CPU
		{C0EDC773-14C6-4906-9A67-CDDBAF811DCB}.Debug|ARM.ActiveCfg = Debug|Any CPU
		{C0EDC773-14C6-4906-9A67-CDDBAF811DCB}.Debug|ARM.Build.0 = Debug|Any CPU
		{C0EDC773-14C6-4906-9A67-CDDBAF811DCB}.Debug|ARM.Deploy.0 = Debug|Any CPU
		{C0EDC773-14C6-4906-9A67-CDDBAF811DCB}.Debug|iPhone.ActiveCfg = Debug|Any CPU
		{C0EDC773-14C6-4906-9A67-CDDBAF811DCB}.Debug|iPhone.Build.0 = Debug|Any CPU
		{C0EDC773-14C6-4906-9A67-CDDBAF811DCB}.Debug|iPhone.Deploy.0 = Debug|Any CPU
		{C0EDC773-14C6-4906-9A67-CDDBAF811DCB}.Debug|iPhoneSimulator.ActiveCfg = Debug|Any CPU
		{C0EDC773-14C6-4906-9A67-CDDBAF811DCB}.Debug|iPhoneSimulator.Build.0 = Debug|Any CPU
		{C0EDC773-14C6-4906-9A67-CDDBAF811DCB}.Debug|iPhoneSimulator.Deploy.0 = Debug|Any CPU
		{C0EDC773-14C6-4906-9A67-CDDBAF811DCB}.Debug|x64.ActiveCfg = Debug|Any CPU
		{C0EDC773-14C6-4906-9A67-CDDBAF811DCB}.Debug|x64.Build.0 = Debug|Any CPU
		{C0EDC773-14C6-4906-9A67-CDDBAF811DCB}.Debug|x64.Deploy.0 = Debug|Any CPU
		{C0EDC773-14C6-4906-9A67-CDDBAF811DCB}.Debug|x86.ActiveCfg = Debug|Any CPU
		{C0EDC773-14C6-4906-9A67-CDDBAF811DCB}.Debug|x86.Build.0 = Debug|Any CPU
		{C0EDC773-14C6-4906-9A67-CDDBAF811DCB}.Debug|x86.Deploy.0 = Debug|Any CPU
		{C0EDC773-14C6-4906-9A67-CDDBAF811DCB}.Release|Any CPU.ActiveCfg = Release|Any CPU
		{C0EDC773-14C6-4906-9A67-CDDBAF811DCB}.Release|Any CPU.Build.0 = Release|Any CPU
		{C0EDC773-14C6-4906-9A67-CDDBAF811DCB}.Release|Any CPU.Deploy.0 = Release|Any CPU
		{C0EDC773-14C6-4906-9A67-CDDBAF811DCB}.Release|ARM.ActiveCfg = Release|Any CPU
		{C0EDC773-14C6-4906-9A67-CDDBAF811DCB}.Release|ARM.Build.0 = Release|Any CPU
		{C0EDC773-14C6-4906-9A67-CDDBAF811DCB}.Release|ARM.Deploy.0 = Release|Any CPU
		{C0EDC773-14C6-4906-9A67-CDDBAF811DCB}.Release|iPhone.ActiveCfg = Release|Any CPU
		{C0EDC773-14C6-4906-9A67-CDDBAF811DCB}.Release|iPhone.Build.0 = Release|Any CPU
		{C0EDC773-14C6-4906-9A67-CDDBAF811DCB}.Release|iPhone.Deploy.0 = Release|Any CPU
		{C0EDC773-14C6-4906-9A67-CDDBAF811DCB}.Release|iPhoneSimulator.ActiveCfg = Release|Any CPU
		{C0EDC773-14C6-4906-9A67-CDDBAF811DCB}.Release|iPhoneSimulator.Build.0 = Release|Any CPU
		{C0EDC773-14C6-4906-9A67-CDDBAF811DCB}.Release|iPhoneSimulator.Deploy.0 = Release|Any CPU
		{C0EDC773-14C6-4906-9A67-CDDBAF811DCB}.Release|x64.ActiveCfg = Release|Any CPU
		{C0EDC773-14C6-4906-9A67-CDDBAF811DCB}.Release|x64.Build.0 = Release|Any CPU
		{C0EDC773-14C6-4906-9A67-CDDBAF811DCB}.Release|x64.Deploy.0 = Release|Any CPU
		{C0EDC773-14C6-4906-9A67-CDDBAF811DCB}.Release|x86.ActiveCfg = Release|Any CPU
		{C0EDC773-14C6-4906-9A67-CDDBAF811DCB}.Release|x86.Build.0 = Release|Any CPU
		{C0EDC773-14C6-4906-9A67-CDDBAF811DCB}.Release|x86.Deploy.0 = Release|Any CPU
	EndGlobalSection
	GlobalSection(SolutionProperties) = preSolution
		HideSolutionNode = FALSE
	EndGlobalSection
	GlobalSection(ExtensibilityGlobals) = postSolution
		SolutionGuid = {0DC7F177-710A-4561-B82C-660A78D44FB9}
	EndGlobalSection
EndGlobal
