
Microsoft Visual Studio Solution File, Format Version 12.00
# Visual Studio 15
VisualStudioVersion = 15.0.28307.329
MinimumVisualStudioVersion = 10.0.40219.1
Project("{FAE04EC0-301F-11D3-BF4B-00C04F79EFBC}") = "XsAndOs.Android", "XsAndOs\XsAndOs.Android\XsAndOs.Android.csproj", "{FBCACC8D-5D9E-418D-A116-37BCED792DBA}"
EndProject
Project("{FAE04EC0-301F-11D3-BF4B-00C04F79EFBC}") = "XsAndOs.iOS", "XsAndOs\XsAndOs.iOS\XsAndOs.iOS.csproj", "{04666AB7-1D66-4D58-BD76-A30E6EE142EB}"
EndProject
Project("{FAE04EC0-301F-11D3-BF4B-00C04F79EFBC}") = "XsAndOs.UWP", "XsAndOs\XsAndOs.UWP\XsAndOs.UWP.csproj", "{2807B3C9-EB86-4F1A-A376-04B33487032A}"
EndProject
Project("{FAE04EC0-301F-11D3-BF4B-00C04F79EFBC}") = "XsAndOs", "XsAndOs\XsAndOs\XsAndOs.csproj", "{ECD51B55-1BC0-42DA-9608-F455C67DAD7D}"
EndProject
Global
	GlobalSection(SolutionConfigurationPlatforms) = preSolution
		Ad-Hoc|Any CPU = Ad-Hoc|Any CPU
		Ad-Hoc|ARM = Ad-Hoc|ARM
		Ad-Hoc|iPhone = Ad-Hoc|iPhone
		Ad-Hoc|iPhoneSimulator = Ad-Hoc|iPhoneSimulator
		Ad-Hoc|x64 = Ad-Hoc|x64
		Ad-Hoc|x86 = Ad-Hoc|x86
		AppStore|Any CPU = AppStore|Any CPU
		AppStore|ARM = AppStore|ARM
		AppStore|iPhone = AppStore|iPhone
		AppStore|iPhoneSimulator = AppStore|iPhoneSimulator
		AppStore|x64 = AppStore|x64
		AppStore|x86 = AppStore|x86
		Debug|Any CPU = Debug|Any CPU
		Debug|ARM = Debug|ARM
		Debug|iPhone = Debug|iPhone
		Debug|iPhoneSimulator = Debug|iPhoneSimulator
		Debug|x64 = Debug|x64
		Debug|x86 = Debug|x86
		Release|Any CPU = Release|Any CPU
		Release|ARM = Release|ARM
		Release|iPhone = Release|iPhone
		Release|iPhoneSimulator = Release|iPhoneSimulator
		Release|x64 = Release|x64
		Release|x86 = Release|x86
	EndGlobalSection
	GlobalSection(ProjectConfigurationPlatforms) = postSolution
		{FBCACC8D-5D9E-418D-A116-37BCED792DBA}.Ad-Hoc|Any CPU.ActiveCfg = Release|Any CPU
		{FBCACC8D-5D9E-418D-A116-37BCED792DBA}.Ad-Hoc|Any CPU.Build.0 = Release|Any CPU
		{FBCACC8D-5D9E-418D-A116-37BCED792DBA}.Ad-Hoc|Any CPU.Deploy.0 = Release|Any CPU
		{FBCACC8D-5D9E-418D-A116-37BCED792DBA}.Ad-Hoc|ARM.ActiveCfg = Release|Any CPU
		{FBCACC8D-5D9E-418D-A116-37BCED792DBA}.Ad-Hoc|ARM.Build.0 = Release|Any CPU
		{FBCACC8D-5D9E-418D-A116-37BCED792DBA}.Ad-Hoc|ARM.Deploy.0 = Release|Any CPU
		{FBCACC8D-5D9E-418D-A116-37BCED792DBA}.Ad-Hoc|iPhone.ActiveCfg = Release|Any CPU
		{FBCACC8D-5D9E-418D-A116-37BCED792DBA}.Ad-Hoc|iPhone.Build.0 = Release|Any CPU
		{FBCACC8D-5D9E-418D-A116-37BCED792DBA}.Ad-Hoc|iPhone.Deploy.0 = Release|Any CPU
		{FBCACC8D-5D9E-418D-A116-37BCED792DBA}.Ad-Hoc|iPhoneSimulator.ActiveCfg = Release|Any CPU
		{FBCACC8D-5D9E-418D-A116-37BCED792DBA}.Ad-Hoc|iPhoneSimulator.Build.0 = Release|Any CPU
		{FBCACC8D-5D9E-418D-A116-37BCED792DBA}.Ad-Hoc|iPhoneSimulator.Deploy.0 = Release|Any CPU
		{FBCACC8D-5D9E-418D-A116-37BCED792DBA}.Ad-Hoc|x64.ActiveCfg = Release|Any CPU
		{FBCACC8D-5D9E-418D-A116-37BCED792DBA}.Ad-Hoc|x64.Build.0 = Release|Any CPU
		{FBCACC8D-5D9E-418D-A116-37BCED792DBA}.Ad-Hoc|x64.Deploy.0 = Release|Any CPU
		{FBCACC8D-5D9E-418D-A116-37BCED792DBA}.Ad-Hoc|x86.ActiveCfg = Release|Any CPU
		{FBCACC8D-5D9E-418D-A116-37BCED792DBA}.Ad-Hoc|x86.Build.0 = Release|Any CPU
		{FBCACC8D-5D9E-418D-A116-37BCED792DBA}.Ad-Hoc|x86.Deploy.0 = Release|Any CPU
		{FBCACC8D-5D9E-418D-A116-37BCED792DBA}.AppStore|Any CPU.ActiveCfg = Release|Any CPU
		{FBCACC8D-5D9E-418D-A116-37BCED792DBA}.AppStore|Any CPU.Build.0 = Release|Any CPU
		{FBCACC8D-5D9E-418D-A116-37BCED792DBA}.AppStore|Any CPU.Deploy.0 = Release|Any CPU
		{FBCACC8D-5D9E-418D-A116-37BCED792DBA}.AppStore|ARM.ActiveCfg = Release|Any CPU
		{FBCACC8D-5D9E-418D-A116-37BCED792DBA}.AppStore|ARM.Build.0 = Release|Any CPU
		{FBCACC8D-5D9E-418D-A116-37BCED792DBA}.AppStore|ARM.Deploy.0 = Release|Any CPU
		{FBCACC8D-5D9E-418D-A116-37BCED792DBA}.AppStore|iPhone.ActiveCfg = Release|Any CPU
		{FBCACC8D-5D9E-418D-A116-37BCED792DBA}.AppStore|iPhone.Build.0 = Release|Any CPU
		{FBCACC8D-5D9E-418D-A116-37BCED792DBA}.AppStore|iPhone.Deploy.0 = Release|Any CPU
		{FBCACC8D-5D9E-418D-A116-37BCED792DBA}.AppStore|iPhoneSimulator.ActiveCfg = Release|Any CPU
		{FBCACC8D-5D9E-418D-A116-37BCED792DBA}.AppStore|iPhoneSimulator.Build.0 = Release|Any CPU
		{FBCACC8D-5D9E-418D-A116-37BCED792DBA}.AppStore|iPhoneSimulator.Deploy.0 = Release|Any CPU
		{FBCACC8D-5D9E-418D-A116-37BCED792DBA}.AppStore|x64.ActiveCfg = Release|Any CPU
		{FBCACC8D-5D9E-418D-A116-37BCED792DBA}.AppStore|x64.Build.0 = Release|Any CPU
		{FBCACC8D-5D9E-418D-A116-37BCED792DBA}.AppStore|x64.Deploy.0 = Release|Any CPU
		{FBCACC8D-5D9E-418D-A116-37BCED792DBA}.AppStore|x86.ActiveCfg = Release|Any CPU
		{FBCACC8D-5D9E-418D-A116-37BCED792DBA}.AppStore|x86.Build.0 = Release|Any CPU
		{FBCACC8D-5D9E-418D-A116-37BCED792DBA}.AppStore|x86.Deploy.0 = Release|Any CPU
		{FBCACC8D-5D9E-418D-A116-37BCED792DBA}.Debug|Any CPU.ActiveCfg = Debug|Any CPU
		{FBCACC8D-5D9E-418D-A116-37BCED792DBA}.Debug|Any CPU.Build.0 = Debug|Any CPU
		{FBCACC8D-5D9E-418D-A116-37BCED792DBA}.Debug|Any CPU.Deploy.0 = Debug|Any CPU
		{FBCACC8D-5D9E-418D-A116-37BCED792DBA}.Debug|ARM.ActiveCfg = Debug|Any CPU
		{FBCACC8D-5D9E-418D-A116-37BCED792DBA}.Debug|ARM.Build.0 = Debug|Any CPU
		{FBCACC8D-5D9E-418D-A116-37BCED792DBA}.Debug|ARM.Deploy.0 = Debug|Any CPU
		{FBCACC8D-5D9E-418D-A116-37BCED792DBA}.Debug|iPhone.ActiveCfg = Debug|Any CPU
		{FBCACC8D-5D9E-418D-A116-37BCED792DBA}.Debug|iPhone.Build.0 = Debug|Any CPU
		{FBCACC8D-5D9E-418D-A116-37BCED792DBA}.Debug|iPhone.Deploy.0 = Debug|Any CPU
		{FBCACC8D-5D9E-418D-A116-37BCED792DBA}.Debug|iPhoneSimulator.ActiveCfg = Debug|Any CPU
		{FBCACC8D-5D9E-418D-A116-37BCED792DBA}.Debug|iPhoneSimulator.Build.0 = Debug|Any CPU
		{FBCACC8D-5D9E-418D-A116-37BCED792DBA}.Debug|iPhoneSimulator.Deploy.0 = Debug|Any CPU
		{FBCACC8D-5D9E-418D-A116-37BCED792DBA}.Debug|x64.ActiveCfg = Debug|Any CPU
		{FBCACC8D-5D9E-418D-A116-37BCED792DBA}.Debug|x64.Build.0 = Debug|Any CPU
		{FBCACC8D-5D9E-418D-A116-37BCED792DBA}.Debug|x64.Deploy.0 = Debug|Any CPU
		{FBCACC8D-5D9E-418D-A116-37BCED792DBA}.Debug|x86.ActiveCfg = Debug|Any CPU
		{FBCACC8D-5D9E-418D-A116-37BCED792DBA}.Debug|x86.Build.0 = Debug|Any CPU
		{FBCACC8D-5D9E-418D-A116-37BCED792DBA}.Debug|x86.Deploy.0 = Debug|Any CPU
		{FBCACC8D-5D9E-418D-A116-37BCED792DBA}.Release|Any CPU.ActiveCfg = Release|Any CPU
		{FBCACC8D-5D9E-418D-A116-37BCED792DBA}.Release|Any CPU.Build.0 = Release|Any CPU
		{FBCACC8D-5D9E-418D-A116-37BCED792DBA}.Release|Any CPU.Deploy.0 = Release|Any CPU
		{FBCACC8D-5D9E-418D-A116-37BCED792DBA}.Release|ARM.ActiveCfg = Release|Any CPU
		{FBCACC8D-5D9E-418D-A116-37BCED792DBA}.Release|ARM.Build.0 = Release|Any CPU
		{FBCACC8D-5D9E-418D-A116-37BCED792DBA}.Release|ARM.Deploy.0 = Release|Any CPU
		{FBCACC8D-5D9E-418D-A116-37BCED792DBA}.Release|iPhone.ActiveCfg = Release|Any CPU
		{FBCACC8D-5D9E-418D-A116-37BCED792DBA}.Release|iPhone.Build.0 = Release|Any CPU
		{FBCACC8D-5D9E-418D-A116-37BCED792DBA}.Release|iPhone.Deploy.0 = Release|Any CPU
		{FBCACC8D-5D9E-418D-A116-37BCED792DBA}.Release|iPhoneSimulator.ActiveCfg = Release|Any CPU
		{FBCACC8D-5D9E-418D-A116-37BCED792DBA}.Release|iPhoneSimulator.Build.0 = Release|Any CPU
		{FBCACC8D-5D9E-418D-A116-37BCED792DBA}.Release|iPhoneSimulator.Deploy.0 = Release|Any CPU
		{FBCACC8D-5D9E-418D-A116-37BCED792DBA}.Release|x64.ActiveCfg = Release|Any CPU
		{FBCACC8D-5D9E-418D-A116-37BCED792DBA}.Release|x64.Build.0 = Release|Any CPU
		{FBCACC8D-5D9E-418D-A116-37BCED792DBA}.Release|x64.Deploy.0 = Release|Any CPU
		{FBCACC8D-5D9E-418D-A116-37BCED792DBA}.Release|x86.ActiveCfg = Release|Any CPU
		{FBCACC8D-5D9E-418D-A116-37BCED792DBA}.Release|x86.Build.0 = Release|Any CPU
		{FBCACC8D-5D9E-418D-A116-37BCED792DBA}.Release|x86.Deploy.0 = Release|Any CPU
		{04666AB7-1D66-4D58-BD76-A30E6EE142EB}.Ad-Hoc|Any CPU.ActiveCfg = Ad-Hoc|iPhone
		{04666AB7-1D66-4D58-BD76-A30E6EE142EB}.Ad-Hoc|Any CPU.Build.0 = Ad-Hoc|iPhone
		{04666AB7-1D66-4D58-BD76-A30E6EE142EB}.Ad-Hoc|Any CPU.Deploy.0 = Ad-Hoc|iPhone
		{04666AB7-1D66-4D58-BD76-A30E6EE142EB}.Ad-Hoc|ARM.ActiveCfg = Ad-Hoc|iPhone
		{04666AB7-1D66-4D58-BD76-A30E6EE142EB}.Ad-Hoc|ARM.Build.0 = Ad-Hoc|iPhone
		{04666AB7-1D66-4D58-BD76-A30E6EE142EB}.Ad-Hoc|ARM.Deploy.0 = Ad-Hoc|iPhone
		{04666AB7-1D66-4D58-BD76-A30E6EE142EB}.Ad-Hoc|iPhone.ActiveCfg = Ad-Hoc|iPhone
		{04666AB7-1D66-4D58-BD76-A30E6EE142EB}.Ad-Hoc|iPhone.Build.0 = Ad-Hoc|iPhone
		{04666AB7-1D66-4D58-BD76-A30E6EE142EB}.Ad-Hoc|iPhone.Deploy.0 = Ad-Hoc|iPhone
		{04666AB7-1D66-4D58-BD76-A30E6EE142EB}.Ad-Hoc|iPhoneSimulator.ActiveCfg = Ad-Hoc|iPhoneSimulator
		{04666AB7-1D66-4D58-BD76-A30E6EE142EB}.Ad-Hoc|iPhoneSimulator.Build.0 = Ad-Hoc|iPhoneSimulator
		{04666AB7-1D66-4D58-BD76-A30E6EE142EB}.Ad-Hoc|iPhoneSimulator.Deploy.0 = Ad-Hoc|iPhoneSimulator
		{04666AB7-1D66-4D58-BD76-A30E6EE142EB}.Ad-Hoc|x64.ActiveCfg = Ad-Hoc|iPhone
		{04666AB7-1D66-4D58-BD76-A30E6EE142EB}.Ad-Hoc|x64.Build.0 = Ad-Hoc|iPhone
		{04666AB7-1D66-4D58-BD76-A30E6EE142EB}.Ad-Hoc|x64.Deploy.0 = Ad-Hoc|iPhone
		{04666AB7-1D66-4D58-BD76-A30E6EE142EB}.Ad-Hoc|x86.ActiveCfg = Ad-Hoc|iPhone
		{04666AB7-1D66-4D58-BD76-A30E6EE142EB}.Ad-Hoc|x86.Build.0 = Ad-Hoc|iPhone
		{04666AB7-1D66-4D58-BD76-A30E6EE142EB}.Ad-Hoc|x86.Deploy.0 = Ad-Hoc|iPhone
		{04666AB7-1D66-4D58-BD76-A30E6EE142EB}.AppStore|Any CPU.ActiveCfg = AppStore|iPhone
		{04666AB7-1D66-4D58-BD76-A30E6EE142EB}.AppStore|Any CPU.Build.0 = AppStore|iPhone
		{04666AB7-1D66-4D58-BD76-A30E6EE142EB}.AppStore|Any CPU.Deploy.0 = AppStore|iPhone
		{04666AB7-1D66-4D58-BD76-A30E6EE142EB}.AppStore|ARM.ActiveCfg = AppStore|iPhone
		{04666AB7-1D66-4D58-BD76-A30E6EE142EB}.AppStore|ARM.Build.0 = AppStore|iPhone
		{04666AB7-1D66-4D58-BD76-A30E6EE142EB}.AppStore|ARM.Deploy.0 = AppStore|iPhone
		{04666AB7-1D66-4D58-BD76-A30E6EE142EB}.AppStore|iPhone.ActiveCfg = AppStore|iPhone
		{04666AB7-1D66-4D58-BD76-A30E6EE142EB}.AppStore|iPhone.Build.0 = AppStore|iPhone
		{04666AB7-1D66-4D58-BD76-A30E6EE142EB}.AppStore|iPhone.Deploy.0 = AppStore|iPhone
		{04666AB7-1D66-4D58-BD76-A30E6EE142EB}.AppStore|iPhoneSimulator.ActiveCfg = AppStore|iPhoneSimulator
		{04666AB7-1D66-4D58-BD76-A30E6EE142EB}.AppStore|iPhoneSimulator.Build.0 = AppStore|iPhoneSimulator
		{04666AB7-1D66-4D58-BD76-A30E6EE142EB}.AppStore|iPhoneSimulator.Deploy.0 = AppStore|iPhoneSimulator
		{04666AB7-1D66-4D58-BD76-A30E6EE142EB}.AppStore|x64.ActiveCfg = AppStore|iPhone
		{04666AB7-1D66-4D58-BD76-A30E6EE142EB}.AppStore|x64.Build.0 = AppStore|iPhone
		{04666AB7-1D66-4D58-BD76-A30E6EE142EB}.AppStore|x64.Deploy.0 = AppStore|iPhone
		{04666AB7-1D66-4D58-BD76-A30E6EE142EB}.AppStore|x86.ActiveCfg = AppStore|iPhone
		{04666AB7-1D66-4D58-BD76-A30E6EE142EB}.AppStore|x86.Build.0 = AppStore|iPhone
		{04666AB7-1D66-4D58-BD76-A30E6EE142EB}.AppStore|x86.Deploy.0 = AppStore|iPhone
		{04666AB7-1D66-4D58-BD76-A30E6EE142EB}.Debug|Any CPU.ActiveCfg = Debug|iPhoneSimulator
		{04666AB7-1D66-4D58-BD76-A30E6EE142EB}.Debug|Any CPU.Build.0 = Debug|iPhoneSimulator
		{04666AB7-1D66-4D58-BD76-A30E6EE142EB}.Debug|Any CPU.Deploy.0 = Debug|iPhoneSimulator
		{04666AB7-1D66-4D58-BD76-A30E6EE142EB}.Debug|ARM.ActiveCfg = Debug|iPhone
		{04666AB7-1D66-4D58-BD76-A30E6EE142EB}.Debug|ARM.Build.0 = Debug|iPhone
		{04666AB7-1D66-4D58-BD76-A30E6EE142EB}.Debug|ARM.Deploy.0 = Debug|iPhone
		{04666AB7-1D66-4D58-BD76-A30E6EE142EB}.Debug|iPhone.ActiveCfg = Debug|iPhone
		{04666AB7-1D66-4D58-BD76-A30E6EE142EB}.Debug|iPhone.Build.0 = Debug|iPhone
		{04666AB7-1D66-4D58-BD76-A30E6EE142EB}.Debug|iPhone.Deploy.0 = Debug|iPhone
		{04666AB7-1D66-4D58-BD76-A30E6EE142EB}.Debug|iPhoneSimulator.ActiveCfg = Debug|iPhoneSimulator
		{04666AB7-1D66-4D58-BD76-A30E6EE142EB}.Debug|iPhoneSimulator.Build.0 = Debug|iPhoneSimulator
		{04666AB7-1D66-4D58-BD76-A30E6EE142EB}.Debug|iPhoneSimulator.Deploy.0 = Debug|iPhoneSimulator
		{04666AB7-1D66-4D58-BD76-A30E6EE142EB}.Debug|x64.ActiveCfg = Debug|iPhone
		{04666AB7-1D66-4D58-BD76-A30E6EE142EB}.Debug|x64.Build.0 = Debug|iPhone
		{04666AB7-1D66-4D58-BD76-A30E6EE142EB}.Debug|x64.Deploy.0 = Debug|iPhone
		{04666AB7-1D66-4D58-BD76-A30E6EE142EB}.Debug|x86.ActiveCfg = Debug|iPhone
		{04666AB7-1D66-4D58-BD76-A30E6EE142EB}.Debug|x86.Build.0 = Debug|iPhone
		{04666AB7-1D66-4D58-BD76-A30E6EE142EB}.Debug|x86.Deploy.0 = Debug|iPhone
		{04666AB7-1D66-4D58-BD76-A30E6EE142EB}.Release|Any CPU.ActiveCfg = Release|iPhone
		{04666AB7-1D66-4D58-BD76-A30E6EE142EB}.Release|Any CPU.Build.0 = Release|iPhone
		{04666AB7-1D66-4D58-BD76-A30E6EE142EB}.Release|Any CPU.Deploy.0 = Release|iPhone
		{04666AB7-1D66-4D58-BD76-A30E6EE142EB}.Release|ARM.ActiveCfg = Release|iPhone
		{04666AB7-1D66-4D58-BD76-A30E6EE142EB}.Release|ARM.Build.0 = Release|iPhone
		{04666AB7-1D66-4D58-BD76-A30E6EE142EB}.Release|ARM.Deploy.0 = Release|iPhone
		{04666AB7-1D66-4D58-BD76-A30E6EE142EB}.Release|iPhone.ActiveCfg = Release|iPhone
		{04666AB7-1D66-4D58-BD76-A30E6EE142EB}.Release|iPhone.Build.0 = Release|iPhone
		{04666AB7-1D66-4D58-BD76-A30E6EE142EB}.Release|iPhone.Deploy.0 = Release|iPhone
		{04666AB7-1D66-4D58-BD76-A30E6EE142EB}.Release|iPhoneSimulator.ActiveCfg = Release|iPhoneSimulator
		{04666AB7-1D66-4D58-BD76-A30E6EE142EB}.Release|iPhoneSimulator.Build.0 = Release|iPhoneSimulator
		{04666AB7-1D66-4D58-BD76-A30E6EE142EB}.Release|iPhoneSimulator.Deploy.0 = Release|iPhoneSimulator
		{04666AB7-1D66-4D58-BD76-A30E6EE142EB}.Release|x64.ActiveCfg = Release|iPhone
		{04666AB7-1D66-4D58-BD76-A30E6EE142EB}.Release|x64.Build.0 = Release|iPhone
		{04666AB7-1D66-4D58-BD76-A30E6EE142EB}.Release|x64.Deploy.0 = Release|iPhone
		{04666AB7-1D66-4D58-BD76-A30E6EE142EB}.Release|x86.ActiveCfg = Release|iPhone
		{04666AB7-1D66-4D58-BD76-A30E6EE142EB}.Release|x86.Build.0 = Release|iPhone
		{04666AB7-1D66-4D58-BD76-A30E6EE142EB}.Release|x86.Deploy.0 = Release|iPhone
		{2807B3C9-EB86-4F1A-A376-04B33487032A}.Ad-Hoc|Any CPU.ActiveCfg = Release|x86
		{2807B3C9-EB86-4F1A-A376-04B33487032A}.Ad-Hoc|Any CPU.Build.0 = Release|x86
		{2807B3C9-EB86-4F1A-A376-04B33487032A}.Ad-Hoc|Any CPU.Deploy.0 = Release|x86
		{2807B3C9-EB86-4F1A-A376-04B33487032A}.Ad-Hoc|ARM.ActiveCfg = Release|ARM
		{2807B3C9-EB86-4F1A-A376-04B33487032A}.Ad-Hoc|ARM.Build.0 = Release|ARM
		{2807B3C9-EB86-4F1A-A376-04B33487032A}.Ad-Hoc|ARM.Deploy.0 = Release|ARM
		{2807B3C9-EB86-4F1A-A376-04B33487032A}.Ad-Hoc|iPhone.ActiveCfg = Release|x86
		{2807B3C9-EB86-4F1A-A376-04B33487032A}.Ad-Hoc|iPhone.Build.0 = Release|x86
		{2807B3C9-EB86-4F1A-A376-04B33487032A}.Ad-Hoc|iPhone.Deploy.0 = Release|x86
		{2807B3C9-EB86-4F1A-A376-04B33487032A}.Ad-Hoc|iPhoneSimulator.ActiveCfg = Release|x86
		{2807B3C9-EB86-4F1A-A376-04B33487032A}.Ad-Hoc|iPhoneSimulator.Build.0 = Release|x86
		{2807B3C9-EB86-4F1A-A376-04B33487032A}.Ad-Hoc|iPhoneSimulator.Deploy.0 = Release|x86
		{2807B3C9-EB86-4F1A-A376-04B33487032A}.Ad-Hoc|x64.ActiveCfg = Release|x64
		{2807B3C9-EB86-4F1A-A376-04B33487032A}.Ad-Hoc|x64.Build.0 = Release|x64
		{2807B3C9-EB86-4F1A-A376-04B33487032A}.Ad-Hoc|x64.Deploy.0 = Release|x64
		{2807B3C9-EB86-4F1A-A376-04B33487032A}.Ad-Hoc|x86.ActiveCfg = Release|x86
		{2807B3C9-EB86-4F1A-A376-04B33487032A}.Ad-Hoc|x86.Build.0 = Release|x86
		{2807B3C9-EB86-4F1A-A376-04B33487032A}.Ad-Hoc|x86.Deploy.0 = Release|x86
		{2807B3C9-EB86-4F1A-A376-04B33487032A}.AppStore|Any CPU.ActiveCfg = Release|x86
		{2807B3C9-EB86-4F1A-A376-04B33487032A}.AppStore|Any CPU.Build.0 = Release|x86
		{2807B3C9-EB86-4F1A-A376-04B33487032A}.AppStore|Any CPU.Deploy.0 = Release|x86
		{2807B3C9-EB86-4F1A-A376-04B33487032A}.AppStore|ARM.ActiveCfg = Release|ARM
		{2807B3C9-EB86-4F1A-A376-04B33487032A}.AppStore|ARM.Build.0 = Release|ARM
		{2807B3C9-EB86-4F1A-A376-04B33487032A}.AppStore|ARM.Deploy.0 = Release|ARM
		{2807B3C9-EB86-4F1A-A376-04B33487032A}.AppStore|iPhone.ActiveCfg = Release|x86
		{2807B3C9-EB86-4F1A-A376-04B33487032A}.AppStore|iPhone.Build.0 = Release|x86
		{2807B3C9-EB86-4F1A-A376-04B33487032A}.AppStore|iPhone.Deploy.0 = Release|x86
		{2807B3C9-EB86-4F1A-A376-04B33487032A}.AppStore|iPhoneSimulator.ActiveCfg = Release|x86
		{2807B3C9-EB86-4F1A-A376-04B33487032A}.AppStore|iPhoneSimulator.Build.0 = Release|x86
		{2807B3C9-EB86-4F1A-A376-04B33487032A}.AppStore|iPhoneSimulator.Deploy.0 = Release|x86
		{2807B3C9-EB86-4F1A-A376-04B33487032A}.AppStore|x64.ActiveCfg = Release|x64
		{2807B3C9-EB86-4F1A-A376-04B33487032A}.AppStore|x64.Build.0 = Release|x64
		{2807B3C9-EB86-4F1A-A376-04B33487032A}.AppStore|x64.Deploy.0 = Release|x64
		{2807B3C9-EB86-4F1A-A376-04B33487032A}.AppStore|x86.ActiveCfg = Release|x86
		{2807B3C9-EB86-4F1A-A376-04B33487032A}.AppStore|x86.Build.0 = Release|x86
		{2807B3C9-EB86-4F1A-A376-04B33487032A}.AppStore|x86.Deploy.0 = Release|x86
		{2807B3C9-EB86-4F1A-A376-04B33487032A}.Debug|Any CPU.ActiveCfg = Debug|x86
		{2807B3C9-EB86-4F1A-A376-04B33487032A}.Debug|Any CPU.Build.0 = Debug|x86
		{2807B3C9-EB86-4F1A-A376-04B33487032A}.Debug|Any CPU.Deploy.0 = Debug|x86
		{2807B3C9-EB86-4F1A-A376-04B33487032A}.Debug|ARM.ActiveCfg = Debug|ARM
		{2807B3C9-EB86-4F1A-A376-04B33487032A}.Debug|ARM.Build.0 = Debug|ARM
		{2807B3C9-EB86-4F1A-A376-04B33487032A}.Debug|ARM.Deploy.0 = Debug|ARM
		{2807B3C9-EB86-4F1A-A376-04B33487032A}.Debug|iPhone.ActiveCfg = Debug|x86
		{2807B3C9-EB86-4F1A-A376-04B33487032A}.Debug|iPhone.Build.0 = Debug|x86
		{2807B3C9-EB86-4F1A-A376-04B33487032A}.Debug|iPhone.Deploy.0 = Debug|x86
		{2807B3C9-EB86-4F1A-A376-04B33487032A}.Debug|iPhoneSimulator.ActiveCfg = Debug|x86
		{2807B3C9-EB86-4F1A-A376-04B33487032A}.Debug|iPhoneSimulator.Build.0 = Debug|x86
		{2807B3C9-EB86-4F1A-A376-04B33487032A}.Debug|iPhoneSimulator.Deploy.0 = Debug|x86
		{2807B3C9-EB86-4F1A-A376-04B33487032A}.Debug|x64.ActiveCfg = Debug|x64
		{2807B3C9-EB86-4F1A-A376-04B33487032A}.Debug|x64.Build.0 = Debug|x64
		{2807B3C9-EB86-4F1A-A376-04B33487032A}.Debug|x64.Deploy.0 = Debug|x64
		{2807B3C9-EB86-4F1A-A376-04B33487032A}.Debug|x86.ActiveCfg = Debug|x86
		{2807B3C9-EB86-4F1A-A376-04B33487032A}.Debug|x86.Build.0 = Debug|x86
		{2807B3C9-EB86-4F1A-A376-04B33487032A}.Debug|x86.Deploy.0 = Debug|x86
		{2807B3C9-EB86-4F1A-A376-04B33487032A}.Release|Any CPU.ActiveCfg = Release|x86
		{2807B3C9-EB86-4F1A-A376-04B33487032A}.Release|Any CPU.Build.0 = Release|x86
		{2807B3C9-EB86-4F1A-A376-04B33487032A}.Release|Any CPU.Deploy.0 = Release|x86
		{2807B3C9-EB86-4F1A-A376-04B33487032A}.Release|ARM.ActiveCfg = Release|ARM
		{2807B3C9-EB86-4F1A-A376-04B33487032A}.Release|ARM.Build.0 = Release|ARM
		{2807B3C9-EB86-4F1A-A376-04B33487032A}.Release|ARM.Deploy.0 = Release|ARM
		{2807B3C9-EB86-4F1A-A376-04B33487032A}.Release|iPhone.ActiveCfg = Release|x86
		{2807B3C9-EB86-4F1A-A376-04B33487032A}.Release|iPhone.Build.0 = Release|x86
		{2807B3C9-EB86-4F1A-A376-04B33487032A}.Release|iPhone.Deploy.0 = Release|x86
		{2807B3C9-EB86-4F1A-A376-04B33487032A}.Release|iPhoneSimulator.ActiveCfg = Release|x86
		{2807B3C9-EB86-4F1A-A376-04B33487032A}.Release|iPhoneSimulator.Build.0 = Release|x86
		{2807B3C9-EB86-4F1A-A376-04B33487032A}.Release|iPhoneSimulator.Deploy.0 = Release|x86
		{2807B3C9-EB86-4F1A-A376-04B33487032A}.Release|x64.ActiveCfg = Release|x64
		{2807B3C9-EB86-4F1A-A376-04B33487032A}.Release|x64.Build.0 = Release|x64
		{2807B3C9-EB86-4F1A-A376-04B33487032A}.Release|x64.Deploy.0 = Release|x64
		{2807B3C9-EB86-4F1A-A376-04B33487032A}.Release|x86.ActiveCfg = Release|x86
		{2807B3C9-EB86-4F1A-A376-04B33487032A}.Release|x86.Build.0 = Release|x86
		{2807B3C9-EB86-4F1A-A376-04B33487032A}.Release|x86.Deploy.0 = Release|x86
		{ECD51B55-1BC0-42DA-9608-F455C67DAD7D}.Ad-Hoc|Any CPU.ActiveCfg = Debug|Any CPU
		{ECD51B55-1BC0-42DA-9608-F455C67DAD7D}.Ad-Hoc|Any CPU.Build.0 = Debug|Any CPU
		{ECD51B55-1BC0-42DA-9608-F455C67DAD7D}.Ad-Hoc|Any CPU.Deploy.0 = Debug|Any CPU
		{ECD51B55-1BC0-42DA-9608-F455C67DAD7D}.Ad-Hoc|ARM.ActiveCfg = Debug|Any CPU
		{ECD51B55-1BC0-42DA-9608-F455C67DAD7D}.Ad-Hoc|ARM.Build.0 = Debug|Any CPU
		{ECD51B55-1BC0-42DA-9608-F455C67DAD7D}.Ad-Hoc|ARM.Deploy.0 = Debug|Any CPU
		{ECD51B55-1BC0-42DA-9608-F455C67DAD7D}.Ad-Hoc|iPhone.ActiveCfg = Debug|Any CPU
		{ECD51B55-1BC0-42DA-9608-F455C67DAD7D}.Ad-Hoc|iPhone.Build.0 = Debug|Any CPU
		{ECD51B55-1BC0-42DA-9608-F455C67DAD7D}.Ad-Hoc|iPhone.Deploy.0 = Debug|Any CPU
		{ECD51B55-1BC0-42DA-9608-F455C67DAD7D}.Ad-Hoc|iPhoneSimulator.ActiveCfg = Debug|Any CPU
		{ECD51B55-1BC0-42DA-9608-F455C67DAD7D}.Ad-Hoc|iPhoneSimulator.Build.0 = Debug|Any CPU
		{ECD51B55-1BC0-42DA-9608-F455C67DAD7D}.Ad-Hoc|iPhoneSimulator.Deploy.0 = Debug|Any CPU
		{ECD51B55-1BC0-42DA-9608-F455C67DAD7D}.Ad-Hoc|x64.ActiveCfg = Debug|Any CPU
		{ECD51B55-1BC0-42DA-9608-F455C67DAD7D}.Ad-Hoc|x64.Build.0 = Debug|Any CPU
		{ECD51B55-1BC0-42DA-9608-F455C67DAD7D}.Ad-Hoc|x64.Deploy.0 = Debug|Any CPU
		{ECD51B55-1BC0-42DA-9608-F455C67DAD7D}.Ad-Hoc|x86.ActiveCfg = Debug|Any CPU
		{ECD51B55-1BC0-42DA-9608-F455C67DAD7D}.Ad-Hoc|x86.Build.0 = Debug|Any CPU
		{ECD51B55-1BC0-42DA-9608-F455C67DAD7D}.Ad-Hoc|x86.Deploy.0 = Debug|Any CPU
		{ECD51B55-1BC0-42DA-9608-F455C67DAD7D}.AppStore|Any CPU.ActiveCfg = Debug|Any CPU
		{ECD51B55-1BC0-42DA-9608-F455C67DAD7D}.AppStore|Any CPU.Build.0 = Debug|Any CPU
		{ECD51B55-1BC0-42DA-9608-F455C67DAD7D}.AppStore|Any CPU.Deploy.0 = Debug|Any CPU
		{ECD51B55-1BC0-42DA-9608-F455C67DAD7D}.AppStore|ARM.ActiveCfg = Debug|Any CPU
		{ECD51B55-1BC0-42DA-9608-F455C67DAD7D}.AppStore|ARM.Build.0 = Debug|Any CPU
		{ECD51B55-1BC0-42DA-9608-F455C67DAD7D}.AppStore|ARM.Deploy.0 = Debug|Any CPU
		{ECD51B55-1BC0-42DA-9608-F455C67DAD7D}.AppStore|iPhone.ActiveCfg = Debug|Any CPU
		{ECD51B55-1BC0-42DA-9608-F455C67DAD7D}.AppStore|iPhone.Build.0 = Debug|Any CPU
		{ECD51B55-1BC0-42DA-9608-F455C67DAD7D}.AppStore|iPhone.Deploy.0 = Debug|Any CPU
		{ECD51B55-1BC0-42DA-9608-F455C67DAD7D}.AppStore|iPhoneSimulator.ActiveCfg = Debug|Any CPU
		{ECD51B55-1BC0-42DA-9608-F455C67DAD7D}.AppStore|iPhoneSimulator.Build.0 = Debug|Any CPU
		{ECD51B55-1BC0-42DA-9608-F455C67DAD7D}.AppStore|iPhoneSimulator.Deploy.0 = Debug|Any CPU
		{ECD51B55-1BC0-42DA-9608-F455C67DAD7D}.AppStore|x64.ActiveCfg = Debug|Any CPU
		{ECD51B55-1BC0-42DA-9608-F455C67DAD7D}.AppStore|x64.Build.0 = Debug|Any CPU
		{ECD51B55-1BC0-42DA-9608-F455C67DAD7D}.AppStore|x64.Deploy.0 = Debug|Any CPU
		{ECD51B55-1BC0-42DA-9608-F455C67DAD7D}.AppStore|x86.ActiveCfg = Debug|Any CPU
		{ECD51B55-1BC0-42DA-9608-F455C67DAD7D}.AppStore|x86.Build.0 = Debug|Any CPU
		{ECD51B55-1BC0-42DA-9608-F455C67DAD7D}.AppStore|x86.Deploy.0 = Debug|Any CPU
		{ECD51B55-1BC0-42DA-9608-F455C67DAD7D}.Debug|Any CPU.ActiveCfg = Debug|Any CPU
		{ECD51B55-1BC0-42DA-9608-F455C67DAD7D}.Debug|Any CPU.Build.0 = Debug|Any CPU
		{ECD51B55-1BC0-42DA-9608-F455C67DAD7D}.Debug|Any CPU.Deploy.0 = Debug|Any CPU
		{ECD51B55-1BC0-42DA-9608-F455C67DAD7D}.Debug|ARM.ActiveCfg = Debug|Any CPU
		{ECD51B55-1BC0-42DA-9608-F455C67DAD7D}.Debug|ARM.Build.0 = Debug|Any CPU
		{ECD51B55-1BC0-42DA-9608-F455C67DAD7D}.Debug|ARM.Deploy.0 = Debug|Any CPU
		{ECD51B55-1BC0-42DA-9608-F455C67DAD7D}.Debug|iPhone.ActiveCfg = Debug|Any CPU
		{ECD51B55-1BC0-42DA-9608-F455C67DAD7D}.Debug|iPhone.Build.0 = Debug|Any CPU
		{ECD51B55-1BC0-42DA-9608-F455C67DAD7D}.Debug|iPhone.Deploy.0 = Debug|Any CPU
		{ECD51B55-1BC0-42DA-9608-F455C67DAD7D}.Debug|iPhoneSimulator.ActiveCfg = Debug|Any CPU
		{ECD51B55-1BC0-42DA-9608-F455C67DAD7D}.Debug|iPhoneSimulator.Build.0 = Debug|Any CPU
		{ECD51B55-1BC0-42DA-9608-F455C67DAD7D}.Debug|iPhoneSimulator.Deploy.0 = Debug|Any CPU
		{ECD51B55-1BC0-42DA-9608-F455C67DAD7D}.Debug|x64.ActiveCfg = Debug|Any CPU
		{ECD51B55-1BC0-42DA-9608-F455C67DAD7D}.Debug|x64.Build.0 = Debug|Any CPU
		{ECD51B55-1BC0-42DA-9608-F455C67DAD7D}.Debug|x64.Deploy.0 = Debug|Any CPU
		{ECD51B55-1BC0-42DA-9608-F455C67DAD7D}.Debug|x86.ActiveCfg = Debug|Any CPU
		{ECD51B55-1BC0-42DA-9608-F455C67DAD7D}.Debug|x86.Build.0 = Debug|Any CPU
		{ECD51B55-1BC0-42DA-9608-F455C67DAD7D}.Debug|x86.Deploy.0 = Debug|Any CPU
		{ECD51B55-1BC0-42DA-9608-F455C67DAD7D}.Release|Any CPU.ActiveCfg = Release|Any CPU
		{ECD51B55-1BC0-42DA-9608-F455C67DAD7D}.Release|Any CPU.Build.0 = Release|Any CPU
		{ECD51B55-1BC0-42DA-9608-F455C67DAD7D}.Release|Any CPU.Deploy.0 = Release|Any CPU
		{ECD51B55-1BC0-42DA-9608-F455C67DAD7D}.Release|ARM.ActiveCfg = Release|Any CPU
		{ECD51B55-1BC0-42DA-9608-F455C67DAD7D}.Release|ARM.Build.0 = Release|Any CPU
		{ECD51B55-1BC0-42DA-9608-F455C67DAD7D}.Release|ARM.Deploy.0 = Release|Any CPU
		{ECD51B55-1BC0-42DA-9608-F455C67DAD7D}.Release|iPhone.ActiveCfg = Release|Any CPU
		{ECD51B55-1BC0-42DA-9608-F455C67DAD7D}.Release|iPhone.Build.0 = Release|Any CPU
		{ECD51B55-1BC0-42DA-9608-F455C67DAD7D}.Release|iPhone.Deploy.0 = Release|Any CPU
		{ECD51B55-1BC0-42DA-9608-F455C67DAD7D}.Release|iPhoneSimulator.ActiveCfg = Release|Any CPU
		{ECD51B55-1BC0-42DA-9608-F455C67DAD7D}.Release|iPhoneSimulator.Build.0 = Release|Any CPU
		{ECD51B55-1BC0-42DA-9608-F455C67DAD7D}.Release|iPhoneSimulator.Deploy.0 = Release|Any CPU
		{ECD51B55-1BC0-42DA-9608-F455C67DAD7D}.Release|x64.ActiveCfg = Release|Any CPU
		{ECD51B55-1BC0-42DA-9608-F455C67DAD7D}.Release|x64.Build.0 = Release|Any CPU
		{ECD51B55-1BC0-42DA-9608-F455C67DAD7D}.Release|x64.Deploy.0 = Release|Any CPU
		{ECD51B55-1BC0-42DA-9608-F455C67DAD7D}.Release|x86.ActiveCfg = Release|Any CPU
		{ECD51B55-1BC0-42DA-9608-F455C67DAD7D}.Release|x86.Build.0 = Release|Any CPU
		{ECD51B55-1BC0-42DA-9608-F455C67DAD7D}.Release|x86.Deploy.0 = Release|Any CPU
	EndGlobalSection
	GlobalSection(SolutionProperties) = preSolution
		HideSolutionNode = FALSE
	EndGlobalSection
	GlobalSection(ExtensibilityGlobals) = postSolution
		SolutionGuid = {F5887449-C9D8-4265-9199-266AB8888834}
	EndGlobalSection
EndGlobal
