
Microsoft Visual Studio Solution File, Format Version 12.00
# Visual Studio 15
VisualStudioVersion = 15.0.28307.421
MinimumVisualStudioVersion = 10.0.40219.1
Project("{2150E333-8FDC-42A3-9474-1A3956D46DE8}") = "Samples", "Samples", "{5825D466-F027-4DA9-A38E-A861DD8EF782}"
EndProject
Project("{2150E333-8FDC-42A3-9474-1A3956D46DE8}") = "Projects", "Projects", "{71FB6626-BFBE-4096-8D2D-14BA61EF1D72}"
EndProject
Project("{9A19103F-16F7-4668-BE54-9A1E7A4F7556}") = "Dotmim.Sync.Sqlite", "Dotmim.Sync.Sqlite\Dotmim.Sync.Sqlite.csproj", "{09FF52F7-FCD0-4AD4-8B2F-3D826D3D6DA1}"
EndProject
Project("{9A19103F-16F7-4668-BE54-9A1E7A4F7556}") = "Dotmim.Sync.SqlServer", "Dotmim.Sync.SqlServer\Dotmim.Sync.SqlServer.csproj", "{8F21B89B-B539-4E38-9D6E-228B0482BCB7}"
EndProject
Project("{9A19103F-16F7-4668-BE54-9A1E7A4F7556}") = "Dotmim.Sync.Web.Server", "Dotmim.Sync.Web.Server\Dotmim.Sync.Web.Server.csproj", "{9FFD758F-1820-4DDD-BA0F-1A5C126B8111}"
EndProject
Project("{9A19103F-16F7-4668-BE54-9A1E7A4F7556}") = "Dotmim.Sync.Web.Client", "Dotmim.Sync.Web.Client\Dotmim.Sync.Web.Client.csproj", "{BCD453D1-D665-42FF-9EF4-714F8A3E69D5}"
EndProject
Project("{9A19103F-16F7-4668-BE54-9A1E7A4F7556}") = "Dotmim.Sync.Core", "Dotmim.Sync.Core\Dotmim.Sync.Core.csproj", "{ECBDC1DF-5D8A-4879-A666-648E7D7C7325}"
EndProject
Project("{9A19103F-16F7-4668-BE54-9A1E7A4F7556}") = "WebAPICon", "WebAPICon\WebAPICon.csproj", "{8981FA5D-9A0C-4358-B77E-47153CF427E3}"
EndProject
Project("{9A19103F-16F7-4668-BE54-9A1E7A4F7556}") = "WebAPISiteApp", "WebAPISiteApp\WebAPISiteApp.csproj", "{746CAAD4-4321-4F95-994E-E9C730794D04}"
EndProject
Project("{9A19103F-16F7-4668-BE54-9A1E7A4F7556}") = "dotnet-sync", "dotmet-sync\dotnet-sync.csproj", "{FCF9D086-93C9-4CC5-879D-2E752C1632E6}"
EndProject
Project("{FAE04EC0-301F-11D3-BF4B-00C04F79EFBC}") = "Dotmim.Sync.MySQL", "Dotmim.Sync.MySQL\Dotmim.Sync.MySQL.csproj", "{D28D4C0A-65AF-484D-AE74-B884CA52D93C}"
EndProject
Global
	GlobalSection(SolutionConfigurationPlatforms) = preSolution
		Debug|Any CPU = Debug|Any CPU
		Release|Any CPU = Release|Any CPU
	EndGlobalSection
	GlobalSection(ProjectConfigurationPlatforms) = postSolution
		{09FF52F7-FCD0-4AD4-8B2F-3D826D3D6DA1}.Debug|Any CPU.ActiveCfg = Debug|Any CPU
		{09FF52F7-FCD0-4AD4-8B2F-3D826D3D6DA1}.Debug|Any CPU.Build.0 = Debug|Any CPU
		{09FF52F7-FCD0-4AD4-8B2F-3D826D3D6DA1}.Release|Any CPU.ActiveCfg = Release|Any CPU
		{09FF52F7-FCD0-4AD4-8B2F-3D826D3D6DA1}.Release|Any CPU.Build.0 = Release|Any CPU
		{8F21B89B-B539-4E38-9D6E-228B0482BCB7}.Debug|Any CPU.ActiveCfg = Debug|Any CPU
		{8F21B89B-B539-4E38-9D6E-228B0482BCB7}.Debug|Any CPU.Build.0 = Debug|Any CPU
		{8F21B89B-B539-4E38-9D6E-228B0482BCB7}.Release|Any CPU.ActiveCfg = Release|Any CPU
		{8F21B89B-B539-4E38-9D6E-228B0482BCB7}.Release|Any CPU.Build.0 = Release|Any CPU
		{9FFD758F-1820-4DDD-BA0F-1A5C126B8111}.Debug|Any CPU.ActiveCfg = Debug|Any CPU
		{9FFD758F-1820-4DDD-BA0F-1A5C126B8111}.Debug|Any CPU.Build.0 = Debug|Any CPU
		{9FFD758F-1820-4DDD-BA0F-1A5C126B8111}.Release|Any CPU.ActiveCfg = Release|Any CPU
		{9FFD758F-1820-4DDD-BA0F-1A5C126B8111}.Release|Any CPU.Build.0 = Release|Any CPU
		{BCD453D1-D665-42FF-9EF4-714F8A3E69D5}.Debug|Any CPU.ActiveCfg = Debug|Any CPU
		{BCD453D1-D665-42FF-9EF4-714F8A3E69D5}.Debug|Any CPU.Build.0 = Debug|Any CPU
		{BCD453D1-D665-42FF-9EF4-714F8A3E69D5}.Release|Any CPU.ActiveCfg = Release|Any CPU
		{BCD453D1-D665-42FF-9EF4-714F8A3E69D5}.Release|Any CPU.Build.0 = Release|Any CPU
		{ECBDC1DF-5D8A-4879-A666-648E7D7C7325}.Debug|Any CPU.ActiveCfg = Debug|Any CPU
		{ECBDC1DF-5D8A-4879-A666-648E7D7C7325}.Debug|Any CPU.Build.0 = Debug|Any CPU
		{ECBDC1DF-5D8A-4879-A666-648E7D7C7325}.Release|Any CPU.ActiveCfg = Release|Any CPU
		{ECBDC1DF-5D8A-4879-A666-648E7D7C7325}.Release|Any CPU.Build.0 = Release|Any CPU
		{8981FA5D-9A0C-4358-B77E-47153CF427E3}.Debug|Any CPU.ActiveCfg = Debug|Any CPU
		{8981FA5D-9A0C-4358-B77E-47153CF427E3}.Debug|Any CPU.Build.0 = Debug|Any CPU
		{8981FA5D-9A0C-4358-B77E-47153CF427E3}.Release|Any CPU.ActiveCfg = Release|Any CPU
		{8981FA5D-9A0C-4358-B77E-47153CF427E3}.Release|Any CPU.Build.0 = Release|Any CPU
		{746CAAD4-4321-4F95-994E-E9C730794D04}.Debug|Any CPU.ActiveCfg = Debug|Any CPU
		{746CAAD4-4321-4F95-994E-E9C730794D04}.Debug|Any CPU.Build.0 = Debug|Any CPU
		{746CAAD4-4321-4F95-994E-E9C730794D04}.Release|Any CPU.ActiveCfg = Release|Any CPU
		{746CAAD4-4321-4F95-994E-E9C730794D04}.Release|Any CPU.Build.0 = Release|Any CPU
		{FCF9D086-93C9-4CC5-879D-2E752C1632E6}.Debug|Any CPU.ActiveCfg = Debug|Any CPU
		{FCF9D086-93C9-4CC5-879D-2E752C1632E6}.Debug|Any CPU.Build.0 = Debug|Any CPU
		{FCF9D086-93C9-4CC5-879D-2E752C1632E6}.Release|Any CPU.ActiveCfg = Release|Any CPU
		{FCF9D086-93C9-4CC5-879D-2E752C1632E6}.Release|Any CPU.Build.0 = Release|Any CPU
		{D28D4C0A-65AF-484D-AE74-B884CA52D93C}.Debug|Any CPU.ActiveCfg = Debug|Any CPU
		{D28D4C0A-65AF-484D-AE74-B884CA52D93C}.Debug|Any CPU.Build.0 = Debug|Any CPU
		{D28D4C0A-65AF-484D-AE74-B884CA52D93C}.Release|Any CPU.ActiveCfg = Release|Any CPU
		{D28D4C0A-65AF-484D-AE74-B884CA52D93C}.Release|Any CPU.Build.0 = Release|Any CPU
	EndGlobalSection
	GlobalSection(SolutionProperties) = preSolution
		HideSolutionNode = FALSE
	EndGlobalSection
	GlobalSection(NestedProjects) = preSolution
		{09FF52F7-FCD0-4AD4-8B2F-3D826D3D6DA1} = {71FB6626-BFBE-4096-8D2D-14BA61EF1D72}
		{8F21B89B-B539-4E38-9D6E-228B0482BCB7} = {71FB6626-BFBE-4096-8D2D-14BA61EF1D72}
		{9FFD758F-1820-4DDD-BA0F-1A5C126B8111} = {71FB6626-BFBE-4096-8D2D-14BA61EF1D72}
		{BCD453D1-D665-42FF-9EF4-714F8A3E69D5} = {71FB6626-BFBE-4096-8D2D-14BA61EF1D72}
		{ECBDC1DF-5D8A-4879-A666-648E7D7C7325} = {71FB6626-BFBE-4096-8D2D-14BA61EF1D72}
		{8981FA5D-9A0C-4358-B77E-47153CF427E3} = {5825D466-F027-4DA9-A38E-A861DD8EF782}
		{746CAAD4-4321-4F95-994E-E9C730794D04} = {5825D466-F027-4DA9-A38E-A861DD8EF782}
		{FCF9D086-93C9-4CC5-879D-2E752C1632E6} = {71FB6626-BFBE-4096-8D2D-14BA61EF1D72}
		{D28D4C0A-65AF-484D-AE74-B884CA52D93C} = {71FB6626-BFBE-4096-8D2D-14BA61EF1D72}
	EndGlobalSection
	GlobalSection(ExtensibilityGlobals) = postSolution
		SolutionGuid = {F9650E2A-EB12-4922-9C92-4EDE85A59273}
	EndGlobalSection
EndGlobal
