
Microsoft Visual Studio Solution File, Format Version 12.00
# Visual Studio 15
VisualStudioVersion = 15.0.28307.539
MinimumVisualStudioVersion = 10.0.40219.1
Project("{FAE04EC0-301F-11D3-BF4B-00C04F79EFBC}") = "XamarinDotmim.SyncApp.Android", "XamarinDotmim.SyncApp\XamarinDotmim.SyncApp.Android\XamarinDotmim.SyncApp.Android.csproj", "{3CAF1003-ED84-4ABF-A376-C078BA3E61EB}"
EndProject
Project("{FAE04EC0-301F-11D3-BF4B-00C04F79EFBC}") = "XamarinDotmim.SyncApp.UWP", "XamarinDotmim.SyncApp\XamarinDotmim.SyncApp.UWP\XamarinDotmim.SyncApp.UWP.csproj", "{49385D3F-94AC-4885-B456-CD315720009E}"
EndProject
Project("{9A19103F-16F7-4668-BE54-9A1E7A4F7556}") = "XamarinDotmim.SyncApp", "XamarinDotmim.SyncApp\XamarinDotmim.SyncApp\XamarinDotmim.SyncApp.csproj", "{6CFEB2D4-E62C-4857-AECA-D81A941A72F4}"
EndProject
Project("{9A19103F-16F7-4668-BE54-9A1E7A4F7556}") = "WebAPIXamarinTester", "WebAPIXamarinTester\WebAPIXamarinTester.csproj", "{894DE0D9-A634-4994-B03C-BBBC3377FB17}"
EndProject
Project("{9A19103F-16F7-4668-BE54-9A1E7A4F7556}") = "dotnet.sync", "dotnet.sync\dotnet.sync.csproj", "{DEB41A1F-4558-4922-81A1-7D5890911903}"
EndProject
Project("{9A19103F-16F7-4668-BE54-9A1E7A4F7556}") = "Dotmim.Sync.Core", "Dotmim.Sync.Core\Dotmim.Sync.Core.csproj", "{AFF054F3-1ADE-4C33-9BE7-B611DB9D04E3}"
EndProject
Project("{9A19103F-16F7-4668-BE54-9A1E7A4F7556}") = "Dotmim.Sync.Web.Client", "Dotmim.Sync.Web.Client\Dotmim.Sync.Web.Client.csproj", "{C5264F96-5184-41CE-8E0E-F9303F02ACFC}"
EndProject
Project("{9A19103F-16F7-4668-BE54-9A1E7A4F7556}") = "Dotmim.Sync.SqlServer", "Dotmim.Sync.SqlServer\Dotmim.Sync.SqlServer.csproj", "{47B95AFC-1AB8-4661-ACFB-35F286898A25}"
EndProject
Project("{9A19103F-16F7-4668-BE54-9A1E7A4F7556}") = "Dotmim.Sync.Web.Server", "Dotmim.Sync.Web.Server\Dotmim.Sync.Web.Server.csproj", "{01BF98C8-BA7B-4632-B965-813998456F63}"
EndProject
Project("{FAE04EC0-301F-11D3-BF4B-00C04F79EFBC}") = "Dotmim.Sync.Sqlite", "Dotmim.Sync.Sqlite\Dotmim.Sync.Sqlite.csproj", "{F804F8E5-C8F7-4646-9511-137A6F7BB1D7}"
EndProject
Project("{FAE04EC0-301F-11D3-BF4B-00C04F79EFBC}") = "Dotmim.Sync.MySQL", "Dotmim.Sync.MySQL\Dotmim.Sync.MySQL.csproj", "{82B0F67D-4BDD-4220-8D82-D7CD21853432}"
EndProject
Global
	GlobalSection(SolutionConfigurationPlatforms) = preSolution
		Debug|Any CPU = Debug|Any CPU
		Debug|ARM = Debug|ARM
		Debug|x64 = Debug|x64
		Debug|x86 = Debug|x86
		Release|Any CPU = Release|Any CPU
		Release|ARM = Release|ARM
		Release|x64 = Release|x64
		Release|x86 = Release|x86
	EndGlobalSection
	GlobalSection(ProjectConfigurationPlatforms) = postSolution
		{3CAF1003-ED84-4ABF-A376-C078BA3E61EB}.Debug|Any CPU.ActiveCfg = Debug|Any CPU
		{3CAF1003-ED84-4ABF-A376-C078BA3E61EB}.Debug|Any CPU.Build.0 = Debug|Any CPU
		{3CAF1003-ED84-4ABF-A376-C078BA3E61EB}.Debug|Any CPU.Deploy.0 = Debug|Any CPU
		{3CAF1003-ED84-4ABF-A376-C078BA3E61EB}.Debug|ARM.ActiveCfg = Debug|Any CPU
		{3CAF1003-ED84-4ABF-A376-C078BA3E61EB}.Debug|ARM.Build.0 = Debug|Any CPU
		{3CAF1003-ED84-4ABF-A376-C078BA3E61EB}.Debug|ARM.Deploy.0 = Debug|Any CPU
		{3CAF1003-ED84-4ABF-A376-C078BA3E61EB}.Debug|x64.ActiveCfg = Debug|Any CPU
		{3CAF1003-ED84-4ABF-A376-C078BA3E61EB}.Debug|x64.Build.0 = Debug|Any CPU
		{3CAF1003-ED84-4ABF-A376-C078BA3E61EB}.Debug|x64.Deploy.0 = Debug|Any CPU
		{3CAF1003-ED84-4ABF-A376-C078BA3E61EB}.Debug|x86.ActiveCfg = Debug|Any CPU
		{3CAF1003-ED84-4ABF-A376-C078BA3E61EB}.Debug|x86.Build.0 = Debug|Any CPU
		{3CAF1003-ED84-4ABF-A376-C078BA3E61EB}.Debug|x86.Deploy.0 = Debug|Any CPU
		{3CAF1003-ED84-4ABF-A376-C078BA3E61EB}.Release|Any CPU.ActiveCfg = Release|Any CPU
		{3CAF1003-ED84-4ABF-A376-C078BA3E61EB}.Release|Any CPU.Build.0 = Release|Any CPU
		{3CAF1003-ED84-4ABF-A376-C078BA3E61EB}.Release|Any CPU.Deploy.0 = Release|Any CPU
		{3CAF1003-ED84-4ABF-A376-C078BA3E61EB}.Release|ARM.ActiveCfg = Release|Any CPU
		{3CAF1003-ED84-4ABF-A376-C078BA3E61EB}.Release|ARM.Build.0 = Release|Any CPU
		{3CAF1003-ED84-4ABF-A376-C078BA3E61EB}.Release|ARM.Deploy.0 = Release|Any CPU
		{3CAF1003-ED84-4ABF-A376-C078BA3E61EB}.Release|x64.ActiveCfg = Release|Any CPU
		{3CAF1003-ED84-4ABF-A376-C078BA3E61EB}.Release|x64.Build.0 = Release|Any CPU
		{3CAF1003-ED84-4ABF-A376-C078BA3E61EB}.Release|x64.Deploy.0 = Release|Any CPU
		{3CAF1003-ED84-4ABF-A376-C078BA3E61EB}.Release|x86.ActiveCfg = Release|Any CPU
		{3CAF1003-ED84-4ABF-A376-C078BA3E61EB}.Release|x86.Build.0 = Release|Any CPU
		{3CAF1003-ED84-4ABF-A376-C078BA3E61EB}.Release|x86.Deploy.0 = Release|Any CPU
		{49385D3F-94AC-4885-B456-CD315720009E}.Debug|Any CPU.ActiveCfg = Debug|x86
		{49385D3F-94AC-4885-B456-CD315720009E}.Debug|Any CPU.Build.0 = Debug|x86
		{49385D3F-94AC-4885-B456-CD315720009E}.Debug|Any CPU.Deploy.0 = Debug|x86
		{49385D3F-94AC-4885-B456-CD315720009E}.Debug|ARM.ActiveCfg = Debug|ARM
		{49385D3F-94AC-4885-B456-CD315720009E}.Debug|ARM.Build.0 = Debug|ARM
		{49385D3F-94AC-4885-B456-CD315720009E}.Debug|ARM.Deploy.0 = Debug|ARM
		{49385D3F-94AC-4885-B456-CD315720009E}.Debug|x64.ActiveCfg = Debug|x64
		{49385D3F-94AC-4885-B456-CD315720009E}.Debug|x64.Build.0 = Debug|x64
		{49385D3F-94AC-4885-B456-CD315720009E}.Debug|x64.Deploy.0 = Debug|x64
		{49385D3F-94AC-4885-B456-CD315720009E}.Debug|x86.ActiveCfg = Debug|x86
		{49385D3F-94AC-4885-B456-CD315720009E}.Debug|x86.Build.0 = Debug|x86
		{49385D3F-94AC-4885-B456-CD315720009E}.Debug|x86.Deploy.0 = Debug|x86
		{49385D3F-94AC-4885-B456-CD315720009E}.Release|Any CPU.ActiveCfg = Release|x86
		{49385D3F-94AC-4885-B456-CD315720009E}.Release|Any CPU.Build.0 = Release|x86
		{49385D3F-94AC-4885-B456-CD315720009E}.Release|Any CPU.Deploy.0 = Release|x86
		{49385D3F-94AC-4885-B456-CD315720009E}.Release|ARM.ActiveCfg = Release|ARM
		{49385D3F-94AC-4885-B456-CD315720009E}.Release|ARM.Build.0 = Release|ARM
		{49385D3F-94AC-4885-B456-CD315720009E}.Release|ARM.Deploy.0 = Release|ARM
		{49385D3F-94AC-4885-B456-CD315720009E}.Release|x64.ActiveCfg = Release|x64
		{49385D3F-94AC-4885-B456-CD315720009E}.Release|x64.Build.0 = Release|x64
		{49385D3F-94AC-4885-B456-CD315720009E}.Release|x64.Deploy.0 = Release|x64
		{49385D3F-94AC-4885-B456-CD315720009E}.Release|x86.ActiveCfg = Release|x86
		{49385D3F-94AC-4885-B456-CD315720009E}.Release|x86.Build.0 = Release|x86
		{49385D3F-94AC-4885-B456-CD315720009E}.Release|x86.Deploy.0 = Release|x86
		{6CFEB2D4-E62C-4857-AECA-D81A941A72F4}.Debug|Any CPU.ActiveCfg = Debug|Any CPU
		{6CFEB2D4-E62C-4857-AECA-D81A941A72F4}.Debug|Any CPU.Build.0 = Debug|Any CPU
		{6CFEB2D4-E62C-4857-AECA-D81A941A72F4}.Debug|Any CPU.Deploy.0 = Debug|Any CPU
		{6CFEB2D4-E62C-4857-AECA-D81A941A72F4}.Debug|ARM.ActiveCfg = Debug|Any CPU
		{6CFEB2D4-E62C-4857-AECA-D81A941A72F4}.Debug|ARM.Build.0 = Debug|Any CPU
		{6CFEB2D4-E62C-4857-AECA-D81A941A72F4}.Debug|ARM.Deploy.0 = Debug|Any CPU
		{6CFEB2D4-E62C-4857-AECA-D81A941A72F4}.Debug|x64.ActiveCfg = Debug|Any CPU
		{6CFEB2D4-E62C-4857-AECA-D81A941A72F4}.Debug|x64.Build.0 = Debug|Any CPU
		{6CFEB2D4-E62C-4857-AECA-D81A941A72F4}.Debug|x64.Deploy.0 = Debug|Any CPU
		{6CFEB2D4-E62C-4857-AECA-D81A941A72F4}.Debug|x86.ActiveCfg = Debug|Any CPU
		{6CFEB2D4-E62C-4857-AECA-D81A941A72F4}.Debug|x86.Build.0 = Debug|Any CPU
		{6CFEB2D4-E62C-4857-AECA-D81A941A72F4}.Debug|x86.Deploy.0 = Debug|Any CPU
		{6CFEB2D4-E62C-4857-AECA-D81A941A72F4}.Release|Any CPU.ActiveCfg = Release|Any CPU
		{6CFEB2D4-E62C-4857-AECA-D81A941A72F4}.Release|Any CPU.Build.0 = Release|Any CPU
		{6CFEB2D4-E62C-4857-AECA-D81A941A72F4}.Release|Any CPU.Deploy.0 = Release|Any CPU
		{6CFEB2D4-E62C-4857-AECA-D81A941A72F4}.Release|ARM.ActiveCfg = Release|Any CPU
		{6CFEB2D4-E62C-4857-AECA-D81A941A72F4}.Release|ARM.Build.0 = Release|Any CPU
		{6CFEB2D4-E62C-4857-AECA-D81A941A72F4}.Release|ARM.Deploy.0 = Release|Any CPU
		{6CFEB2D4-E62C-4857-AECA-D81A941A72F4}.Release|x64.ActiveCfg = Release|Any CPU
		{6CFEB2D4-E62C-4857-AECA-D81A941A72F4}.Release|x64.Build.0 = Release|Any CPU
		{6CFEB2D4-E62C-4857-AECA-D81A941A72F4}.Release|x64.Deploy.0 = Release|Any CPU
		{6CFEB2D4-E62C-4857-AECA-D81A941A72F4}.Release|x86.ActiveCfg = Release|Any CPU
		{6CFEB2D4-E62C-4857-AECA-D81A941A72F4}.Release|x86.Build.0 = Release|Any CPU
		{6CFEB2D4-E62C-4857-AECA-D81A941A72F4}.Release|x86.Deploy.0 = Release|Any CPU
		{894DE0D9-A634-4994-B03C-BBBC3377FB17}.Debug|Any CPU.ActiveCfg = Debug|Any CPU
		{894DE0D9-A634-4994-B03C-BBBC3377FB17}.Debug|Any CPU.Build.0 = Debug|Any CPU
		{894DE0D9-A634-4994-B03C-BBBC3377FB17}.Debug|ARM.ActiveCfg = Debug|Any CPU
		{894DE0D9-A634-4994-B03C-BBBC3377FB17}.Debug|ARM.Build.0 = Debug|Any CPU
		{894DE0D9-A634-4994-B03C-BBBC3377FB17}.Debug|x64.ActiveCfg = Debug|Any CPU
		{894DE0D9-A634-4994-B03C-BBBC3377FB17}.Debug|x64.Build.0 = Debug|Any CPU
		{894DE0D9-A634-4994-B03C-BBBC3377FB17}.Debug|x86.ActiveCfg = Debug|Any CPU
		{894DE0D9-A634-4994-B03C-BBBC3377FB17}.Debug|x86.Build.0 = Debug|Any CPU
		{894DE0D9-A634-4994-B03C-BBBC3377FB17}.Release|Any CPU.ActiveCfg = Release|Any CPU
		{894DE0D9-A634-4994-B03C-BBBC3377FB17}.Release|Any CPU.Build.0 = Release|Any CPU
		{894DE0D9-A634-4994-B03C-BBBC3377FB17}.Release|ARM.ActiveCfg = Release|Any CPU
		{894DE0D9-A634-4994-B03C-BBBC3377FB17}.Release|ARM.Build.0 = Release|Any CPU
		{894DE0D9-A634-4994-B03C-BBBC3377FB17}.Release|x64.ActiveCfg = Release|Any CPU
		{894DE0D9-A634-4994-B03C-BBBC3377FB17}.Release|x64.Build.0 = Release|Any CPU
		{894DE0D9-A634-4994-B03C-BBBC3377FB17}.Release|x86.ActiveCfg = Release|Any CPU
		{894DE0D9-A634-4994-B03C-BBBC3377FB17}.Release|x86.Build.0 = Release|Any CPU
		{DEB41A1F-4558-4922-81A1-7D5890911903}.Debug|Any CPU.ActiveCfg = Debug|Any CPU
		{DEB41A1F-4558-4922-81A1-7D5890911903}.Debug|Any CPU.Build.0 = Debug|Any CPU
		{DEB41A1F-4558-4922-81A1-7D5890911903}.Debug|ARM.ActiveCfg = Debug|Any CPU
		{DEB41A1F-4558-4922-81A1-7D5890911903}.Debug|ARM.Build.0 = Debug|Any CPU
		{DEB41A1F-4558-4922-81A1-7D5890911903}.Debug|x64.ActiveCfg = Debug|Any CPU
		{DEB41A1F-4558-4922-81A1-7D5890911903}.Debug|x64.Build.0 = Debug|Any CPU
		{DEB41A1F-4558-4922-81A1-7D5890911903}.Debug|x86.ActiveCfg = Debug|Any CPU
		{DEB41A1F-4558-4922-81A1-7D5890911903}.Debug|x86.Build.0 = Debug|Any CPU
		{DEB41A1F-4558-4922-81A1-7D5890911903}.Release|Any CPU.ActiveCfg = Release|Any CPU
		{DEB41A1F-4558-4922-81A1-7D5890911903}.Release|Any CPU.Build.0 = Release|Any CPU
		{DEB41A1F-4558-4922-81A1-7D5890911903}.Release|ARM.ActiveCfg = Release|Any CPU
		{DEB41A1F-4558-4922-81A1-7D5890911903}.Release|ARM.Build.0 = Release|Any CPU
		{DEB41A1F-4558-4922-81A1-7D5890911903}.Release|x64.ActiveCfg = Release|Any CPU
		{DEB41A1F-4558-4922-81A1-7D5890911903}.Release|x64.Build.0 = Release|Any CPU
		{DEB41A1F-4558-4922-81A1-7D5890911903}.Release|x86.ActiveCfg = Release|Any CPU
		{DEB41A1F-4558-4922-81A1-7D5890911903}.Release|x86.Build.0 = Release|Any CPU
		{AFF054F3-1ADE-4C33-9BE7-B611DB9D04E3}.Debug|Any CPU.ActiveCfg = Debug|Any CPU
		{AFF054F3-1ADE-4C33-9BE7-B611DB9D04E3}.Debug|Any CPU.Build.0 = Debug|Any CPU
		{AFF054F3-1ADE-4C33-9BE7-B611DB9D04E3}.Debug|ARM.ActiveCfg = Debug|Any CPU
		{AFF054F3-1ADE-4C33-9BE7-B611DB9D04E3}.Debug|ARM.Build.0 = Debug|Any CPU
		{AFF054F3-1ADE-4C33-9BE7-B611DB9D04E3}.Debug|x64.ActiveCfg = Debug|Any CPU
		{AFF054F3-1ADE-4C33-9BE7-B611DB9D04E3}.Debug|x64.Build.0 = Debug|Any CPU
		{AFF054F3-1ADE-4C33-9BE7-B611DB9D04E3}.Debug|x86.ActiveCfg = Debug|Any CPU
		{AFF054F3-1ADE-4C33-9BE7-B611DB9D04E3}.Debug|x86.Build.0 = Debug|Any CPU
		{AFF054F3-1ADE-4C33-9BE7-B611DB9D04E3}.Release|Any CPU.ActiveCfg = Release|Any CPU
		{AFF054F3-1ADE-4C33-9BE7-B611DB9D04E3}.Release|Any CPU.Build.0 = Release|Any CPU
		{AFF054F3-1ADE-4C33-9BE7-B611DB9D04E3}.Release|ARM.ActiveCfg = Release|Any CPU
		{AFF054F3-1ADE-4C33-9BE7-B611DB9D04E3}.Release|ARM.Build.0 = Release|Any CPU
		{AFF054F3-1ADE-4C33-9BE7-B611DB9D04E3}.Release|x64.ActiveCfg = Release|Any CPU
		{AFF054F3-1ADE-4C33-9BE7-B611DB9D04E3}.Release|x64.Build.0 = Release|Any CPU
		{AFF054F3-1ADE-4C33-9BE7-B611DB9D04E3}.Release|x86.ActiveCfg = Release|Any CPU
		{AFF054F3-1ADE-4C33-9BE7-B611DB9D04E3}.Release|x86.Build.0 = Release|Any CPU
		{C5264F96-5184-41CE-8E0E-F9303F02ACFC}.Debug|Any CPU.ActiveCfg = Debug|Any CPU
		{C5264F96-5184-41CE-8E0E-F9303F02ACFC}.Debug|Any CPU.Build.0 = Debug|Any CPU
		{C5264F96-5184-41CE-8E0E-F9303F02ACFC}.Debug|ARM.ActiveCfg = Debug|Any CPU
		{C5264F96-5184-41CE-8E0E-F9303F02ACFC}.Debug|ARM.Build.0 = Debug|Any CPU
		{C5264F96-5184-41CE-8E0E-F9303F02ACFC}.Debug|x64.ActiveCfg = Debug|Any CPU
		{C5264F96-5184-41CE-8E0E-F9303F02ACFC}.Debug|x64.Build.0 = Debug|Any CPU
		{C5264F96-5184-41CE-8E0E-F9303F02ACFC}.Debug|x86.ActiveCfg = Debug|Any CPU
		{C5264F96-5184-41CE-8E0E-F9303F02ACFC}.Debug|x86.Build.0 = Debug|Any CPU
		{C5264F96-5184-41CE-8E0E-F9303F02ACFC}.Release|Any CPU.ActiveCfg = Release|Any CPU
		{C5264F96-5184-41CE-8E0E-F9303F02ACFC}.Release|Any CPU.Build.0 = Release|Any CPU
		{C5264F96-5184-41CE-8E0E-F9303F02ACFC}.Release|ARM.ActiveCfg = Release|Any CPU
		{C5264F96-5184-41CE-8E0E-F9303F02ACFC}.Release|ARM.Build.0 = Release|Any CPU
		{C5264F96-5184-41CE-8E0E-F9303F02ACFC}.Release|x64.ActiveCfg = Release|Any CPU
		{C5264F96-5184-41CE-8E0E-F9303F02ACFC}.Release|x64.Build.0 = Release|Any CPU
		{C5264F96-5184-41CE-8E0E-F9303F02ACFC}.Release|x86.ActiveCfg = Release|Any CPU
		{C5264F96-5184-41CE-8E0E-F9303F02ACFC}.Release|x86.Build.0 = Release|Any CPU
		{47B95AFC-1AB8-4661-ACFB-35F286898A25}.Debug|Any CPU.ActiveCfg = Debug|Any CPU
		{47B95AFC-1AB8-4661-ACFB-35F286898A25}.Debug|Any CPU.Build.0 = Debug|Any CPU
		{47B95AFC-1AB8-4661-ACFB-35F286898A25}.Debug|ARM.ActiveCfg = Debug|Any CPU
		{47B95AFC-1AB8-4661-ACFB-35F286898A25}.Debug|ARM.Build.0 = Debug|Any CPU
		{47B95AFC-1AB8-4661-ACFB-35F286898A25}.Debug|x64.ActiveCfg = Debug|Any CPU
		{47B95AFC-1AB8-4661-ACFB-35F286898A25}.Debug|x64.Build.0 = Debug|Any CPU
		{47B95AFC-1AB8-4661-ACFB-35F286898A25}.Debug|x86.ActiveCfg = Debug|Any CPU
		{47B95AFC-1AB8-4661-ACFB-35F286898A25}.Debug|x86.Build.0 = Debug|Any CPU
		{47B95AFC-1AB8-4661-ACFB-35F286898A25}.Release|Any CPU.ActiveCfg = Release|Any CPU
		{47B95AFC-1AB8-4661-ACFB-35F286898A25}.Release|Any CPU.Build.0 = Release|Any CPU
		{47B95AFC-1AB8-4661-ACFB-35F286898A25}.Release|ARM.ActiveCfg = Release|Any CPU
		{47B95AFC-1AB8-4661-ACFB-35F286898A25}.Release|ARM.Build.0 = Release|Any CPU
		{47B95AFC-1AB8-4661-ACFB-35F286898A25}.Release|x64.ActiveCfg = Release|Any CPU
		{47B95AFC-1AB8-4661-ACFB-35F286898A25}.Release|x64.Build.0 = Release|Any CPU
		{47B95AFC-1AB8-4661-ACFB-35F286898A25}.Release|x86.ActiveCfg = Release|Any CPU
		{47B95AFC-1AB8-4661-ACFB-35F286898A25}.Release|x86.Build.0 = Release|Any CPU
		{01BF98C8-BA7B-4632-B965-813998456F63}.Debug|Any CPU.ActiveCfg = Debug|Any CPU
		{01BF98C8-BA7B-4632-B965-813998456F63}.Debug|Any CPU.Build.0 = Debug|Any CPU
		{01BF98C8-BA7B-4632-B965-813998456F63}.Debug|ARM.ActiveCfg = Debug|Any CPU
		{01BF98C8-BA7B-4632-B965-813998456F63}.Debug|ARM.Build.0 = Debug|Any CPU
		{01BF98C8-BA7B-4632-B965-813998456F63}.Debug|x64.ActiveCfg = Debug|Any CPU
		{01BF98C8-BA7B-4632-B965-813998456F63}.Debug|x64.Build.0 = Debug|Any CPU
		{01BF98C8-BA7B-4632-B965-813998456F63}.Debug|x86.ActiveCfg = Debug|Any CPU
		{01BF98C8-BA7B-4632-B965-813998456F63}.Debug|x86.Build.0 = Debug|Any CPU
		{01BF98C8-BA7B-4632-B965-813998456F63}.Release|Any CPU.ActiveCfg = Release|Any CPU
		{01BF98C8-BA7B-4632-B965-813998456F63}.Release|Any CPU.Build.0 = Release|Any CPU
		{01BF98C8-BA7B-4632-B965-813998456F63}.Release|ARM.ActiveCfg = Release|Any CPU
		{01BF98C8-BA7B-4632-B965-813998456F63}.Release|ARM.Build.0 = Release|Any CPU
		{01BF98C8-BA7B-4632-B965-813998456F63}.Release|x64.ActiveCfg = Release|Any CPU
		{01BF98C8-BA7B-4632-B965-813998456F63}.Release|x64.Build.0 = Release|Any CPU
		{01BF98C8-BA7B-4632-B965-813998456F63}.Release|x86.ActiveCfg = Release|Any CPU
		{01BF98C8-BA7B-4632-B965-813998456F63}.Release|x86.Build.0 = Release|Any CPU
		{F804F8E5-C8F7-4646-9511-137A6F7BB1D7}.Debug|Any CPU.ActiveCfg = Debug|Any CPU
		{F804F8E5-C8F7-4646-9511-137A6F7BB1D7}.Debug|Any CPU.Build.0 = Debug|Any CPU
		{F804F8E5-C8F7-4646-9511-137A6F7BB1D7}.Debug|ARM.ActiveCfg = Debug|Any CPU
		{F804F8E5-C8F7-4646-9511-137A6F7BB1D7}.Debug|ARM.Build.0 = Debug|Any CPU
		{F804F8E5-C8F7-4646-9511-137A6F7BB1D7}.Debug|x64.ActiveCfg = Debug|Any CPU
		{F804F8E5-C8F7-4646-9511-137A6F7BB1D7}.Debug|x64.Build.0 = Debug|Any CPU
		{F804F8E5-C8F7-4646-9511-137A6F7BB1D7}.Debug|x86.ActiveCfg = Debug|Any CPU
		{F804F8E5-C8F7-4646-9511-137A6F7BB1D7}.Debug|x86.Build.0 = Debug|Any CPU
		{F804F8E5-C8F7-4646-9511-137A6F7BB1D7}.Release|Any CPU.ActiveCfg = Release|Any CPU
		{F804F8E5-C8F7-4646-9511-137A6F7BB1D7}.Release|Any CPU.Build.0 = Release|Any CPU
		{F804F8E5-C8F7-4646-9511-137A6F7BB1D7}.Release|ARM.ActiveCfg = Release|Any CPU
		{F804F8E5-C8F7-4646-9511-137A6F7BB1D7}.Release|ARM.Build.0 = Release|Any CPU
		{F804F8E5-C8F7-4646-9511-137A6F7BB1D7}.Release|x64.ActiveCfg = Release|Any CPU
		{F804F8E5-C8F7-4646-9511-137A6F7BB1D7}.Release|x64.Build.0 = Release|Any CPU
		{F804F8E5-C8F7-4646-9511-137A6F7BB1D7}.Release|x86.ActiveCfg = Release|Any CPU
		{F804F8E5-C8F7-4646-9511-137A6F7BB1D7}.Release|x86.Build.0 = Release|Any CPU
		{82B0F67D-4BDD-4220-8D82-D7CD21853432}.Debug|Any CPU.ActiveCfg = Debug|Any CPU
		{82B0F67D-4BDD-4220-8D82-D7CD21853432}.Debug|Any CPU.Build.0 = Debug|Any CPU
		{82B0F67D-4BDD-4220-8D82-D7CD21853432}.Debug|ARM.ActiveCfg = Debug|Any CPU
		{82B0F67D-4BDD-4220-8D82-D7CD21853432}.Debug|ARM.Build.0 = Debug|Any CPU
		{82B0F67D-4BDD-4220-8D82-D7CD21853432}.Debug|x64.ActiveCfg = Debug|Any CPU
		{82B0F67D-4BDD-4220-8D82-D7CD21853432}.Debug|x64.Build.0 = Debug|Any CPU
		{82B0F67D-4BDD-4220-8D82-D7CD21853432}.Debug|x86.ActiveCfg = Debug|Any CPU
		{82B0F67D-4BDD-4220-8D82-D7CD21853432}.Debug|x86.Build.0 = Debug|Any CPU
		{82B0F67D-4BDD-4220-8D82-D7CD21853432}.Release|Any CPU.ActiveCfg = Release|Any CPU
		{82B0F67D-4BDD-4220-8D82-D7CD21853432}.Release|Any CPU.Build.0 = Release|Any CPU
		{82B0F67D-4BDD-4220-8D82-D7CD21853432}.Release|ARM.ActiveCfg = Release|Any CPU
		{82B0F67D-4BDD-4220-8D82-D7CD21853432}.Release|ARM.Build.0 = Release|Any CPU
		{82B0F67D-4BDD-4220-8D82-D7CD21853432}.Release|x64.ActiveCfg = Release|Any CPU
		{82B0F67D-4BDD-4220-8D82-D7CD21853432}.Release|x64.Build.0 = Release|Any CPU
		{82B0F67D-4BDD-4220-8D82-D7CD21853432}.Release|x86.ActiveCfg = Release|Any CPU
		{82B0F67D-4BDD-4220-8D82-D7CD21853432}.Release|x86.Build.0 = Release|Any CPU
	EndGlobalSection
	GlobalSection(SolutionProperties) = preSolution
		HideSolutionNode = FALSE
	EndGlobalSection
	GlobalSection(ExtensibilityGlobals) = postSolution
		SolutionGuid = {23F516B3-E523-4720-AD4C-057DE4F5B49C}
	EndGlobalSection
EndGlobal
