
Microsoft Visual Studio Solution File, Format Version 12.00
# Visual Studio 15
VisualStudioVersion = 15.0.28307.136
MinimumVisualStudioVersion = 10.0.40219.1
Project("{FAE04EC0-301F-11D3-BF4B-00C04F79EFBC}") = "HelloButton.Android", "HelloButton\HelloButton.Android\HelloButton.Android.csproj", "{7E4CA7F5-F161-4ECA-8E6E-6485FA61166A}"
EndProject
Project("{FAE04EC0-301F-11D3-BF4B-00C04F79EFBC}") = "HelloButton.iOS", "HelloButton\HelloButton.iOS\HelloButton.iOS.csproj", "{B803B24D-6263-4C4E-8718-7639DD2AF0C6}"
EndProject
Project("{FAE04EC0-301F-11D3-BF4B-00C04F79EFBC}") = "HelloButton", "HelloButton\HelloButton\HelloButton.csproj", "{3AA0CEBA-0015-4909-8CD9-C26A47A0C61F}"
EndProject
Global
	GlobalSection(SolutionConfigurationPlatforms) = preSolution
		Ad-Hoc|Any CPU = Ad-Hoc|Any CPU
		Ad-Hoc|iPhone = Ad-Hoc|iPhone
		Ad-Hoc|iPhoneSimulator = Ad-Hoc|iPhoneSimulator
		AppStore|Any CPU = AppStore|Any CPU
		AppStore|iPhone = AppStore|iPhone
		AppStore|iPhoneSimulator = AppStore|iPhoneSimulator
		Debug|Any CPU = Debug|Any CPU
		Debug|iPhone = Debug|iPhone
		Debug|iPhoneSimulator = Debug|iPhoneSimulator
		Release|Any CPU = Release|Any CPU
		Release|iPhone = Release|iPhone
		Release|iPhoneSimulator = Release|iPhoneSimulator
	EndGlobalSection
	GlobalSection(ProjectConfigurationPlatforms) = postSolution
		{7E4CA7F5-F161-4ECA-8E6E-6485FA61166A}.Ad-Hoc|Any CPU.ActiveCfg = Release|Any CPU
		{7E4CA7F5-F161-4ECA-8E6E-6485FA61166A}.Ad-Hoc|Any CPU.Build.0 = Release|Any CPU
		{7E4CA7F5-F161-4ECA-8E6E-6485FA61166A}.Ad-Hoc|Any CPU.Deploy.0 = Release|Any CPU
		{7E4CA7F5-F161-4ECA-8E6E-6485FA61166A}.Ad-Hoc|iPhone.ActiveCfg = Release|Any CPU
		{7E4CA7F5-F161-4ECA-8E6E-6485FA61166A}.Ad-Hoc|iPhone.Build.0 = Release|Any CPU
		{7E4CA7F5-F161-4ECA-8E6E-6485FA61166A}.Ad-Hoc|iPhone.Deploy.0 = Release|Any CPU
		{7E4CA7F5-F161-4ECA-8E6E-6485FA61166A}.Ad-Hoc|iPhoneSimulator.ActiveCfg = Release|Any CPU
		{7E4CA7F5-F161-4ECA-8E6E-6485FA61166A}.Ad-Hoc|iPhoneSimulator.Build.0 = Release|Any CPU
		{7E4CA7F5-F161-4ECA-8E6E-6485FA61166A}.Ad-Hoc|iPhoneSimulator.Deploy.0 = Release|Any CPU
		{7E4CA7F5-F161-4ECA-8E6E-6485FA61166A}.AppStore|Any CPU.ActiveCfg = Release|Any CPU
		{7E4CA7F5-F161-4ECA-8E6E-6485FA61166A}.AppStore|Any CPU.Build.0 = Release|Any CPU
		{7E4CA7F5-F161-4ECA-8E6E-6485FA61166A}.AppStore|Any CPU.Deploy.0 = Release|Any CPU
		{7E4CA7F5-F161-4ECA-8E6E-6485FA61166A}.AppStore|iPhone.ActiveCfg = Release|Any CPU
		{7E4CA7F5-F161-4ECA-8E6E-6485FA61166A}.AppStore|iPhone.Build.0 = Release|Any CPU
		{7E4CA7F5-F161-4ECA-8E6E-6485FA61166A}.AppStore|iPhone.Deploy.0 = Release|Any CPU
		{7E4CA7F5-F161-4ECA-8E6E-6485FA61166A}.AppStore|iPhoneSimulator.ActiveCfg = Release|Any CPU
		{7E4CA7F5-F161-4ECA-8E6E-6485FA61166A}.AppStore|iPhoneSimulator.Build.0 = Release|Any CPU
		{7E4CA7F5-F161-4ECA-8E6E-6485FA61166A}.AppStore|iPhoneSimulator.Deploy.0 = Release|Any CPU
		{7E4CA7F5-F161-4ECA-8E6E-6485FA61166A}.Debug|Any CPU.ActiveCfg = Debug|Any CPU
		{7E4CA7F5-F161-4ECA-8E6E-6485FA61166A}.Debug|Any CPU.Build.0 = Debug|Any CPU
		{7E4CA7F5-F161-4ECA-8E6E-6485FA61166A}.Debug|Any CPU.Deploy.0 = Debug|Any CPU
		{7E4CA7F5-F161-4ECA-8E6E-6485FA61166A}.Debug|iPhone.ActiveCfg = Debug|Any CPU
		{7E4CA7F5-F161-4ECA-8E6E-6485FA61166A}.Debug|iPhone.Build.0 = Debug|Any CPU
		{7E4CA7F5-F161-4ECA-8E6E-6485FA61166A}.Debug|iPhone.Deploy.0 = Debug|Any CPU
		{7E4CA7F5-F161-4ECA-8E6E-6485FA61166A}.Debug|iPhoneSimulator.ActiveCfg = Debug|Any CPU
		{7E4CA7F5-F161-4ECA-8E6E-6485FA61166A}.Debug|iPhoneSimulator.Build.0 = Debug|Any CPU
		{7E4CA7F5-F161-4ECA-8E6E-6485FA61166A}.Debug|iPhoneSimulator.Deploy.0 = Debug|Any CPU
		{7E4CA7F5-F161-4ECA-8E6E-6485FA61166A}.Release|Any CPU.ActiveCfg = Release|Any CPU
		{7E4CA7F5-F161-4ECA-8E6E-6485FA61166A}.Release|Any CPU.Build.0 = Release|Any CPU
		{7E4CA7F5-F161-4ECA-8E6E-6485FA61166A}.Release|Any CPU.Deploy.0 = Release|Any CPU
		{7E4CA7F5-F161-4ECA-8E6E-6485FA61166A}.Release|iPhone.ActiveCfg = Release|Any CPU
		{7E4CA7F5-F161-4ECA-8E6E-6485FA61166A}.Release|iPhone.Build.0 = Release|Any CPU
		{7E4CA7F5-F161-4ECA-8E6E-6485FA61166A}.Release|iPhone.Deploy.0 = Release|Any CPU
		{7E4CA7F5-F161-4ECA-8E6E-6485FA61166A}.Release|iPhoneSimulator.ActiveCfg = Release|Any CPU
		{7E4CA7F5-F161-4ECA-8E6E-6485FA61166A}.Release|iPhoneSimulator.Build.0 = Release|Any CPU
		{7E4CA7F5-F161-4ECA-8E6E-6485FA61166A}.Release|iPhoneSimulator.Deploy.0 = Release|Any CPU
		{B803B24D-6263-4C4E-8718-7639DD2AF0C6}.Ad-Hoc|Any CPU.ActiveCfg = Ad-Hoc|iPhone
		{B803B24D-6263-4C4E-8718-7639DD2AF0C6}.Ad-Hoc|Any CPU.Build.0 = Ad-Hoc|iPhone
		{B803B24D-6263-4C4E-8718-7639DD2AF0C6}.Ad-Hoc|Any CPU.Deploy.0 = Ad-Hoc|iPhone
		{B803B24D-6263-4C4E-8718-7639DD2AF0C6}.Ad-Hoc|iPhone.ActiveCfg = Ad-Hoc|iPhone
		{B803B24D-6263-4C4E-8718-7639DD2AF0C6}.Ad-Hoc|iPhone.Build.0 = Ad-Hoc|iPhone
		{B803B24D-6263-4C4E-8718-7639DD2AF0C6}.Ad-Hoc|iPhone.Deploy.0 = Ad-Hoc|iPhone
		{B803B24D-6263-4C4E-8718-7639DD2AF0C6}.Ad-Hoc|iPhoneSimulator.ActiveCfg = Ad-Hoc|iPhoneSimulator
		{B803B24D-6263-4C4E-8718-7639DD2AF0C6}.Ad-Hoc|iPhoneSimulator.Build.0 = Ad-Hoc|iPhoneSimulator
		{B803B24D-6263-4C4E-8718-7639DD2AF0C6}.Ad-Hoc|iPhoneSimulator.Deploy.0 = Ad-Hoc|iPhoneSimulator
		{B803B24D-6263-4C4E-8718-7639DD2AF0C6}.AppStore|Any CPU.ActiveCfg = AppStore|iPhone
		{B803B24D-6263-4C4E-8718-7639DD2AF0C6}.AppStore|Any CPU.Build.0 = AppStore|iPhone
		{B803B24D-6263-4C4E-8718-7639DD2AF0C6}.AppStore|Any CPU.Deploy.0 = AppStore|iPhone
		{B803B24D-6263-4C4E-8718-7639DD2AF0C6}.AppStore|iPhone.ActiveCfg = AppStore|iPhone
		{B803B24D-6263-4C4E-8718-7639DD2AF0C6}.AppStore|iPhone.Build.0 = AppStore|iPhone
		{B803B24D-6263-4C4E-8718-7639DD2AF0C6}.AppStore|iPhone.Deploy.0 = AppStore|iPhone
		{B803B24D-6263-4C4E-8718-7639DD2AF0C6}.AppStore|iPhoneSimulator.ActiveCfg = AppStore|iPhoneSimulator
		{B803B24D-6263-4C4E-8718-7639DD2AF0C6}.AppStore|iPhoneSimulator.Build.0 = AppStore|iPhoneSimulator
		{B803B24D-6263-4C4E-8718-7639DD2AF0C6}.AppStore|iPhoneSimulator.Deploy.0 = AppStore|iPhoneSimulator
		{B803B24D-6263-4C4E-8718-7639DD2AF0C6}.Debug|Any CPU.ActiveCfg = Debug|iPhoneSimulator
		{B803B24D-6263-4C4E-8718-7639DD2AF0C6}.Debug|Any CPU.Build.0 = Debug|iPhoneSimulator
		{B803B24D-6263-4C4E-8718-7639DD2AF0C6}.Debug|Any CPU.Deploy.0 = Debug|iPhoneSimulator
		{B803B24D-6263-4C4E-8718-7639DD2AF0C6}.Debug|iPhone.ActiveCfg = Debug|iPhone
		{B803B24D-6263-4C4E-8718-7639DD2AF0C6}.Debug|iPhone.Build.0 = Debug|iPhone
		{B803B24D-6263-4C4E-8718-7639DD2AF0C6}.Debug|iPhone.Deploy.0 = Debug|iPhone
		{B803B24D-6263-4C4E-8718-7639DD2AF0C6}.Debug|iPhoneSimulator.ActiveCfg = Debug|iPhoneSimulator
		{B803B24D-6263-4C4E-8718-7639DD2AF0C6}.Debug|iPhoneSimulator.Build.0 = Debug|iPhoneSimulator
		{B803B24D-6263-4C4E-8718-7639DD2AF0C6}.Debug|iPhoneSimulator.Deploy.0 = Debug|iPhoneSimulator
		{B803B24D-6263-4C4E-8718-7639DD2AF0C6}.Release|Any CPU.ActiveCfg = Release|iPhone
		{B803B24D-6263-4C4E-8718-7639DD2AF0C6}.Release|Any CPU.Build.0 = Release|iPhone
		{B803B24D-6263-4C4E-8718-7639DD2AF0C6}.Release|Any CPU.Deploy.0 = Release|iPhone
		{B803B24D-6263-4C4E-8718-7639DD2AF0C6}.Release|iPhone.ActiveCfg = Release|iPhone
		{B803B24D-6263-4C4E-8718-7639DD2AF0C6}.Release|iPhone.Build.0 = Release|iPhone
		{B803B24D-6263-4C4E-8718-7639DD2AF0C6}.Release|iPhone.Deploy.0 = Release|iPhone
		{B803B24D-6263-4C4E-8718-7639DD2AF0C6}.Release|iPhoneSimulator.ActiveCfg = Release|iPhoneSimulator
		{B803B24D-6263-4C4E-8718-7639DD2AF0C6}.Release|iPhoneSimulator.Build.0 = Release|iPhoneSimulator
		{B803B24D-6263-4C4E-8718-7639DD2AF0C6}.Release|iPhoneSimulator.Deploy.0 = Release|iPhoneSimulator
		{3AA0CEBA-0015-4909-8CD9-C26A47A0C61F}.Ad-Hoc|Any CPU.ActiveCfg = Debug|Any CPU
		{3AA0CEBA-0015-4909-8CD9-C26A47A0C61F}.Ad-Hoc|Any CPU.Build.0 = Debug|Any CPU
		{3AA0CEBA-0015-4909-8CD9-C26A47A0C61F}.Ad-Hoc|Any CPU.Deploy.0 = Debug|Any CPU
		{3AA0CEBA-0015-4909-8CD9-C26A47A0C61F}.Ad-Hoc|iPhone.ActiveCfg = Debug|Any CPU
		{3AA0CEBA-0015-4909-8CD9-C26A47A0C61F}.Ad-Hoc|iPhone.Build.0 = Debug|Any CPU
		{3AA0CEBA-0015-4909-8CD9-C26A47A0C61F}.Ad-Hoc|iPhone.Deploy.0 = Debug|Any CPU
		{3AA0CEBA-0015-4909-8CD9-C26A47A0C61F}.Ad-Hoc|iPhoneSimulator.ActiveCfg = Debug|Any CPU
		{3AA0CEBA-0015-4909-8CD9-C26A47A0C61F}.Ad-Hoc|iPhoneSimulator.Build.0 = Debug|Any CPU
		{3AA0CEBA-0015-4909-8CD9-C26A47A0C61F}.Ad-Hoc|iPhoneSimulator.Deploy.0 = Debug|Any CPU
		{3AA0CEBA-0015-4909-8CD9-C26A47A0C61F}.AppStore|Any CPU.ActiveCfg = Debug|Any CPU
		{3AA0CEBA-0015-4909-8CD9-C26A47A0C61F}.AppStore|Any CPU.Build.0 = Debug|Any CPU
		{3AA0CEBA-0015-4909-8CD9-C26A47A0C61F}.AppStore|Any CPU.Deploy.0 = Debug|Any CPU
		{3AA0CEBA-0015-4909-8CD9-C26A47A0C61F}.AppStore|iPhone.ActiveCfg = Debug|Any CPU
		{3AA0CEBA-0015-4909-8CD9-C26A47A0C61F}.AppStore|iPhone.Build.0 = Debug|Any CPU
		{3AA0CEBA-0015-4909-8CD9-C26A47A0C61F}.AppStore|iPhone.Deploy.0 = Debug|Any CPU
		{3AA0CEBA-0015-4909-8CD9-C26A47A0C61F}.AppStore|iPhoneSimulator.ActiveCfg = Debug|Any CPU
		{3AA0CEBA-0015-4909-8CD9-C26A47A0C61F}.AppStore|iPhoneSimulator.Build.0 = Debug|Any CPU
		{3AA0CEBA-0015-4909-8CD9-C26A47A0C61F}.AppStore|iPhoneSimulator.Deploy.0 = Debug|Any CPU
		{3AA0CEBA-0015-4909-8CD9-C26A47A0C61F}.Debug|Any CPU.ActiveCfg = Debug|Any CPU
		{3AA0CEBA-0015-4909-8CD9-C26A47A0C61F}.Debug|Any CPU.Build.0 = Debug|Any CPU
		{3AA0CEBA-0015-4909-8CD9-C26A47A0C61F}.Debug|Any CPU.Deploy.0 = Debug|Any CPU
		{3AA0CEBA-0015-4909-8CD9-C26A47A0C61F}.Debug|iPhone.ActiveCfg = Debug|Any CPU
		{3AA0CEBA-0015-4909-8CD9-C26A47A0C61F}.Debug|iPhone.Build.0 = Debug|Any CPU
		{3AA0CEBA-0015-4909-8CD9-C26A47A0C61F}.Debug|iPhone.Deploy.0 = Debug|Any CPU
		{3AA0CEBA-0015-4909-8CD9-C26A47A0C61F}.Debug|iPhoneSimulator.ActiveCfg = Debug|Any CPU
		{3AA0CEBA-0015-4909-8CD9-C26A47A0C61F}.Debug|iPhoneSimulator.Build.0 = Debug|Any CPU
		{3AA0CEBA-0015-4909-8CD9-C26A47A0C61F}.Debug|iPhoneSimulator.Deploy.0 = Debug|Any CPU
		{3AA0CEBA-0015-4909-8CD9-C26A47A0C61F}.Release|Any CPU.ActiveCfg = Release|Any CPU
		{3AA0CEBA-0015-4909-8CD9-C26A47A0C61F}.Release|Any CPU.Build.0 = Release|Any CPU
		{3AA0CEBA-0015-4909-8CD9-C26A47A0C61F}.Release|Any CPU.Deploy.0 = Release|Any CPU
		{3AA0CEBA-0015-4909-8CD9-C26A47A0C61F}.Release|iPhone.ActiveCfg = Release|Any CPU
		{3AA0CEBA-0015-4909-8CD9-C26A47A0C61F}.Release|iPhone.Build.0 = Release|Any CPU
		{3AA0CEBA-0015-4909-8CD9-C26A47A0C61F}.Release|iPhone.Deploy.0 = Release|Any CPU
		{3AA0CEBA-0015-4909-8CD9-C26A47A0C61F}.Release|iPhoneSimulator.ActiveCfg = Release|Any CPU
		{3AA0CEBA-0015-4909-8CD9-C26A47A0C61F}.Release|iPhoneSimulator.Build.0 = Release|Any CPU
		{3AA0CEBA-0015-4909-8CD9-C26A47A0C61F}.Release|iPhoneSimulator.Deploy.0 = Release|Any CPU
	EndGlobalSection
	GlobalSection(SolutionProperties) = preSolution
		HideSolutionNode = FALSE
	EndGlobalSection
	GlobalSection(ExtensibilityGlobals) = postSolution
		SolutionGuid = {38995602-AC36-472C-8236-FDDC41D2BFB2}
	EndGlobalSection
EndGlobal
