
Microsoft Visual Studio Solution File, Format Version 12.00
# Visual Studio 15
VisualStudioVersion = 15.0.28307.136
MinimumVisualStudioVersion = 10.0.40219.1
Project("{FAE04EC0-301F-11D3-BF4B-00C04F79EFBC}") = "PhoneWords.Android", "PhoneWords\PhoneWords.Android\PhoneWords.Android.csproj", "{8E31E150-7D88-49A3-BD31-9A6997C1BB88}"
EndProject
Project("{FAE04EC0-301F-11D3-BF4B-00C04F79EFBC}") = "PhoneWords.iOS", "PhoneWords\PhoneWords.iOS\PhoneWords.iOS.csproj", "{3CB7A596-722F-46FD-82AB-599463289DEA}"
EndProject
Project("{FAE04EC0-301F-11D3-BF4B-00C04F79EFBC}") = "PhoneWords", "PhoneWords\PhoneWords\PhoneWords.csproj", "{1C29E4DF-8DC6-42CB-AF81-8DB4830F7B6A}"
EndProject
Global
	GlobalSection(SolutionConfigurationPlatforms) = preSolution
		Ad-Hoc|Any CPU = Ad-Hoc|Any CPU
		Ad-Hoc|iPhone = Ad-Hoc|iPhone
		Ad-Hoc|iPhoneSimulator = Ad-Hoc|iPhoneSimulator
		AppStore|Any CPU = AppStore|Any CPU
		AppStore|iPhone = AppStore|iPhone
		AppStore|iPhoneSimulator = AppStore|iPhoneSimulator
		Debug|Any CPU = Debug|Any CPU
		Debug|iPhone = Debug|iPhone
		Debug|iPhoneSimulator = Debug|iPhoneSimulator
		Release|Any CPU = Release|Any CPU
		Release|iPhone = Release|iPhone
		Release|iPhoneSimulator = Release|iPhoneSimulator
	EndGlobalSection
	GlobalSection(ProjectConfigurationPlatforms) = postSolution
		{8E31E150-7D88-49A3-BD31-9A6997C1BB88}.Ad-Hoc|Any CPU.ActiveCfg = Release|Any CPU
		{8E31E150-7D88-49A3-BD31-9A6997C1BB88}.Ad-Hoc|Any CPU.Build.0 = Release|Any CPU
		{8E31E150-7D88-49A3-BD31-9A6997C1BB88}.Ad-Hoc|Any CPU.Deploy.0 = Release|Any CPU
		{8E31E150-7D88-49A3-BD31-9A6997C1BB88}.Ad-Hoc|iPhone.ActiveCfg = Release|Any CPU
		{8E31E150-7D88-49A3-BD31-9A6997C1BB88}.Ad-Hoc|iPhone.Build.0 = Release|Any CPU
		{8E31E150-7D88-49A3-BD31-9A6997C1BB88}.Ad-Hoc|iPhone.Deploy.0 = Release|Any CPU
		{8E31E150-7D88-49A3-BD31-9A6997C1BB88}.Ad-Hoc|iPhoneSimulator.ActiveCfg = Release|Any CPU
		{8E31E150-7D88-49A3-BD31-9A6997C1BB88}.Ad-Hoc|iPhoneSimulator.Build.0 = Release|Any CPU
		{8E31E150-7D88-49A3-BD31-9A6997C1BB88}.Ad-Hoc|iPhoneSimulator.Deploy.0 = Release|Any CPU
		{8E31E150-7D88-49A3-BD31-9A6997C1BB88}.AppStore|Any CPU.ActiveCfg = Release|Any CPU
		{8E31E150-7D88-49A3-BD31-9A6997C1BB88}.AppStore|Any CPU.Build.0 = Release|Any CPU
		{8E31E150-7D88-49A3-BD31-9A6997C1BB88}.AppStore|Any CPU.Deploy.0 = Release|Any CPU
		{8E31E150-7D88-49A3-BD31-9A6997C1BB88}.AppStore|iPhone.ActiveCfg = Release|Any CPU
		{8E31E150-7D88-49A3-BD31-9A6997C1BB88}.AppStore|iPhone.Build.0 = Release|Any CPU
		{8E31E150-7D88-49A3-BD31-9A6997C1BB88}.AppStore|iPhone.Deploy.0 = Release|Any CPU
		{8E31E150-7D88-49A3-BD31-9A6997C1BB88}.AppStore|iPhoneSimulator.ActiveCfg = Release|Any CPU
		{8E31E150-7D88-49A3-BD31-9A6997C1BB88}.AppStore|iPhoneSimulator.Build.0 = Release|Any CPU
		{8E31E150-7D88-49A3-BD31-9A6997C1BB88}.AppStore|iPhoneSimulator.Deploy.0 = Release|Any CPU
		{8E31E150-7D88-49A3-BD31-9A6997C1BB88}.Debug|Any CPU.ActiveCfg = Debug|Any CPU
		{8E31E150-7D88-49A3-BD31-9A6997C1BB88}.Debug|Any CPU.Build.0 = Debug|Any CPU
		{8E31E150-7D88-49A3-BD31-9A6997C1BB88}.Debug|Any CPU.Deploy.0 = Debug|Any CPU
		{8E31E150-7D88-49A3-BD31-9A6997C1BB88}.Debug|iPhone.ActiveCfg = Debug|Any CPU
		{8E31E150-7D88-49A3-BD31-9A6997C1BB88}.Debug|iPhone.Build.0 = Debug|Any CPU
		{8E31E150-7D88-49A3-BD31-9A6997C1BB88}.Debug|iPhone.Deploy.0 = Debug|Any CPU
		{8E31E150-7D88-49A3-BD31-9A6997C1BB88}.Debug|iPhoneSimulator.ActiveCfg = Debug|Any CPU
		{8E31E150-7D88-49A3-BD31-9A6997C1BB88}.Debug|iPhoneSimulator.Build.0 = Debug|Any CPU
		{8E31E150-7D88-49A3-BD31-9A6997C1BB88}.Debug|iPhoneSimulator.Deploy.0 = Debug|Any CPU
		{8E31E150-7D88-49A3-BD31-9A6997C1BB88}.Release|Any CPU.ActiveCfg = Release|Any CPU
		{8E31E150-7D88-49A3-BD31-9A6997C1BB88}.Release|Any CPU.Build.0 = Release|Any CPU
		{8E31E150-7D88-49A3-BD31-9A6997C1BB88}.Release|Any CPU.Deploy.0 = Release|Any CPU
		{8E31E150-7D88-49A3-BD31-9A6997C1BB88}.Release|iPhone.ActiveCfg = Release|Any CPU
		{8E31E150-7D88-49A3-BD31-9A6997C1BB88}.Release|iPhone.Build.0 = Release|Any CPU
		{8E31E150-7D88-49A3-BD31-9A6997C1BB88}.Release|iPhone.Deploy.0 = Release|Any CPU
		{8E31E150-7D88-49A3-BD31-9A6997C1BB88}.Release|iPhoneSimulator.ActiveCfg = Release|Any CPU
		{8E31E150-7D88-49A3-BD31-9A6997C1BB88}.Release|iPhoneSimulator.Build.0 = Release|Any CPU
		{8E31E150-7D88-49A3-BD31-9A6997C1BB88}.Release|iPhoneSimulator.Deploy.0 = Release|Any CPU
		{3CB7A596-722F-46FD-82AB-599463289DEA}.Ad-Hoc|Any CPU.ActiveCfg = Ad-Hoc|iPhone
		{3CB7A596-722F-46FD-82AB-599463289DEA}.Ad-Hoc|Any CPU.Build.0 = Ad-Hoc|iPhone
		{3CB7A596-722F-46FD-82AB-599463289DEA}.Ad-Hoc|Any CPU.Deploy.0 = Ad-Hoc|iPhone
		{3CB7A596-722F-46FD-82AB-599463289DEA}.Ad-Hoc|iPhone.ActiveCfg = Ad-Hoc|iPhone
		{3CB7A596-722F-46FD-82AB-599463289DEA}.Ad-Hoc|iPhone.Build.0 = Ad-Hoc|iPhone
		{3CB7A596-722F-46FD-82AB-599463289DEA}.Ad-Hoc|iPhone.Deploy.0 = Ad-Hoc|iPhone
		{3CB7A596-722F-46FD-82AB-599463289DEA}.Ad-Hoc|iPhoneSimulator.ActiveCfg = Ad-Hoc|iPhoneSimulator
		{3CB7A596-722F-46FD-82AB-599463289DEA}.Ad-Hoc|iPhoneSimulator.Build.0 = Ad-Hoc|iPhoneSimulator
		{3CB7A596-722F-46FD-82AB-599463289DEA}.Ad-Hoc|iPhoneSimulator.Deploy.0 = Ad-Hoc|iPhoneSimulator
		{3CB7A596-722F-46FD-82AB-599463289DEA}.AppStore|Any CPU.ActiveCfg = AppStore|iPhone
		{3CB7A596-722F-46FD-82AB-599463289DEA}.AppStore|Any CPU.Build.0 = AppStore|iPhone
		{3CB7A596-722F-46FD-82AB-599463289DEA}.AppStore|Any CPU.Deploy.0 = AppStore|iPhone
		{3CB7A596-722F-46FD-82AB-599463289DEA}.AppStore|iPhone.ActiveCfg = AppStore|iPhone
		{3CB7A596-722F-46FD-82AB-599463289DEA}.AppStore|iPhone.Build.0 = AppStore|iPhone
		{3CB7A596-722F-46FD-82AB-599463289DEA}.AppStore|iPhone.Deploy.0 = AppStore|iPhone
		{3CB7A596-722F-46FD-82AB-599463289DEA}.AppStore|iPhoneSimulator.ActiveCfg = AppStore|iPhoneSimulator
		{3CB7A596-722F-46FD-82AB-599463289DEA}.AppStore|iPhoneSimulator.Build.0 = AppStore|iPhoneSimulator
		{3CB7A596-722F-46FD-82AB-599463289DEA}.AppStore|iPhoneSimulator.Deploy.0 = AppStore|iPhoneSimulator
		{3CB7A596-722F-46FD-82AB-599463289DEA}.Debug|Any CPU.ActiveCfg = Debug|iPhoneSimulator
		{3CB7A596-722F-46FD-82AB-599463289DEA}.Debug|Any CPU.Build.0 = Debug|iPhoneSimulator
		{3CB7A596-722F-46FD-82AB-599463289DEA}.Debug|Any CPU.Deploy.0 = Debug|iPhoneSimulator
		{3CB7A596-722F-46FD-82AB-599463289DEA}.Debug|iPhone.ActiveCfg = Debug|iPhone
		{3CB7A596-722F-46FD-82AB-599463289DEA}.Debug|iPhone.Build.0 = Debug|iPhone
		{3CB7A596-722F-46FD-82AB-599463289DEA}.Debug|iPhone.Deploy.0 = Debug|iPhone
		{3CB7A596-722F-46FD-82AB-599463289DEA}.Debug|iPhoneSimulator.ActiveCfg = Debug|iPhoneSimulator
		{3CB7A596-722F-46FD-82AB-599463289DEA}.Debug|iPhoneSimulator.Build.0 = Debug|iPhoneSimulator
		{3CB7A596-722F-46FD-82AB-599463289DEA}.Debug|iPhoneSimulator.Deploy.0 = Debug|iPhoneSimulator
		{3CB7A596-722F-46FD-82AB-599463289DEA}.Release|Any CPU.ActiveCfg = Release|iPhone
		{3CB7A596-722F-46FD-82AB-599463289DEA}.Release|Any CPU.Build.0 = Release|iPhone
		{3CB7A596-722F-46FD-82AB-599463289DEA}.Release|Any CPU.Deploy.0 = Release|iPhone
		{3CB7A596-722F-46FD-82AB-599463289DEA}.Release|iPhone.ActiveCfg = Release|iPhone
		{3CB7A596-722F-46FD-82AB-599463289DEA}.Release|iPhone.Build.0 = Release|iPhone
		{3CB7A596-722F-46FD-82AB-599463289DEA}.Release|iPhone.Deploy.0 = Release|iPhone
		{3CB7A596-722F-46FD-82AB-599463289DEA}.Release|iPhoneSimulator.ActiveCfg = Release|iPhoneSimulator
		{3CB7A596-722F-46FD-82AB-599463289DEA}.Release|iPhoneSimulator.Build.0 = Release|iPhoneSimulator
		{3CB7A596-722F-46FD-82AB-599463289DEA}.Release|iPhoneSimulator.Deploy.0 = Release|iPhoneSimulator
		{1C29E4DF-8DC6-42CB-AF81-8DB4830F7B6A}.Ad-Hoc|Any CPU.ActiveCfg = Debug|Any CPU
		{1C29E4DF-8DC6-42CB-AF81-8DB4830F7B6A}.Ad-Hoc|Any CPU.Build.0 = Debug|Any CPU
		{1C29E4DF-8DC6-42CB-AF81-8DB4830F7B6A}.Ad-Hoc|Any CPU.Deploy.0 = Debug|Any CPU
		{1C29E4DF-8DC6-42CB-AF81-8DB4830F7B6A}.Ad-Hoc|iPhone.ActiveCfg = Debug|Any CPU
		{1C29E4DF-8DC6-42CB-AF81-8DB4830F7B6A}.Ad-Hoc|iPhone.Build.0 = Debug|Any CPU
		{1C29E4DF-8DC6-42CB-AF81-8DB4830F7B6A}.Ad-Hoc|iPhone.Deploy.0 = Debug|Any CPU
		{1C29E4DF-8DC6-42CB-AF81-8DB4830F7B6A}.Ad-Hoc|iPhoneSimulator.ActiveCfg = Debug|Any CPU
		{1C29E4DF-8DC6-42CB-AF81-8DB4830F7B6A}.Ad-Hoc|iPhoneSimulator.Build.0 = Debug|Any CPU
		{1C29E4DF-8DC6-42CB-AF81-8DB4830F7B6A}.Ad-Hoc|iPhoneSimulator.Deploy.0 = Debug|Any CPU
		{1C29E4DF-8DC6-42CB-AF81-8DB4830F7B6A}.AppStore|Any CPU.ActiveCfg = Debug|Any CPU
		{1C29E4DF-8DC6-42CB-AF81-8DB4830F7B6A}.AppStore|Any CPU.Build.0 = Debug|Any CPU
		{1C29E4DF-8DC6-42CB-AF81-8DB4830F7B6A}.AppStore|Any CPU.Deploy.0 = Debug|Any CPU
		{1C29E4DF-8DC6-42CB-AF81-8DB4830F7B6A}.AppStore|iPhone.ActiveCfg = Debug|Any CPU
		{1C29E4DF-8DC6-42CB-AF81-8DB4830F7B6A}.AppStore|iPhone.Build.0 = Debug|Any CPU
		{1C29E4DF-8DC6-42CB-AF81-8DB4830F7B6A}.AppStore|iPhone.Deploy.0 = Debug|Any CPU
		{1C29E4DF-8DC6-42CB-AF81-8DB4830F7B6A}.AppStore|iPhoneSimulator.ActiveCfg = Debug|Any CPU
		{1C29E4DF-8DC6-42CB-AF81-8DB4830F7B6A}.AppStore|iPhoneSimulator.Build.0 = Debug|Any CPU
		{1C29E4DF-8DC6-42CB-AF81-8DB4830F7B6A}.AppStore|iPhoneSimulator.Deploy.0 = Debug|Any CPU
		{1C29E4DF-8DC6-42CB-AF81-8DB4830F7B6A}.Debug|Any CPU.ActiveCfg = Debug|Any CPU
		{1C29E4DF-8DC6-42CB-AF81-8DB4830F7B6A}.Debug|Any CPU.Build.0 = Debug|Any CPU
		{1C29E4DF-8DC6-42CB-AF81-8DB4830F7B6A}.Debug|Any CPU.Deploy.0 = Debug|Any CPU
		{1C29E4DF-8DC6-42CB-AF81-8DB4830F7B6A}.Debug|iPhone.ActiveCfg = Debug|Any CPU
		{1C29E4DF-8DC6-42CB-AF81-8DB4830F7B6A}.Debug|iPhone.Build.0 = Debug|Any CPU
		{1C29E4DF-8DC6-42CB-AF81-8DB4830F7B6A}.Debug|iPhone.Deploy.0 = Debug|Any CPU
		{1C29E4DF-8DC6-42CB-AF81-8DB4830F7B6A}.Debug|iPhoneSimulator.ActiveCfg = Debug|Any CPU
		{1C29E4DF-8DC6-42CB-AF81-8DB4830F7B6A}.Debug|iPhoneSimulator.Build.0 = Debug|Any CPU
		{1C29E4DF-8DC6-42CB-AF81-8DB4830F7B6A}.Debug|iPhoneSimulator.Deploy.0 = Debug|Any CPU
		{1C29E4DF-8DC6-42CB-AF81-8DB4830F7B6A}.Release|Any CPU.ActiveCfg = Release|Any CPU
		{1C29E4DF-8DC6-42CB-AF81-8DB4830F7B6A}.Release|Any CPU.Build.0 = Release|Any CPU
		{1C29E4DF-8DC6-42CB-AF81-8DB4830F7B6A}.Release|Any CPU.Deploy.0 = Release|Any CPU
		{1C29E4DF-8DC6-42CB-AF81-8DB4830F7B6A}.Release|iPhone.ActiveCfg = Release|Any CPU
		{1C29E4DF-8DC6-42CB-AF81-8DB4830F7B6A}.Release|iPhone.Build.0 = Release|Any CPU
		{1C29E4DF-8DC6-42CB-AF81-8DB4830F7B6A}.Release|iPhone.Deploy.0 = Release|Any CPU
		{1C29E4DF-8DC6-42CB-AF81-8DB4830F7B6A}.Release|iPhoneSimulator.ActiveCfg = Release|Any CPU
		{1C29E4DF-8DC6-42CB-AF81-8DB4830F7B6A}.Release|iPhoneSimulator.Build.0 = Release|Any CPU
		{1C29E4DF-8DC6-42CB-AF81-8DB4830F7B6A}.Release|iPhoneSimulator.Deploy.0 = Release|Any CPU
	EndGlobalSection
	GlobalSection(SolutionProperties) = preSolution
		HideSolutionNode = FALSE
	EndGlobalSection
	GlobalSection(ExtensibilityGlobals) = postSolution
		SolutionGuid = {633ACEAB-4FCE-48ED-ADA3-FC4C3F785962}
	EndGlobalSection
EndGlobal
