
Microsoft Visual Studio Solution File, Format Version 12.00
# Visual Studio 15
VisualStudioVersion = 15.0.28307.136
MinimumVisualStudioVersion = 10.0.40219.1
Project("{FAE04EC0-301F-11D3-BF4B-00C04F79EFBC}") = "MyCoreApp", "MyCoreApp\MyCoreApp.csproj", "{0803E578-57AA-46E1-BC97-846D35438667}"
EndProject
Global
	GlobalSection(SolutionConfigurationPlatforms) = preSolution
		Debug|Any CPU = Debug|Any CPU
		Release|Any CPU = Release|Any CPU
	EndGlobalSection
	GlobalSection(ProjectConfigurationPlatforms) = postSolution
		{0803E578-57AA-46E1-BC97-846D35438667}.Debug|Any CPU.ActiveCfg = Debug|Any CPU
		{0803E578-57AA-46E1-BC97-846D35438667}.Debug|Any CPU.Build.0 = Debug|Any CPU
		{0803E578-57AA-46E1-BC97-846D35438667}.Release|Any CPU.ActiveCfg = Release|Any CPU
		{0803E578-57AA-46E1-BC97-846D35438667}.Release|Any CPU.Build.0 = Release|Any CPU
	EndGlobalSection
	GlobalSection(SolutionProperties) = preSolution
		HideSolutionNode = FALSE
	EndGlobalSection
	GlobalSection(ExtensibilityGlobals) = postSolution
		SolutionGuid = {7FE9DE70-F6E6-4283-A103-3AC6F3823123}
	EndGlobalSection
EndGlobal
