
Microsoft Visual Studio Solution File, Format Version 12.00
# Visual Studio 15
VisualStudioVersion = 15.0.28307.329
MinimumVisualStudioVersion = 10.0.40219.1
Project("{FAE04EC0-301F-11D3-BF4B-00C04F79EFBC}") = "ContextActionApp.Android", "ContextActionApp\ContextActionApp.Android\ContextActionApp.Android.csproj", "{7AF09CF8-62A6-4733-963C-FE12AB10259E}"
EndProject
Project("{FAE04EC0-301F-11D3-BF4B-00C04F79EFBC}") = "ContextActionApp.iOS", "ContextActionApp\ContextActionApp.iOS\ContextActionApp.iOS.csproj", "{4A5E029E-6CB2-4095-8E18-5C44A0F1976B}"
EndProject
Project("{FAE04EC0-301F-11D3-BF4B-00C04F79EFBC}") = "ContextActionApp.UWP", "ContextActionApp\ContextActionApp.UWP\ContextActionApp.UWP.csproj", "{097D0BF0-622F-41C9-85C2-DD3D4EE4D1A6}"
EndProject
Project("{FAE04EC0-301F-11D3-BF4B-00C04F79EFBC}") = "ContextActionApp", "ContextActionApp\ContextActionApp\ContextActionApp.csproj", "{4F31AAC0-0296-462D-95BE-F49213A6A47A}"
EndProject
Global
	GlobalSection(SolutionConfigurationPlatforms) = preSolution
		Ad-Hoc|Any CPU = Ad-Hoc|Any CPU
		Ad-Hoc|ARM = Ad-Hoc|ARM
		Ad-Hoc|iPhone = Ad-Hoc|iPhone
		Ad-Hoc|iPhoneSimulator = Ad-Hoc|iPhoneSimulator
		Ad-Hoc|x64 = Ad-Hoc|x64
		Ad-Hoc|x86 = Ad-Hoc|x86
		AppStore|Any CPU = AppStore|Any CPU
		AppStore|ARM = AppStore|ARM
		AppStore|iPhone = AppStore|iPhone
		AppStore|iPhoneSimulator = AppStore|iPhoneSimulator
		AppStore|x64 = AppStore|x64
		AppStore|x86 = AppStore|x86
		Debug|Any CPU = Debug|Any CPU
		Debug|ARM = Debug|ARM
		Debug|iPhone = Debug|iPhone
		Debug|iPhoneSimulator = Debug|iPhoneSimulator
		Debug|x64 = Debug|x64
		Debug|x86 = Debug|x86
		Release|Any CPU = Release|Any CPU
		Release|ARM = Release|ARM
		Release|iPhone = Release|iPhone
		Release|iPhoneSimulator = Release|iPhoneSimulator
		Release|x64 = Release|x64
		Release|x86 = Release|x86
	EndGlobalSection
	GlobalSection(ProjectConfigurationPlatforms) = postSolution
		{7AF09CF8-62A6-4733-963C-FE12AB10259E}.Ad-Hoc|Any CPU.ActiveCfg = Release|Any CPU
		{7AF09CF8-62A6-4733-963C-FE12AB10259E}.Ad-Hoc|Any CPU.Build.0 = Release|Any CPU
		{7AF09CF8-62A6-4733-963C-FE12AB10259E}.Ad-Hoc|Any CPU.Deploy.0 = Release|Any CPU
		{7AF09CF8-62A6-4733-963C-FE12AB10259E}.Ad-Hoc|ARM.ActiveCfg = Release|Any CPU
		{7AF09CF8-62A6-4733-963C-FE12AB10259E}.Ad-Hoc|ARM.Build.0 = Release|Any CPU
		{7AF09CF8-62A6-4733-963C-FE12AB10259E}.Ad-Hoc|ARM.Deploy.0 = Release|Any CPU
		{7AF09CF8-62A6-4733-963C-FE12AB10259E}.Ad-Hoc|iPhone.ActiveCfg = Release|Any CPU
		{7AF09CF8-62A6-4733-963C-FE12AB10259E}.Ad-Hoc|iPhone.Build.0 = Release|Any CPU
		{7AF09CF8-62A6-4733-963C-FE12AB10259E}.Ad-Hoc|iPhone.Deploy.0 = Release|Any CPU
		{7AF09CF8-62A6-4733-963C-FE12AB10259E}.Ad-Hoc|iPhoneSimulator.ActiveCfg = Release|Any CPU
		{7AF09CF8-62A6-4733-963C-FE12AB10259E}.Ad-Hoc|iPhoneSimulator.Build.0 = Release|Any CPU
		{7AF09CF8-62A6-4733-963C-FE12AB10259E}.Ad-Hoc|iPhoneSimulator.Deploy.0 = Release|Any CPU
		{7AF09CF8-62A6-4733-963C-FE12AB10259E}.Ad-Hoc|x64.ActiveCfg = Release|Any CPU
		{7AF09CF8-62A6-4733-963C-FE12AB10259E}.Ad-Hoc|x64.Build.0 = Release|Any CPU
		{7AF09CF8-62A6-4733-963C-FE12AB10259E}.Ad-Hoc|x64.Deploy.0 = Release|Any CPU
		{7AF09CF8-62A6-4733-963C-FE12AB10259E}.Ad-Hoc|x86.ActiveCfg = Release|Any CPU
		{7AF09CF8-62A6-4733-963C-FE12AB10259E}.Ad-Hoc|x86.Build.0 = Release|Any CPU
		{7AF09CF8-62A6-4733-963C-FE12AB10259E}.Ad-Hoc|x86.Deploy.0 = Release|Any CPU
		{7AF09CF8-62A6-4733-963C-FE12AB10259E}.AppStore|Any CPU.ActiveCfg = Release|Any CPU
		{7AF09CF8-62A6-4733-963C-FE12AB10259E}.AppStore|Any CPU.Build.0 = Release|Any CPU
		{7AF09CF8-62A6-4733-963C-FE12AB10259E}.AppStore|Any CPU.Deploy.0 = Release|Any CPU
		{7AF09CF8-62A6-4733-963C-FE12AB10259E}.AppStore|ARM.ActiveCfg = Release|Any CPU
		{7AF09CF8-62A6-4733-963C-FE12AB10259E}.AppStore|ARM.Build.0 = Release|Any CPU
		{7AF09CF8-62A6-4733-963C-FE12AB10259E}.AppStore|ARM.Deploy.0 = Release|Any CPU
		{7AF09CF8-62A6-4733-963C-FE12AB10259E}.AppStore|iPhone.ActiveCfg = Release|Any CPU
		{7AF09CF8-62A6-4733-963C-FE12AB10259E}.AppStore|iPhone.Build.0 = Release|Any CPU
		{7AF09CF8-62A6-4733-963C-FE12AB10259E}.AppStore|iPhone.Deploy.0 = Release|Any CPU
		{7AF09CF8-62A6-4733-963C-FE12AB10259E}.AppStore|iPhoneSimulator.ActiveCfg = Release|Any CPU
		{7AF09CF8-62A6-4733-963C-FE12AB10259E}.AppStore|iPhoneSimulator.Build.0 = Release|Any CPU
		{7AF09CF8-62A6-4733-963C-FE12AB10259E}.AppStore|iPhoneSimulator.Deploy.0 = Release|Any CPU
		{7AF09CF8-62A6-4733-963C-FE12AB10259E}.AppStore|x64.ActiveCfg = Release|Any CPU
		{7AF09CF8-62A6-4733-963C-FE12AB10259E}.AppStore|x64.Build.0 = Release|Any CPU
		{7AF09CF8-62A6-4733-963C-FE12AB10259E}.AppStore|x64.Deploy.0 = Release|Any CPU
		{7AF09CF8-62A6-4733-963C-FE12AB10259E}.AppStore|x86.ActiveCfg = Release|Any CPU
		{7AF09CF8-62A6-4733-963C-FE12AB10259E}.AppStore|x86.Build.0 = Release|Any CPU
		{7AF09CF8-62A6-4733-963C-FE12AB10259E}.AppStore|x86.Deploy.0 = Release|Any CPU
		{7AF09CF8-62A6-4733-963C-FE12AB10259E}.Debug|Any CPU.ActiveCfg = Debug|Any CPU
		{7AF09CF8-62A6-4733-963C-FE12AB10259E}.Debug|Any CPU.Build.0 = Debug|Any CPU
		{7AF09CF8-62A6-4733-963C-FE12AB10259E}.Debug|Any CPU.Deploy.0 = Debug|Any CPU
		{7AF09CF8-62A6-4733-963C-FE12AB10259E}.Debug|ARM.ActiveCfg = Debug|Any CPU
		{7AF09CF8-62A6-4733-963C-FE12AB10259E}.Debug|ARM.Build.0 = Debug|Any CPU
		{7AF09CF8-62A6-4733-963C-FE12AB10259E}.Debug|ARM.Deploy.0 = Debug|Any CPU
		{7AF09CF8-62A6-4733-963C-FE12AB10259E}.Debug|iPhone.ActiveCfg = Debug|Any CPU
		{7AF09CF8-62A6-4733-963C-FE12AB10259E}.Debug|iPhone.Build.0 = Debug|Any CPU
		{7AF09CF8-62A6-4733-963C-FE12AB10259E}.Debug|iPhone.Deploy.0 = Debug|Any CPU
		{7AF09CF8-62A6-4733-963C-FE12AB10259E}.Debug|iPhoneSimulator.ActiveCfg = Debug|Any CPU
		{7AF09CF8-62A6-4733-963C-FE12AB10259E}.Debug|iPhoneSimulator.Build.0 = Debug|Any CPU
		{7AF09CF8-62A6-4733-963C-FE12AB10259E}.Debug|iPhoneSimulator.Deploy.0 = Debug|Any CPU
		{7AF09CF8-62A6-4733-963C-FE12AB10259E}.Debug|x64.ActiveCfg = Debug|Any CPU
		{7AF09CF8-62A6-4733-963C-FE12AB10259E}.Debug|x64.Build.0 = Debug|Any CPU
		{7AF09CF8-62A6-4733-963C-FE12AB10259E}.Debug|x64.Deploy.0 = Debug|Any CPU
		{7AF09CF8-62A6-4733-963C-FE12AB10259E}.Debug|x86.ActiveCfg = Debug|Any CPU
		{7AF09CF8-62A6-4733-963C-FE12AB10259E}.Debug|x86.Build.0 = Debug|Any CPU
		{7AF09CF8-62A6-4733-963C-FE12AB10259E}.Debug|x86.Deploy.0 = Debug|Any CPU
		{7AF09CF8-62A6-4733-963C-FE12AB10259E}.Release|Any CPU.ActiveCfg = Release|Any CPU
		{7AF09CF8-62A6-4733-963C-FE12AB10259E}.Release|Any CPU.Build.0 = Release|Any CPU
		{7AF09CF8-62A6-4733-963C-FE12AB10259E}.Release|Any CPU.Deploy.0 = Release|Any CPU
		{7AF09CF8-62A6-4733-963C-FE12AB10259E}.Release|ARM.ActiveCfg = Release|Any CPU
		{7AF09CF8-62A6-4733-963C-FE12AB10259E}.Release|ARM.Build.0 = Release|Any CPU
		{7AF09CF8-62A6-4733-963C-FE12AB10259E}.Release|ARM.Deploy.0 = Release|Any CPU
		{7AF09CF8-62A6-4733-963C-FE12AB10259E}.Release|iPhone.ActiveCfg = Release|Any CPU
		{7AF09CF8-62A6-4733-963C-FE12AB10259E}.Release|iPhone.Build.0 = Release|Any CPU
		{7AF09CF8-62A6-4733-963C-FE12AB10259E}.Release|iPhone.Deploy.0 = Release|Any CPU
		{7AF09CF8-62A6-4733-963C-FE12AB10259E}.Release|iPhoneSimulator.ActiveCfg = Release|Any CPU
		{7AF09CF8-62A6-4733-963C-FE12AB10259E}.Release|iPhoneSimulator.Build.0 = Release|Any CPU
		{7AF09CF8-62A6-4733-963C-FE12AB10259E}.Release|iPhoneSimulator.Deploy.0 = Release|Any CPU
		{7AF09CF8-62A6-4733-963C-FE12AB10259E}.Release|x64.ActiveCfg = Release|Any CPU
		{7AF09CF8-62A6-4733-963C-FE12AB10259E}.Release|x64.Build.0 = Release|Any CPU
		{7AF09CF8-62A6-4733-963C-FE12AB10259E}.Release|x64.Deploy.0 = Release|Any CPU
		{7AF09CF8-62A6-4733-963C-FE12AB10259E}.Release|x86.ActiveCfg = Release|Any CPU
		{7AF09CF8-62A6-4733-963C-FE12AB10259E}.Release|x86.Build.0 = Release|Any CPU
		{7AF09CF8-62A6-4733-963C-FE12AB10259E}.Release|x86.Deploy.0 = Release|Any CPU
		{4A5E029E-6CB2-4095-8E18-5C44A0F1976B}.Ad-Hoc|Any CPU.ActiveCfg = Ad-Hoc|iPhone
		{4A5E029E-6CB2-4095-8E18-5C44A0F1976B}.Ad-Hoc|Any CPU.Build.0 = Ad-Hoc|iPhone
		{4A5E029E-6CB2-4095-8E18-5C44A0F1976B}.Ad-Hoc|Any CPU.Deploy.0 = Ad-Hoc|iPhone
		{4A5E029E-6CB2-4095-8E18-5C44A0F1976B}.Ad-Hoc|ARM.ActiveCfg = Ad-Hoc|iPhone
		{4A5E029E-6CB2-4095-8E18-5C44A0F1976B}.Ad-Hoc|ARM.Build.0 = Ad-Hoc|iPhone
		{4A5E029E-6CB2-4095-8E18-5C44A0F1976B}.Ad-Hoc|ARM.Deploy.0 = Ad-Hoc|iPhone
		{4A5E029E-6CB2-4095-8E18-5C44A0F1976B}.Ad-Hoc|iPhone.ActiveCfg = Ad-Hoc|iPhone
		{4A5E029E-6CB2-4095-8E18-5C44A0F1976B}.Ad-Hoc|iPhone.Build.0 = Ad-Hoc|iPhone
		{4A5E029E-6CB2-4095-8E18-5C44A0F1976B}.Ad-Hoc|iPhone.Deploy.0 = Ad-Hoc|iPhone
		{4A5E029E-6CB2-4095-8E18-5C44A0F1976B}.Ad-Hoc|iPhoneSimulator.ActiveCfg = Ad-Hoc|iPhoneSimulator
		{4A5E029E-6CB2-4095-8E18-5C44A0F1976B}.Ad-Hoc|iPhoneSimulator.Build.0 = Ad-Hoc|iPhoneSimulator
		{4A5E029E-6CB2-4095-8E18-5C44A0F1976B}.Ad-Hoc|iPhoneSimulator.Deploy.0 = Ad-Hoc|iPhoneSimulator
		{4A5E029E-6CB2-4095-8E18-5C44A0F1976B}.Ad-Hoc|x64.ActiveCfg = Ad-Hoc|iPhone
		{4A5E029E-6CB2-4095-8E18-5C44A0F1976B}.Ad-Hoc|x64.Build.0 = Ad-Hoc|iPhone
		{4A5E029E-6CB2-4095-8E18-5C44A0F1976B}.Ad-Hoc|x64.Deploy.0 = Ad-Hoc|iPhone
		{4A5E029E-6CB2-4095-8E18-5C44A0F1976B}.Ad-Hoc|x86.ActiveCfg = Ad-Hoc|iPhone
		{4A5E029E-6CB2-4095-8E18-5C44A0F1976B}.Ad-Hoc|x86.Build.0 = Ad-Hoc|iPhone
		{4A5E029E-6CB2-4095-8E18-5C44A0F1976B}.Ad-Hoc|x86.Deploy.0 = Ad-Hoc|iPhone
		{4A5E029E-6CB2-4095-8E18-5C44A0F1976B}.AppStore|Any CPU.ActiveCfg = AppStore|iPhone
		{4A5E029E-6CB2-4095-8E18-5C44A0F1976B}.AppStore|Any CPU.Build.0 = AppStore|iPhone
		{4A5E029E-6CB2-4095-8E18-5C44A0F1976B}.AppStore|Any CPU.Deploy.0 = AppStore|iPhone
		{4A5E029E-6CB2-4095-8E18-5C44A0F1976B}.AppStore|ARM.ActiveCfg = AppStore|iPhone
		{4A5E029E-6CB2-4095-8E18-5C44A0F1976B}.AppStore|ARM.Build.0 = AppStore|iPhone
		{4A5E029E-6CB2-4095-8E18-5C44A0F1976B}.AppStore|ARM.Deploy.0 = AppStore|iPhone
		{4A5E029E-6CB2-4095-8E18-5C44A0F1976B}.AppStore|iPhone.ActiveCfg = AppStore|iPhone
		{4A5E029E-6CB2-4095-8E18-5C44A0F1976B}.AppStore|iPhone.Build.0 = AppStore|iPhone
		{4A5E029E-6CB2-4095-8E18-5C44A0F1976B}.AppStore|iPhone.Deploy.0 = AppStore|iPhone
		{4A5E029E-6CB2-4095-8E18-5C44A0F1976B}.AppStore|iPhoneSimulator.ActiveCfg = AppStore|iPhoneSimulator
		{4A5E029E-6CB2-4095-8E18-5C44A0F1976B}.AppStore|iPhoneSimulator.Build.0 = AppStore|iPhoneSimulator
		{4A5E029E-6CB2-4095-8E18-5C44A0F1976B}.AppStore|iPhoneSimulator.Deploy.0 = AppStore|iPhoneSimulator
		{4A5E029E-6CB2-4095-8E18-5C44A0F1976B}.AppStore|x64.ActiveCfg = AppStore|iPhone
		{4A5E029E-6CB2-4095-8E18-5C44A0F1976B}.AppStore|x64.Build.0 = AppStore|iPhone
		{4A5E029E-6CB2-4095-8E18-5C44A0F1976B}.AppStore|x64.Deploy.0 = AppStore|iPhone
		{4A5E029E-6CB2-4095-8E18-5C44A0F1976B}.AppStore|x86.ActiveCfg = AppStore|iPhone
		{4A5E029E-6CB2-4095-8E18-5C44A0F1976B}.AppStore|x86.Build.0 = AppStore|iPhone
		{4A5E029E-6CB2-4095-8E18-5C44A0F1976B}.AppStore|x86.Deploy.0 = AppStore|iPhone
		{4A5E029E-6CB2-4095-8E18-5C44A0F1976B}.Debug|Any CPU.ActiveCfg = Debug|iPhoneSimulator
		{4A5E029E-6CB2-4095-8E18-5C44A0F1976B}.Debug|Any CPU.Build.0 = Debug|iPhoneSimulator
		{4A5E029E-6CB2-4095-8E18-5C44A0F1976B}.Debug|Any CPU.Deploy.0 = Debug|iPhoneSimulator
		{4A5E029E-6CB2-4095-8E18-5C44A0F1976B}.Debug|ARM.ActiveCfg = Debug|iPhone
		{4A5E029E-6CB2-4095-8E18-5C44A0F1976B}.Debug|ARM.Build.0 = Debug|iPhone
		{4A5E029E-6CB2-4095-8E18-5C44A0F1976B}.Debug|ARM.Deploy.0 = Debug|iPhone
		{4A5E029E-6CB2-4095-8E18-5C44A0F1976B}.Debug|iPhone.ActiveCfg = Debug|iPhone
		{4A5E029E-6CB2-4095-8E18-5C44A0F1976B}.Debug|iPhone.Build.0 = Debug|iPhone
		{4A5E029E-6CB2-4095-8E18-5C44A0F1976B}.Debug|iPhone.Deploy.0 = Debug|iPhone
		{4A5E029E-6CB2-4095-8E18-5C44A0F1976B}.Debug|iPhoneSimulator.ActiveCfg = Debug|iPhoneSimulator
		{4A5E029E-6CB2-4095-8E18-5C44A0F1976B}.Debug|iPhoneSimulator.Build.0 = Debug|iPhoneSimulator
		{4A5E029E-6CB2-4095-8E18-5C44A0F1976B}.Debug|iPhoneSimulator.Deploy.0 = Debug|iPhoneSimulator
		{4A5E029E-6CB2-4095-8E18-5C44A0F1976B}.Debug|x64.ActiveCfg = Debug|iPhone
		{4A5E029E-6CB2-4095-8E18-5C44A0F1976B}.Debug|x64.Build.0 = Debug|iPhone
		{4A5E029E-6CB2-4095-8E18-5C44A0F1976B}.Debug|x64.Deploy.0 = Debug|iPhone
		{4A5E029E-6CB2-4095-8E18-5C44A0F1976B}.Debug|x86.ActiveCfg = Debug|iPhone
		{4A5E029E-6CB2-4095-8E18-5C44A0F1976B}.Debug|x86.Build.0 = Debug|iPhone
		{4A5E029E-6CB2-4095-8E18-5C44A0F1976B}.Debug|x86.Deploy.0 = Debug|iPhone
		{4A5E029E-6CB2-4095-8E18-5C44A0F1976B}.Release|Any CPU.ActiveCfg = Release|iPhone
		{4A5E029E-6CB2-4095-8E18-5C44A0F1976B}.Release|Any CPU.Build.0 = Release|iPhone
		{4A5E029E-6CB2-4095-8E18-5C44A0F1976B}.Release|Any CPU.Deploy.0 = Release|iPhone
		{4A5E029E-6CB2-4095-8E18-5C44A0F1976B}.Release|ARM.ActiveCfg = Release|iPhone
		{4A5E029E-6CB2-4095-8E18-5C44A0F1976B}.Release|ARM.Build.0 = Release|iPhone
		{4A5E029E-6CB2-4095-8E18-5C44A0F1976B}.Release|ARM.Deploy.0 = Release|iPhone
		{4A5E029E-6CB2-4095-8E18-5C44A0F1976B}.Release|iPhone.ActiveCfg = Release|iPhone
		{4A5E029E-6CB2-4095-8E18-5C44A0F1976B}.Release|iPhone.Build.0 = Release|iPhone
		{4A5E029E-6CB2-4095-8E18-5C44A0F1976B}.Release|iPhone.Deploy.0 = Release|iPhone
		{4A5E029E-6CB2-4095-8E18-5C44A0F1976B}.Release|iPhoneSimulator.ActiveCfg = Release|iPhoneSimulator
		{4A5E029E-6CB2-4095-8E18-5C44A0F1976B}.Release|iPhoneSimulator.Build.0 = Release|iPhoneSimulator
		{4A5E029E-6CB2-4095-8E18-5C44A0F1976B}.Release|iPhoneSimulator.Deploy.0 = Release|iPhoneSimulator
		{4A5E029E-6CB2-4095-8E18-5C44A0F1976B}.Release|x64.ActiveCfg = Release|iPhone
		{4A5E029E-6CB2-4095-8E18-5C44A0F1976B}.Release|x64.Build.0 = Release|iPhone
		{4A5E029E-6CB2-4095-8E18-5C44A0F1976B}.Release|x64.Deploy.0 = Release|iPhone
		{4A5E029E-6CB2-4095-8E18-5C44A0F1976B}.Release|x86.ActiveCfg = Release|iPhone
		{4A5E029E-6CB2-4095-8E18-5C44A0F1976B}.Release|x86.Build.0 = Release|iPhone
		{4A5E029E-6CB2-4095-8E18-5C44A0F1976B}.Release|x86.Deploy.0 = Release|iPhone
		{097D0BF0-622F-41C9-85C2-DD3D4EE4D1A6}.Ad-Hoc|Any CPU.ActiveCfg = Release|x86
		{097D0BF0-622F-41C9-85C2-DD3D4EE4D1A6}.Ad-Hoc|Any CPU.Build.0 = Release|x86
		{097D0BF0-622F-41C9-85C2-DD3D4EE4D1A6}.Ad-Hoc|Any CPU.Deploy.0 = Release|x86
		{097D0BF0-622F-41C9-85C2-DD3D4EE4D1A6}.Ad-Hoc|ARM.ActiveCfg = Release|ARM
		{097D0BF0-622F-41C9-85C2-DD3D4EE4D1A6}.Ad-Hoc|ARM.Build.0 = Release|ARM
		{097D0BF0-622F-41C9-85C2-DD3D4EE4D1A6}.Ad-Hoc|ARM.Deploy.0 = Release|ARM
		{097D0BF0-622F-41C9-85C2-DD3D4EE4D1A6}.Ad-Hoc|iPhone.ActiveCfg = Release|x86
		{097D0BF0-622F-41C9-85C2-DD3D4EE4D1A6}.Ad-Hoc|iPhone.Build.0 = Release|x86
		{097D0BF0-622F-41C9-85C2-DD3D4EE4D1A6}.Ad-Hoc|iPhone.Deploy.0 = Release|x86
		{097D0BF0-622F-41C9-85C2-DD3D4EE4D1A6}.Ad-Hoc|iPhoneSimulator.ActiveCfg = Release|x86
		{097D0BF0-622F-41C9-85C2-DD3D4EE4D1A6}.Ad-Hoc|iPhoneSimulator.Build.0 = Release|x86
		{097D0BF0-622F-41C9-85C2-DD3D4EE4D1A6}.Ad-Hoc|iPhoneSimulator.Deploy.0 = Release|x86
		{097D0BF0-622F-41C9-85C2-DD3D4EE4D1A6}.Ad-Hoc|x64.ActiveCfg = Release|x64
		{097D0BF0-622F-41C9-85C2-DD3D4EE4D1A6}.Ad-Hoc|x64.Build.0 = Release|x64
		{097D0BF0-622F-41C9-85C2-DD3D4EE4D1A6}.Ad-Hoc|x64.Deploy.0 = Release|x64
		{097D0BF0-622F-41C9-85C2-DD3D4EE4D1A6}.Ad-Hoc|x86.ActiveCfg = Release|x86
		{097D0BF0-622F-41C9-85C2-DD3D4EE4D1A6}.Ad-Hoc|x86.Build.0 = Release|x86
		{097D0BF0-622F-41C9-85C2-DD3D4EE4D1A6}.Ad-Hoc|x86.Deploy.0 = Release|x86
		{097D0BF0-622F-41C9-85C2-DD3D4EE4D1A6}.AppStore|Any CPU.ActiveCfg = Release|x86
		{097D0BF0-622F-41C9-85C2-DD3D4EE4D1A6}.AppStore|Any CPU.Build.0 = Release|x86
		{097D0BF0-622F-41C9-85C2-DD3D4EE4D1A6}.AppStore|Any CPU.Deploy.0 = Release|x86
		{097D0BF0-622F-41C9-85C2-DD3D4EE4D1A6}.AppStore|ARM.ActiveCfg = Release|ARM
		{097D0BF0-622F-41C9-85C2-DD3D4EE4D1A6}.AppStore|ARM.Build.0 = Release|ARM
		{097D0BF0-622F-41C9-85C2-DD3D4EE4D1A6}.AppStore|ARM.Deploy.0 = Release|ARM
		{097D0BF0-622F-41C9-85C2-DD3D4EE4D1A6}.AppStore|iPhone.ActiveCfg = Release|x86
		{097D0BF0-622F-41C9-85C2-DD3D4EE4D1A6}.AppStore|iPhone.Build.0 = Release|x86
		{097D0BF0-622F-41C9-85C2-DD3D4EE4D1A6}.AppStore|iPhone.Deploy.0 = Release|x86
		{097D0BF0-622F-41C9-85C2-DD3D4EE4D1A6}.AppStore|iPhoneSimulator.ActiveCfg = Release|x86
		{097D0BF0-622F-41C9-85C2-DD3D4EE4D1A6}.AppStore|iPhoneSimulator.Build.0 = Release|x86
		{097D0BF0-622F-41C9-85C2-DD3D4EE4D1A6}.AppStore|iPhoneSimulator.Deploy.0 = Release|x86
		{097D0BF0-622F-41C9-85C2-DD3D4EE4D1A6}.AppStore|x64.ActiveCfg = Release|x64
		{097D0BF0-622F-41C9-85C2-DD3D4EE4D1A6}.AppStore|x64.Build.0 = Release|x64
		{097D0BF0-622F-41C9-85C2-DD3D4EE4D1A6}.AppStore|x64.Deploy.0 = Release|x64
		{097D0BF0-622F-41C9-85C2-DD3D4EE4D1A6}.AppStore|x86.ActiveCfg = Release|x86
		{097D0BF0-622F-41C9-85C2-DD3D4EE4D1A6}.AppStore|x86.Build.0 = Release|x86
		{097D0BF0-622F-41C9-85C2-DD3D4EE4D1A6}.AppStore|x86.Deploy.0 = Release|x86
		{097D0BF0-622F-41C9-85C2-DD3D4EE4D1A6}.Debug|Any CPU.ActiveCfg = Debug|x86
		{097D0BF0-622F-41C9-85C2-DD3D4EE4D1A6}.Debug|Any CPU.Build.0 = Debug|x86
		{097D0BF0-622F-41C9-85C2-DD3D4EE4D1A6}.Debug|Any CPU.Deploy.0 = Debug|x86
		{097D0BF0-622F-41C9-85C2-DD3D4EE4D1A6}.Debug|ARM.ActiveCfg = Debug|ARM
		{097D0BF0-622F-41C9-85C2-DD3D4EE4D1A6}.Debug|ARM.Build.0 = Debug|ARM
		{097D0BF0-622F-41C9-85C2-DD3D4EE4D1A6}.Debug|ARM.Deploy.0 = Debug|ARM
		{097D0BF0-622F-41C9-85C2-DD3D4EE4D1A6}.Debug|iPhone.ActiveCfg = Debug|x86
		{097D0BF0-622F-41C9-85C2-DD3D4EE4D1A6}.Debug|iPhone.Build.0 = Debug|x86
		{097D0BF0-622F-41C9-85C2-DD3D4EE4D1A6}.Debug|iPhone.Deploy.0 = Debug|x86
		{097D0BF0-622F-41C9-85C2-DD3D4EE4D1A6}.Debug|iPhoneSimulator.ActiveCfg = Debug|x86
		{097D0BF0-622F-41C9-85C2-DD3D4EE4D1A6}.Debug|iPhoneSimulator.Build.0 = Debug|x86
		{097D0BF0-622F-41C9-85C2-DD3D4EE4D1A6}.Debug|iPhoneSimulator.Deploy.0 = Debug|x86
		{097D0BF0-622F-41C9-85C2-DD3D4EE4D1A6}.Debug|x64.ActiveCfg = Debug|x64
		{097D0BF0-622F-41C9-85C2-DD3D4EE4D1A6}.Debug|x64.Build.0 = Debug|x64
		{097D0BF0-622F-41C9-85C2-DD3D4EE4D1A6}.Debug|x64.Deploy.0 = Debug|x64
		{097D0BF0-622F-41C9-85C2-DD3D4EE4D1A6}.Debug|x86.ActiveCfg = Debug|x86
		{097D0BF0-622F-41C9-85C2-DD3D4EE4D1A6}.Debug|x86.Build.0 = Debug|x86
		{097D0BF0-622F-41C9-85C2-DD3D4EE4D1A6}.Debug|x86.Deploy.0 = Debug|x86
		{097D0BF0-622F-41C9-85C2-DD3D4EE4D1A6}.Release|Any CPU.ActiveCfg = Release|x86
		{097D0BF0-622F-41C9-85C2-DD3D4EE4D1A6}.Release|Any CPU.Build.0 = Release|x86
		{097D0BF0-622F-41C9-85C2-DD3D4EE4D1A6}.Release|Any CPU.Deploy.0 = Release|x86
		{097D0BF0-622F-41C9-85C2-DD3D4EE4D1A6}.Release|ARM.ActiveCfg = Release|ARM
		{097D0BF0-622F-41C9-85C2-DD3D4EE4D1A6}.Release|ARM.Build.0 = Release|ARM
		{097D0BF0-622F-41C9-85C2-DD3D4EE4D1A6}.Release|ARM.Deploy.0 = Release|ARM
		{097D0BF0-622F-41C9-85C2-DD3D4EE4D1A6}.Release|iPhone.ActiveCfg = Release|x86
		{097D0BF0-622F-41C9-85C2-DD3D4EE4D1A6}.Release|iPhone.Build.0 = Release|x86
		{097D0BF0-622F-41C9-85C2-DD3D4EE4D1A6}.Release|iPhone.Deploy.0 = Release|x86
		{097D0BF0-622F-41C9-85C2-DD3D4EE4D1A6}.Release|iPhoneSimulator.ActiveCfg = Release|x86
		{097D0BF0-622F-41C9-85C2-DD3D4EE4D1A6}.Release|iPhoneSimulator.Build.0 = Release|x86
		{097D0BF0-622F-41C9-85C2-DD3D4EE4D1A6}.Release|iPhoneSimulator.Deploy.0 = Release|x86
		{097D0BF0-622F-41C9-85C2-DD3D4EE4D1A6}.Release|x64.ActiveCfg = Release|x64
		{097D0BF0-622F-41C9-85C2-DD3D4EE4D1A6}.Release|x64.Build.0 = Release|x64
		{097D0BF0-622F-41C9-85C2-DD3D4EE4D1A6}.Release|x64.Deploy.0 = Release|x64
		{097D0BF0-622F-41C9-85C2-DD3D4EE4D1A6}.Release|x86.ActiveCfg = Release|x86
		{097D0BF0-622F-41C9-85C2-DD3D4EE4D1A6}.Release|x86.Build.0 = Release|x86
		{097D0BF0-622F-41C9-85C2-DD3D4EE4D1A6}.Release|x86.Deploy.0 = Release|x86
		{4F31AAC0-0296-462D-95BE-F49213A6A47A}.Ad-Hoc|Any CPU.ActiveCfg = Debug|Any CPU
		{4F31AAC0-0296-462D-95BE-F49213A6A47A}.Ad-Hoc|Any CPU.Build.0 = Debug|Any CPU
		{4F31AAC0-0296-462D-95BE-F49213A6A47A}.Ad-Hoc|Any CPU.Deploy.0 = Debug|Any CPU
		{4F31AAC0-0296-462D-95BE-F49213A6A47A}.Ad-Hoc|ARM.ActiveCfg = Debug|Any CPU
		{4F31AAC0-0296-462D-95BE-F49213A6A47A}.Ad-Hoc|ARM.Build.0 = Debug|Any CPU
		{4F31AAC0-0296-462D-95BE-F49213A6A47A}.Ad-Hoc|ARM.Deploy.0 = Debug|Any CPU
		{4F31AAC0-0296-462D-95BE-F49213A6A47A}.Ad-Hoc|iPhone.ActiveCfg = Debug|Any CPU
		{4F31AAC0-0296-462D-95BE-F49213A6A47A}.Ad-Hoc|iPhone.Build.0 = Debug|Any CPU
		{4F31AAC0-0296-462D-95BE-F49213A6A47A}.Ad-Hoc|iPhone.Deploy.0 = Debug|Any CPU
		{4F31AAC0-0296-462D-95BE-F49213A6A47A}.Ad-Hoc|iPhoneSimulator.ActiveCfg = Debug|Any CPU
		{4F31AAC0-0296-462D-95BE-F49213A6A47A}.Ad-Hoc|iPhoneSimulator.Build.0 = Debug|Any CPU
		{4F31AAC0-0296-462D-95BE-F49213A6A47A}.Ad-Hoc|iPhoneSimulator.Deploy.0 = Debug|Any CPU
		{4F31AAC0-0296-462D-95BE-F49213A6A47A}.Ad-Hoc|x64.ActiveCfg = Debug|Any CPU
		{4F31AAC0-0296-462D-95BE-F49213A6A47A}.Ad-Hoc|x64.Build.0 = Debug|Any CPU
		{4F31AAC0-0296-462D-95BE-F49213A6A47A}.Ad-Hoc|x64.Deploy.0 = Debug|Any CPU
		{4F31AAC0-0296-462D-95BE-F49213A6A47A}.Ad-Hoc|x86.ActiveCfg = Debug|Any CPU
		{4F31AAC0-0296-462D-95BE-F49213A6A47A}.Ad-Hoc|x86.Build.0 = Debug|Any CPU
		{4F31AAC0-0296-462D-95BE-F49213A6A47A}.Ad-Hoc|x86.Deploy.0 = Debug|Any CPU
		{4F31AAC0-0296-462D-95BE-F49213A6A47A}.AppStore|Any CPU.ActiveCfg = Debug|Any CPU
		{4F31AAC0-0296-462D-95BE-F49213A6A47A}.AppStore|Any CPU.Build.0 = Debug|Any CPU
		{4F31AAC0-0296-462D-95BE-F49213A6A47A}.AppStore|Any CPU.Deploy.0 = Debug|Any CPU
		{4F31AAC0-0296-462D-95BE-F49213A6A47A}.AppStore|ARM.ActiveCfg = Debug|Any CPU
		{4F31AAC0-0296-462D-95BE-F49213A6A47A}.AppStore|ARM.Build.0 = Debug|Any CPU
		{4F31AAC0-0296-462D-95BE-F49213A6A47A}.AppStore|ARM.Deploy.0 = Debug|Any CPU
		{4F31AAC0-0296-462D-95BE-F49213A6A47A}.AppStore|iPhone.ActiveCfg = Debug|Any CPU
		{4F31AAC0-0296-462D-95BE-F49213A6A47A}.AppStore|iPhone.Build.0 = Debug|Any CPU
		{4F31AAC0-0296-462D-95BE-F49213A6A47A}.AppStore|iPhone.Deploy.0 = Debug|Any CPU
		{4F31AAC0-0296-462D-95BE-F49213A6A47A}.AppStore|iPhoneSimulator.ActiveCfg = Debug|Any CPU
		{4F31AAC0-0296-462D-95BE-F49213A6A47A}.AppStore|iPhoneSimulator.Build.0 = Debug|Any CPU
		{4F31AAC0-0296-462D-95BE-F49213A6A47A}.AppStore|iPhoneSimulator.Deploy.0 = Debug|Any CPU
		{4F31AAC0-0296-462D-95BE-F49213A6A47A}.AppStore|x64.ActiveCfg = Debug|Any CPU
		{4F31AAC0-0296-462D-95BE-F49213A6A47A}.AppStore|x64.Build.0 = Debug|Any CPU
		{4F31AAC0-0296-462D-95BE-F49213A6A47A}.AppStore|x64.Deploy.0 = Debug|Any CPU
		{4F31AAC0-0296-462D-95BE-F49213A6A47A}.AppStore|x86.ActiveCfg = Debug|Any CPU
		{4F31AAC0-0296-462D-95BE-F49213A6A47A}.AppStore|x86.Build.0 = Debug|Any CPU
		{4F31AAC0-0296-462D-95BE-F49213A6A47A}.AppStore|x86.Deploy.0 = Debug|Any CPU
		{4F31AAC0-0296-462D-95BE-F49213A6A47A}.Debug|Any CPU.ActiveCfg = Debug|Any CPU
		{4F31AAC0-0296-462D-95BE-F49213A6A47A}.Debug|Any CPU.Build.0 = Debug|Any CPU
		{4F31AAC0-0296-462D-95BE-F49213A6A47A}.Debug|Any CPU.Deploy.0 = Debug|Any CPU
		{4F31AAC0-0296-462D-95BE-F49213A6A47A}.Debug|ARM.ActiveCfg = Debug|Any CPU
		{4F31AAC0-0296-462D-95BE-F49213A6A47A}.Debug|ARM.Build.0 = Debug|Any CPU
		{4F31AAC0-0296-462D-95BE-F49213A6A47A}.Debug|ARM.Deploy.0 = Debug|Any CPU
		{4F31AAC0-0296-462D-95BE-F49213A6A47A}.Debug|iPhone.ActiveCfg = Debug|Any CPU
		{4F31AAC0-0296-462D-95BE-F49213A6A47A}.Debug|iPhone.Build.0 = Debug|Any CPU
		{4F31AAC0-0296-462D-95BE-F49213A6A47A}.Debug|iPhone.Deploy.0 = Debug|Any CPU
		{4F31AAC0-0296-462D-95BE-F49213A6A47A}.Debug|iPhoneSimulator.ActiveCfg = Debug|Any CPU
		{4F31AAC0-0296-462D-95BE-F49213A6A47A}.Debug|iPhoneSimulator.Build.0 = Debug|Any CPU
		{4F31AAC0-0296-462D-95BE-F49213A6A47A}.Debug|iPhoneSimulator.Deploy.0 = Debug|Any CPU
		{4F31AAC0-0296-462D-95BE-F49213A6A47A}.Debug|x64.ActiveCfg = Debug|Any CPU
		{4F31AAC0-0296-462D-95BE-F49213A6A47A}.Debug|x64.Build.0 = Debug|Any CPU
		{4F31AAC0-0296-462D-95BE-F49213A6A47A}.Debug|x64.Deploy.0 = Debug|Any CPU
		{4F31AAC0-0296-462D-95BE-F49213A6A47A}.Debug|x86.ActiveCfg = Debug|Any CPU
		{4F31AAC0-0296-462D-95BE-F49213A6A47A}.Debug|x86.Build.0 = Debug|Any CPU
		{4F31AAC0-0296-462D-95BE-F49213A6A47A}.Debug|x86.Deploy.0 = Debug|Any CPU
		{4F31AAC0-0296-462D-95BE-F49213A6A47A}.Release|Any CPU.ActiveCfg = Release|Any CPU
		{4F31AAC0-0296-462D-95BE-F49213A6A47A}.Release|Any CPU.Build.0 = Release|Any CPU
		{4F31AAC0-0296-462D-95BE-F49213A6A47A}.Release|Any CPU.Deploy.0 = Release|Any CPU
		{4F31AAC0-0296-462D-95BE-F49213A6A47A}.Release|ARM.ActiveCfg = Release|Any CPU
		{4F31AAC0-0296-462D-95BE-F49213A6A47A}.Release|ARM.Build.0 = Release|Any CPU
		{4F31AAC0-0296-462D-95BE-F49213A6A47A}.Release|ARM.Deploy.0 = Release|Any CPU
		{4F31AAC0-0296-462D-95BE-F49213A6A47A}.Release|iPhone.ActiveCfg = Release|Any CPU
		{4F31AAC0-0296-462D-95BE-F49213A6A47A}.Release|iPhone.Build.0 = Release|Any CPU
		{4F31AAC0-0296-462D-95BE-F49213A6A47A}.Release|iPhone.Deploy.0 = Release|Any CPU
		{4F31AAC0-0296-462D-95BE-F49213A6A47A}.Release|iPhoneSimulator.ActiveCfg = Release|Any CPU
		{4F31AAC0-0296-462D-95BE-F49213A6A47A}.Release|iPhoneSimulator.Build.0 = Release|Any CPU
		{4F31AAC0-0296-462D-95BE-F49213A6A47A}.Release|iPhoneSimulator.Deploy.0 = Release|Any CPU
		{4F31AAC0-0296-462D-95BE-F49213A6A47A}.Release|x64.ActiveCfg = Release|Any CPU
		{4F31AAC0-0296-462D-95BE-F49213A6A47A}.Release|x64.Build.0 = Release|Any CPU
		{4F31AAC0-0296-462D-95BE-F49213A6A47A}.Release|x64.Deploy.0 = Release|Any CPU
		{4F31AAC0-0296-462D-95BE-F49213A6A47A}.Release|x86.ActiveCfg = Release|Any CPU
		{4F31AAC0-0296-462D-95BE-F49213A6A47A}.Release|x86.Build.0 = Release|Any CPU
		{4F31AAC0-0296-462D-95BE-F49213A6A47A}.Release|x86.Deploy.0 = Release|Any CPU
	EndGlobalSection
	GlobalSection(SolutionProperties) = preSolution
		HideSolutionNode = FALSE
	EndGlobalSection
	GlobalSection(ExtensibilityGlobals) = postSolution
		SolutionGuid = {E41C4C63-8D84-4B48-95FB-D0BDA757FF50}
	EndGlobalSection
EndGlobal
