
Microsoft Visual Studio Solution File, Format Version 12.00
# Visual Studio 15
VisualStudioVersion = 15.0.28307.329
MinimumVisualStudioVersion = 10.0.40219.1
Project("{FAE04EC0-301F-11D3-BF4B-00C04F79EFBC}") = "SliderApp.Android", "SliderApp\SliderApp.Android\SliderApp.Android.csproj", "{8F8DCF3D-D480-41E5-9921-613A37BE810D}"
EndProject
Project("{FAE04EC0-301F-11D3-BF4B-00C04F79EFBC}") = "SliderApp.iOS", "SliderApp\SliderApp.iOS\SliderApp.iOS.csproj", "{BE0AAF66-1168-4083-9FD4-F2DD20714165}"
EndProject
Project("{FAE04EC0-301F-11D3-BF4B-00C04F79EFBC}") = "SliderApp.UWP", "SliderApp\SliderApp.UWP\SliderApp.UWP.csproj", "{F73DFFB8-B5DA-40B8-9F05-53AFBB7D1B25}"
EndProject
Project("{FAE04EC0-301F-11D3-BF4B-00C04F79EFBC}") = "SliderApp", "SliderApp\SliderApp\SliderApp.csproj", "{9A72D3A4-F8B6-45F0-BAF8-406FB1A6BE31}"
EndProject
Global
	GlobalSection(SolutionConfigurationPlatforms) = preSolution
		Ad-Hoc|Any CPU = Ad-Hoc|Any CPU
		Ad-Hoc|ARM = Ad-Hoc|ARM
		Ad-Hoc|iPhone = Ad-Hoc|iPhone
		Ad-Hoc|iPhoneSimulator = Ad-Hoc|iPhoneSimulator
		Ad-Hoc|x64 = Ad-Hoc|x64
		Ad-Hoc|x86 = Ad-Hoc|x86
		AppStore|Any CPU = AppStore|Any CPU
		AppStore|ARM = AppStore|ARM
		AppStore|iPhone = AppStore|iPhone
		AppStore|iPhoneSimulator = AppStore|iPhoneSimulator
		AppStore|x64 = AppStore|x64
		AppStore|x86 = AppStore|x86
		Debug|Any CPU = Debug|Any CPU
		Debug|ARM = Debug|ARM
		Debug|iPhone = Debug|iPhone
		Debug|iPhoneSimulator = Debug|iPhoneSimulator
		Debug|x64 = Debug|x64
		Debug|x86 = Debug|x86
		Release|Any CPU = Release|Any CPU
		Release|ARM = Release|ARM
		Release|iPhone = Release|iPhone
		Release|iPhoneSimulator = Release|iPhoneSimulator
		Release|x64 = Release|x64
		Release|x86 = Release|x86
	EndGlobalSection
	GlobalSection(ProjectConfigurationPlatforms) = postSolution
		{8F8DCF3D-D480-41E5-9921-613A37BE810D}.Ad-Hoc|Any CPU.ActiveCfg = Release|Any CPU
		{8F8DCF3D-D480-41E5-9921-613A37BE810D}.Ad-Hoc|Any CPU.Build.0 = Release|Any CPU
		{8F8DCF3D-D480-41E5-9921-613A37BE810D}.Ad-Hoc|Any CPU.Deploy.0 = Release|Any CPU
		{8F8DCF3D-D480-41E5-9921-613A37BE810D}.Ad-Hoc|ARM.ActiveCfg = Release|Any CPU
		{8F8DCF3D-D480-41E5-9921-613A37BE810D}.Ad-Hoc|ARM.Build.0 = Release|Any CPU
		{8F8DCF3D-D480-41E5-9921-613A37BE810D}.Ad-Hoc|ARM.Deploy.0 = Release|Any CPU
		{8F8DCF3D-D480-41E5-9921-613A37BE810D}.Ad-Hoc|iPhone.ActiveCfg = Release|Any CPU
		{8F8DCF3D-D480-41E5-9921-613A37BE810D}.Ad-Hoc|iPhone.Build.0 = Release|Any CPU
		{8F8DCF3D-D480-41E5-9921-613A37BE810D}.Ad-Hoc|iPhone.Deploy.0 = Release|Any CPU
		{8F8DCF3D-D480-41E5-9921-613A37BE810D}.Ad-Hoc|iPhoneSimulator.ActiveCfg = Release|Any CPU
		{8F8DCF3D-D480-41E5-9921-613A37BE810D}.Ad-Hoc|iPhoneSimulator.Build.0 = Release|Any CPU
		{8F8DCF3D-D480-41E5-9921-613A37BE810D}.Ad-Hoc|iPhoneSimulator.Deploy.0 = Release|Any CPU
		{8F8DCF3D-D480-41E5-9921-613A37BE810D}.Ad-Hoc|x64.ActiveCfg = Release|Any CPU
		{8F8DCF3D-D480-41E5-9921-613A37BE810D}.Ad-Hoc|x64.Build.0 = Release|Any CPU
		{8F8DCF3D-D480-41E5-9921-613A37BE810D}.Ad-Hoc|x64.Deploy.0 = Release|Any CPU
		{8F8DCF3D-D480-41E5-9921-613A37BE810D}.Ad-Hoc|x86.ActiveCfg = Release|Any CPU
		{8F8DCF3D-D480-41E5-9921-613A37BE810D}.Ad-Hoc|x86.Build.0 = Release|Any CPU
		{8F8DCF3D-D480-41E5-9921-613A37BE810D}.Ad-Hoc|x86.Deploy.0 = Release|Any CPU
		{8F8DCF3D-D480-41E5-9921-613A37BE810D}.AppStore|Any CPU.ActiveCfg = Release|Any CPU
		{8F8DCF3D-D480-41E5-9921-613A37BE810D}.AppStore|Any CPU.Build.0 = Release|Any CPU
		{8F8DCF3D-D480-41E5-9921-613A37BE810D}.AppStore|Any CPU.Deploy.0 = Release|Any CPU
		{8F8DCF3D-D480-41E5-9921-613A37BE810D}.AppStore|ARM.ActiveCfg = Release|Any CPU
		{8F8DCF3D-D480-41E5-9921-613A37BE810D}.AppStore|ARM.Build.0 = Release|Any CPU
		{8F8DCF3D-D480-41E5-9921-613A37BE810D}.AppStore|ARM.Deploy.0 = Release|Any CPU
		{8F8DCF3D-D480-41E5-9921-613A37BE810D}.AppStore|iPhone.ActiveCfg = Release|Any CPU
		{8F8DCF3D-D480-41E5-9921-613A37BE810D}.AppStore|iPhone.Build.0 = Release|Any CPU
		{8F8DCF3D-D480-41E5-9921-613A37BE810D}.AppStore|iPhone.Deploy.0 = Release|Any CPU
		{8F8DCF3D-D480-41E5-9921-613A37BE810D}.AppStore|iPhoneSimulator.ActiveCfg = Release|Any CPU
		{8F8DCF3D-D480-41E5-9921-613A37BE810D}.AppStore|iPhoneSimulator.Build.0 = Release|Any CPU
		{8F8DCF3D-D480-41E5-9921-613A37BE810D}.AppStore|iPhoneSimulator.Deploy.0 = Release|Any CPU
		{8F8DCF3D-D480-41E5-9921-613A37BE810D}.AppStore|x64.ActiveCfg = Release|Any CPU
		{8F8DCF3D-D480-41E5-9921-613A37BE810D}.AppStore|x64.Build.0 = Release|Any CPU
		{8F8DCF3D-D480-41E5-9921-613A37BE810D}.AppStore|x64.Deploy.0 = Release|Any CPU
		{8F8DCF3D-D480-41E5-9921-613A37BE810D}.AppStore|x86.ActiveCfg = Release|Any CPU
		{8F8DCF3D-D480-41E5-9921-613A37BE810D}.AppStore|x86.Build.0 = Release|Any CPU
		{8F8DCF3D-D480-41E5-9921-613A37BE810D}.AppStore|x86.Deploy.0 = Release|Any CPU
		{8F8DCF3D-D480-41E5-9921-613A37BE810D}.Debug|Any CPU.ActiveCfg = Debug|Any CPU
		{8F8DCF3D-D480-41E5-9921-613A37BE810D}.Debug|Any CPU.Build.0 = Debug|Any CPU
		{8F8DCF3D-D480-41E5-9921-613A37BE810D}.Debug|Any CPU.Deploy.0 = Debug|Any CPU
		{8F8DCF3D-D480-41E5-9921-613A37BE810D}.Debug|ARM.ActiveCfg = Debug|Any CPU
		{8F8DCF3D-D480-41E5-9921-613A37BE810D}.Debug|ARM.Build.0 = Debug|Any CPU
		{8F8DCF3D-D480-41E5-9921-613A37BE810D}.Debug|ARM.Deploy.0 = Debug|Any CPU
		{8F8DCF3D-D480-41E5-9921-613A37BE810D}.Debug|iPhone.ActiveCfg = Debug|Any CPU
		{8F8DCF3D-D480-41E5-9921-613A37BE810D}.Debug|iPhone.Build.0 = Debug|Any CPU
		{8F8DCF3D-D480-41E5-9921-613A37BE810D}.Debug|iPhone.Deploy.0 = Debug|Any CPU
		{8F8DCF3D-D480-41E5-9921-613A37BE810D}.Debug|iPhoneSimulator.ActiveCfg = Debug|Any CPU
		{8F8DCF3D-D480-41E5-9921-613A37BE810D}.Debug|iPhoneSimulator.Build.0 = Debug|Any CPU
		{8F8DCF3D-D480-41E5-9921-613A37BE810D}.Debug|iPhoneSimulator.Deploy.0 = Debug|Any CPU
		{8F8DCF3D-D480-41E5-9921-613A37BE810D}.Debug|x64.ActiveCfg = Debug|Any CPU
		{8F8DCF3D-D480-41E5-9921-613A37BE810D}.Debug|x64.Build.0 = Debug|Any CPU
		{8F8DCF3D-D480-41E5-9921-613A37BE810D}.Debug|x64.Deploy.0 = Debug|Any CPU
		{8F8DCF3D-D480-41E5-9921-613A37BE810D}.Debug|x86.ActiveCfg = Debug|Any CPU
		{8F8DCF3D-D480-41E5-9921-613A37BE810D}.Debug|x86.Build.0 = Debug|Any CPU
		{8F8DCF3D-D480-41E5-9921-613A37BE810D}.Debug|x86.Deploy.0 = Debug|Any CPU
		{8F8DCF3D-D480-41E5-9921-613A37BE810D}.Release|Any CPU.ActiveCfg = Release|Any CPU
		{8F8DCF3D-D480-41E5-9921-613A37BE810D}.Release|Any CPU.Build.0 = Release|Any CPU
		{8F8DCF3D-D480-41E5-9921-613A37BE810D}.Release|Any CPU.Deploy.0 = Release|Any CPU
		{8F8DCF3D-D480-41E5-9921-613A37BE810D}.Release|ARM.ActiveCfg = Release|Any CPU
		{8F8DCF3D-D480-41E5-9921-613A37BE810D}.Release|ARM.Build.0 = Release|Any CPU
		{8F8DCF3D-D480-41E5-9921-613A37BE810D}.Release|ARM.Deploy.0 = Release|Any CPU
		{8F8DCF3D-D480-41E5-9921-613A37BE810D}.Release|iPhone.ActiveCfg = Release|Any CPU
		{8F8DCF3D-D480-41E5-9921-613A37BE810D}.Release|iPhone.Build.0 = Release|Any CPU
		{8F8DCF3D-D480-41E5-9921-613A37BE810D}.Release|iPhone.Deploy.0 = Release|Any CPU
		{8F8DCF3D-D480-41E5-9921-613A37BE810D}.Release|iPhoneSimulator.ActiveCfg = Release|Any CPU
		{8F8DCF3D-D480-41E5-9921-613A37BE810D}.Release|iPhoneSimulator.Build.0 = Release|Any CPU
		{8F8DCF3D-D480-41E5-9921-613A37BE810D}.Release|iPhoneSimulator.Deploy.0 = Release|Any CPU
		{8F8DCF3D-D480-41E5-9921-613A37BE810D}.Release|x64.ActiveCfg = Release|Any CPU
		{8F8DCF3D-D480-41E5-9921-613A37BE810D}.Release|x64.Build.0 = Release|Any CPU
		{8F8DCF3D-D480-41E5-9921-613A37BE810D}.Release|x64.Deploy.0 = Release|Any CPU
		{8F8DCF3D-D480-41E5-9921-613A37BE810D}.Release|x86.ActiveCfg = Release|Any CPU
		{8F8DCF3D-D480-41E5-9921-613A37BE810D}.Release|x86.Build.0 = Release|Any CPU
		{8F8DCF3D-D480-41E5-9921-613A37BE810D}.Release|x86.Deploy.0 = Release|Any CPU
		{BE0AAF66-1168-4083-9FD4-F2DD20714165}.Ad-Hoc|Any CPU.ActiveCfg = Ad-Hoc|iPhone
		{BE0AAF66-1168-4083-9FD4-F2DD20714165}.Ad-Hoc|Any CPU.Build.0 = Ad-Hoc|iPhone
		{BE0AAF66-1168-4083-9FD4-F2DD20714165}.Ad-Hoc|Any CPU.Deploy.0 = Ad-Hoc|iPhone
		{BE0AAF66-1168-4083-9FD4-F2DD20714165}.Ad-Hoc|ARM.ActiveCfg = Ad-Hoc|iPhone
		{BE0AAF66-1168-4083-9FD4-F2DD20714165}.Ad-Hoc|ARM.Build.0 = Ad-Hoc|iPhone
		{BE0AAF66-1168-4083-9FD4-F2DD20714165}.Ad-Hoc|ARM.Deploy.0 = Ad-Hoc|iPhone
		{BE0AAF66-1168-4083-9FD4-F2DD20714165}.Ad-Hoc|iPhone.ActiveCfg = Ad-Hoc|iPhone
		{BE0AAF66-1168-4083-9FD4-F2DD20714165}.Ad-Hoc|iPhone.Build.0 = Ad-Hoc|iPhone
		{BE0AAF66-1168-4083-9FD4-F2DD20714165}.Ad-Hoc|iPhone.Deploy.0 = Ad-Hoc|iPhone
		{BE0AAF66-1168-4083-9FD4-F2DD20714165}.Ad-Hoc|iPhoneSimulator.ActiveCfg = Ad-Hoc|iPhoneSimulator
		{BE0AAF66-1168-4083-9FD4-F2DD20714165}.Ad-Hoc|iPhoneSimulator.Build.0 = Ad-Hoc|iPhoneSimulator
		{BE0AAF66-1168-4083-9FD4-F2DD20714165}.Ad-Hoc|iPhoneSimulator.Deploy.0 = Ad-Hoc|iPhoneSimulator
		{BE0AAF66-1168-4083-9FD4-F2DD20714165}.Ad-Hoc|x64.ActiveCfg = Ad-Hoc|iPhone
		{BE0AAF66-1168-4083-9FD4-F2DD20714165}.Ad-Hoc|x64.Build.0 = Ad-Hoc|iPhone
		{BE0AAF66-1168-4083-9FD4-F2DD20714165}.Ad-Hoc|x64.Deploy.0 = Ad-Hoc|iPhone
		{BE0AAF66-1168-4083-9FD4-F2DD20714165}.Ad-Hoc|x86.ActiveCfg = Ad-Hoc|iPhone
		{BE0AAF66-1168-4083-9FD4-F2DD20714165}.Ad-Hoc|x86.Build.0 = Ad-Hoc|iPhone
		{BE0AAF66-1168-4083-9FD4-F2DD20714165}.Ad-Hoc|x86.Deploy.0 = Ad-Hoc|iPhone
		{BE0AAF66-1168-4083-9FD4-F2DD20714165}.AppStore|Any CPU.ActiveCfg = AppStore|iPhone
		{BE0AAF66-1168-4083-9FD4-F2DD20714165}.AppStore|Any CPU.Build.0 = AppStore|iPhone
		{BE0AAF66-1168-4083-9FD4-F2DD20714165}.AppStore|Any CPU.Deploy.0 = AppStore|iPhone
		{BE0AAF66-1168-4083-9FD4-F2DD20714165}.AppStore|ARM.ActiveCfg = AppStore|iPhone
		{BE0AAF66-1168-4083-9FD4-F2DD20714165}.AppStore|ARM.Build.0 = AppStore|iPhone
		{BE0AAF66-1168-4083-9FD4-F2DD20714165}.AppStore|ARM.Deploy.0 = AppStore|iPhone
		{BE0AAF66-1168-4083-9FD4-F2DD20714165}.AppStore|iPhone.ActiveCfg = AppStore|iPhone
		{BE0AAF66-1168-4083-9FD4-F2DD20714165}.AppStore|iPhone.Build.0 = AppStore|iPhone
		{BE0AAF66-1168-4083-9FD4-F2DD20714165}.AppStore|iPhone.Deploy.0 = AppStore|iPhone
		{BE0AAF66-1168-4083-9FD4-F2DD20714165}.AppStore|iPhoneSimulator.ActiveCfg = AppStore|iPhoneSimulator
		{BE0AAF66-1168-4083-9FD4-F2DD20714165}.AppStore|iPhoneSimulator.Build.0 = AppStore|iPhoneSimulator
		{BE0AAF66-1168-4083-9FD4-F2DD20714165}.AppStore|iPhoneSimulator.Deploy.0 = AppStore|iPhoneSimulator
		{BE0AAF66-1168-4083-9FD4-F2DD20714165}.AppStore|x64.ActiveCfg = AppStore|iPhone
		{BE0AAF66-1168-4083-9FD4-F2DD20714165}.AppStore|x64.Build.0 = AppStore|iPhone
		{BE0AAF66-1168-4083-9FD4-F2DD20714165}.AppStore|x64.Deploy.0 = AppStore|iPhone
		{BE0AAF66-1168-4083-9FD4-F2DD20714165}.AppStore|x86.ActiveCfg = AppStore|iPhone
		{BE0AAF66-1168-4083-9FD4-F2DD20714165}.AppStore|x86.Build.0 = AppStore|iPhone
		{BE0AAF66-1168-4083-9FD4-F2DD20714165}.AppStore|x86.Deploy.0 = AppStore|iPhone
		{BE0AAF66-1168-4083-9FD4-F2DD20714165}.Debug|Any CPU.ActiveCfg = Debug|iPhoneSimulator
		{BE0AAF66-1168-4083-9FD4-F2DD20714165}.Debug|Any CPU.Build.0 = Debug|iPhoneSimulator
		{BE0AAF66-1168-4083-9FD4-F2DD20714165}.Debug|Any CPU.Deploy.0 = Debug|iPhoneSimulator
		{BE0AAF66-1168-4083-9FD4-F2DD20714165}.Debug|ARM.ActiveCfg = Debug|iPhone
		{BE0AAF66-1168-4083-9FD4-F2DD20714165}.Debug|ARM.Build.0 = Debug|iPhone
		{BE0AAF66-1168-4083-9FD4-F2DD20714165}.Debug|ARM.Deploy.0 = Debug|iPhone
		{BE0AAF66-1168-4083-9FD4-F2DD20714165}.Debug|iPhone.ActiveCfg = Debug|iPhone
		{BE0AAF66-1168-4083-9FD4-F2DD20714165}.Debug|iPhone.Build.0 = Debug|iPhone
		{BE0AAF66-1168-4083-9FD4-F2DD20714165}.Debug|iPhone.Deploy.0 = Debug|iPhone
		{BE0AAF66-1168-4083-9FD4-F2DD20714165}.Debug|iPhoneSimulator.ActiveCfg = Debug|iPhoneSimulator
		{BE0AAF66-1168-4083-9FD4-F2DD20714165}.Debug|iPhoneSimulator.Build.0 = Debug|iPhoneSimulator
		{BE0AAF66-1168-4083-9FD4-F2DD20714165}.Debug|iPhoneSimulator.Deploy.0 = Debug|iPhoneSimulator
		{BE0AAF66-1168-4083-9FD4-F2DD20714165}.Debug|x64.ActiveCfg = Debug|iPhone
		{BE0AAF66-1168-4083-9FD4-F2DD20714165}.Debug|x64.Build.0 = Debug|iPhone
		{BE0AAF66-1168-4083-9FD4-F2DD20714165}.Debug|x64.Deploy.0 = Debug|iPhone
		{BE0AAF66-1168-4083-9FD4-F2DD20714165}.Debug|x86.ActiveCfg = Debug|iPhone
		{BE0AAF66-1168-4083-9FD4-F2DD20714165}.Debug|x86.Build.0 = Debug|iPhone
		{BE0AAF66-1168-4083-9FD4-F2DD20714165}.Debug|x86.Deploy.0 = Debug|iPhone
		{BE0AAF66-1168-4083-9FD4-F2DD20714165}.Release|Any CPU.ActiveCfg = Release|iPhone
		{BE0AAF66-1168-4083-9FD4-F2DD20714165}.Release|Any CPU.Build.0 = Release|iPhone
		{BE0AAF66-1168-4083-9FD4-F2DD20714165}.Release|Any CPU.Deploy.0 = Release|iPhone
		{BE0AAF66-1168-4083-9FD4-F2DD20714165}.Release|ARM.ActiveCfg = Release|iPhone
		{BE0AAF66-1168-4083-9FD4-F2DD20714165}.Release|ARM.Build.0 = Release|iPhone
		{BE0AAF66-1168-4083-9FD4-F2DD20714165}.Release|ARM.Deploy.0 = Release|iPhone
		{BE0AAF66-1168-4083-9FD4-F2DD20714165}.Release|iPhone.ActiveCfg = Release|iPhone
		{BE0AAF66-1168-4083-9FD4-F2DD20714165}.Release|iPhone.Build.0 = Release|iPhone
		{BE0AAF66-1168-4083-9FD4-F2DD20714165}.Release|iPhone.Deploy.0 = Release|iPhone
		{BE0AAF66-1168-4083-9FD4-F2DD20714165}.Release|iPhoneSimulator.ActiveCfg = Release|iPhoneSimulator
		{BE0AAF66-1168-4083-9FD4-F2DD20714165}.Release|iPhoneSimulator.Build.0 = Release|iPhoneSimulator
		{BE0AAF66-1168-4083-9FD4-F2DD20714165}.Release|iPhoneSimulator.Deploy.0 = Release|iPhoneSimulator
		{BE0AAF66-1168-4083-9FD4-F2DD20714165}.Release|x64.ActiveCfg = Release|iPhone
		{BE0AAF66-1168-4083-9FD4-F2DD20714165}.Release|x64.Build.0 = Release|iPhone
		{BE0AAF66-1168-4083-9FD4-F2DD20714165}.Release|x64.Deploy.0 = Release|iPhone
		{BE0AAF66-1168-4083-9FD4-F2DD20714165}.Release|x86.ActiveCfg = Release|iPhone
		{BE0AAF66-1168-4083-9FD4-F2DD20714165}.Release|x86.Build.0 = Release|iPhone
		{BE0AAF66-1168-4083-9FD4-F2DD20714165}.Release|x86.Deploy.0 = Release|iPhone
		{F73DFFB8-B5DA-40B8-9F05-53AFBB7D1B25}.Ad-Hoc|Any CPU.ActiveCfg = Release|x86
		{F73DFFB8-B5DA-40B8-9F05-53AFBB7D1B25}.Ad-Hoc|Any CPU.Build.0 = Release|x86
		{F73DFFB8-B5DA-40B8-9F05-53AFBB7D1B25}.Ad-Hoc|Any CPU.Deploy.0 = Release|x86
		{F73DFFB8-B5DA-40B8-9F05-53AFBB7D1B25}.Ad-Hoc|ARM.ActiveCfg = Release|ARM
		{F73DFFB8-B5DA-40B8-9F05-53AFBB7D1B25}.Ad-Hoc|ARM.Build.0 = Release|ARM
		{F73DFFB8-B5DA-40B8-9F05-53AFBB7D1B25}.Ad-Hoc|ARM.Deploy.0 = Release|ARM
		{F73DFFB8-B5DA-40B8-9F05-53AFBB7D1B25}.Ad-Hoc|iPhone.ActiveCfg = Release|x86
		{F73DFFB8-B5DA-40B8-9F05-53AFBB7D1B25}.Ad-Hoc|iPhone.Build.0 = Release|x86
		{F73DFFB8-B5DA-40B8-9F05-53AFBB7D1B25}.Ad-Hoc|iPhone.Deploy.0 = Release|x86
		{F73DFFB8-B5DA-40B8-9F05-53AFBB7D1B25}.Ad-Hoc|iPhoneSimulator.ActiveCfg = Release|x86
		{F73DFFB8-B5DA-40B8-9F05-53AFBB7D1B25}.Ad-Hoc|iPhoneSimulator.Build.0 = Release|x86
		{F73DFFB8-B5DA-40B8-9F05-53AFBB7D1B25}.Ad-Hoc|iPhoneSimulator.Deploy.0 = Release|x86
		{F73DFFB8-B5DA-40B8-9F05-53AFBB7D1B25}.Ad-Hoc|x64.ActiveCfg = Release|x64
		{F73DFFB8-B5DA-40B8-9F05-53AFBB7D1B25}.Ad-Hoc|x64.Build.0 = Release|x64
		{F73DFFB8-B5DA-40B8-9F05-53AFBB7D1B25}.Ad-Hoc|x64.Deploy.0 = Release|x64
		{F73DFFB8-B5DA-40B8-9F05-53AFBB7D1B25}.Ad-Hoc|x86.ActiveCfg = Release|x86
		{F73DFFB8-B5DA-40B8-9F05-53AFBB7D1B25}.Ad-Hoc|x86.Build.0 = Release|x86
		{F73DFFB8-B5DA-40B8-9F05-53AFBB7D1B25}.Ad-Hoc|x86.Deploy.0 = Release|x86
		{F73DFFB8-B5DA-40B8-9F05-53AFBB7D1B25}.AppStore|Any CPU.ActiveCfg = Release|x86
		{F73DFFB8-B5DA-40B8-9F05-53AFBB7D1B25}.AppStore|Any CPU.Build.0 = Release|x86
		{F73DFFB8-B5DA-40B8-9F05-53AFBB7D1B25}.AppStore|Any CPU.Deploy.0 = Release|x86
		{F73DFFB8-B5DA-40B8-9F05-53AFBB7D1B25}.AppStore|ARM.ActiveCfg = Release|ARM
		{F73DFFB8-B5DA-40B8-9F05-53AFBB7D1B25}.AppStore|ARM.Build.0 = Release|ARM
		{F73DFFB8-B5DA-40B8-9F05-53AFBB7D1B25}.AppStore|ARM.Deploy.0 = Release|ARM
		{F73DFFB8-B5DA-40B8-9F05-53AFBB7D1B25}.AppStore|iPhone.ActiveCfg = Release|x86
		{F73DFFB8-B5DA-40B8-9F05-53AFBB7D1B25}.AppStore|iPhone.Build.0 = Release|x86
		{F73DFFB8-B5DA-40B8-9F05-53AFBB7D1B25}.AppStore|iPhone.Deploy.0 = Release|x86
		{F73DFFB8-B5DA-40B8-9F05-53AFBB7D1B25}.AppStore|iPhoneSimulator.ActiveCfg = Release|x86
		{F73DFFB8-B5DA-40B8-9F05-53AFBB7D1B25}.AppStore|iPhoneSimulator.Build.0 = Release|x86
		{F73DFFB8-B5DA-40B8-9F05-53AFBB7D1B25}.AppStore|iPhoneSimulator.Deploy.0 = Release|x86
		{F73DFFB8-B5DA-40B8-9F05-53AFBB7D1B25}.AppStore|x64.ActiveCfg = Release|x64
		{F73DFFB8-B5DA-40B8-9F05-53AFBB7D1B25}.AppStore|x64.Build.0 = Release|x64
		{F73DFFB8-B5DA-40B8-9F05-53AFBB7D1B25}.AppStore|x64.Deploy.0 = Release|x64
		{F73DFFB8-B5DA-40B8-9F05-53AFBB7D1B25}.AppStore|x86.ActiveCfg = Release|x86
		{F73DFFB8-B5DA-40B8-9F05-53AFBB7D1B25}.AppStore|x86.Build.0 = Release|x86
		{F73DFFB8-B5DA-40B8-9F05-53AFBB7D1B25}.AppStore|x86.Deploy.0 = Release|x86
		{F73DFFB8-B5DA-40B8-9F05-53AFBB7D1B25}.Debug|Any CPU.ActiveCfg = Debug|x86
		{F73DFFB8-B5DA-40B8-9F05-53AFBB7D1B25}.Debug|Any CPU.Build.0 = Debug|x86
		{F73DFFB8-B5DA-40B8-9F05-53AFBB7D1B25}.Debug|Any CPU.Deploy.0 = Debug|x86
		{F73DFFB8-B5DA-40B8-9F05-53AFBB7D1B25}.Debug|ARM.ActiveCfg = Debug|ARM
		{F73DFFB8-B5DA-40B8-9F05-53AFBB7D1B25}.Debug|ARM.Build.0 = Debug|ARM
		{F73DFFB8-B5DA-40B8-9F05-53AFBB7D1B25}.Debug|ARM.Deploy.0 = Debug|ARM
		{F73DFFB8-B5DA-40B8-9F05-53AFBB7D1B25}.Debug|iPhone.ActiveCfg = Debug|x86
		{F73DFFB8-B5DA-40B8-9F05-53AFBB7D1B25}.Debug|iPhone.Build.0 = Debug|x86
		{F73DFFB8-B5DA-40B8-9F05-53AFBB7D1B25}.Debug|iPhone.Deploy.0 = Debug|x86
		{F73DFFB8-B5DA-40B8-9F05-53AFBB7D1B25}.Debug|iPhoneSimulator.ActiveCfg = Debug|x86
		{F73DFFB8-B5DA-40B8-9F05-53AFBB7D1B25}.Debug|iPhoneSimulator.Build.0 = Debug|x86
		{F73DFFB8-B5DA-40B8-9F05-53AFBB7D1B25}.Debug|iPhoneSimulator.Deploy.0 = Debug|x86
		{F73DFFB8-B5DA-40B8-9F05-53AFBB7D1B25}.Debug|x64.ActiveCfg = Debug|x64
		{F73DFFB8-B5DA-40B8-9F05-53AFBB7D1B25}.Debug|x64.Build.0 = Debug|x64
		{F73DFFB8-B5DA-40B8-9F05-53AFBB7D1B25}.Debug|x64.Deploy.0 = Debug|x64
		{F73DFFB8-B5DA-40B8-9F05-53AFBB7D1B25}.Debug|x86.ActiveCfg = Debug|x86
		{F73DFFB8-B5DA-40B8-9F05-53AFBB7D1B25}.Debug|x86.Build.0 = Debug|x86
		{F73DFFB8-B5DA-40B8-9F05-53AFBB7D1B25}.Debug|x86.Deploy.0 = Debug|x86
		{F73DFFB8-B5DA-40B8-9F05-53AFBB7D1B25}.Release|Any CPU.ActiveCfg = Release|x86
		{F73DFFB8-B5DA-40B8-9F05-53AFBB7D1B25}.Release|Any CPU.Build.0 = Release|x86
		{F73DFFB8-B5DA-40B8-9F05-53AFBB7D1B25}.Release|Any CPU.Deploy.0 = Release|x86
		{F73DFFB8-B5DA-40B8-9F05-53AFBB7D1B25}.Release|ARM.ActiveCfg = Release|ARM
		{F73DFFB8-B5DA-40B8-9F05-53AFBB7D1B25}.Release|ARM.Build.0 = Release|ARM
		{F73DFFB8-B5DA-40B8-9F05-53AFBB7D1B25}.Release|ARM.Deploy.0 = Release|ARM
		{F73DFFB8-B5DA-40B8-9F05-53AFBB7D1B25}.Release|iPhone.ActiveCfg = Release|x86
		{F73DFFB8-B5DA-40B8-9F05-53AFBB7D1B25}.Release|iPhone.Build.0 = Release|x86
		{F73DFFB8-B5DA-40B8-9F05-53AFBB7D1B25}.Release|iPhone.Deploy.0 = Release|x86
		{F73DFFB8-B5DA-40B8-9F05-53AFBB7D1B25}.Release|iPhoneSimulator.ActiveCfg = Release|x86
		{F73DFFB8-B5DA-40B8-9F05-53AFBB7D1B25}.Release|iPhoneSimulator.Build.0 = Release|x86
		{F73DFFB8-B5DA-40B8-9F05-53AFBB7D1B25}.Release|iPhoneSimulator.Deploy.0 = Release|x86
		{F73DFFB8-B5DA-40B8-9F05-53AFBB7D1B25}.Release|x64.ActiveCfg = Release|x64
		{F73DFFB8-B5DA-40B8-9F05-53AFBB7D1B25}.Release|x64.Build.0 = Release|x64
		{F73DFFB8-B5DA-40B8-9F05-53AFBB7D1B25}.Release|x64.Deploy.0 = Release|x64
		{F73DFFB8-B5DA-40B8-9F05-53AFBB7D1B25}.Release|x86.ActiveCfg = Release|x86
		{F73DFFB8-B5DA-40B8-9F05-53AFBB7D1B25}.Release|x86.Build.0 = Release|x86
		{F73DFFB8-B5DA-40B8-9F05-53AFBB7D1B25}.Release|x86.Deploy.0 = Release|x86
		{9A72D3A4-F8B6-45F0-BAF8-406FB1A6BE31}.Ad-Hoc|Any CPU.ActiveCfg = Debug|Any CPU
		{9A72D3A4-F8B6-45F0-BAF8-406FB1A6BE31}.Ad-Hoc|Any CPU.Build.0 = Debug|Any CPU
		{9A72D3A4-F8B6-45F0-BAF8-406FB1A6BE31}.Ad-Hoc|Any CPU.Deploy.0 = Debug|Any CPU
		{9A72D3A4-F8B6-45F0-BAF8-406FB1A6BE31}.Ad-Hoc|ARM.ActiveCfg = Debug|Any CPU
		{9A72D3A4-F8B6-45F0-BAF8-406FB1A6BE31}.Ad-Hoc|ARM.Build.0 = Debug|Any CPU
		{9A72D3A4-F8B6-45F0-BAF8-406FB1A6BE31}.Ad-Hoc|ARM.Deploy.0 = Debug|Any CPU
		{9A72D3A4-F8B6-45F0-BAF8-406FB1A6BE31}.Ad-Hoc|iPhone.ActiveCfg = Debug|Any CPU
		{9A72D3A4-F8B6-45F0-BAF8-406FB1A6BE31}.Ad-Hoc|iPhone.Build.0 = Debug|Any CPU
		{9A72D3A4-F8B6-45F0-BAF8-406FB1A6BE31}.Ad-Hoc|iPhone.Deploy.0 = Debug|Any CPU
		{9A72D3A4-F8B6-45F0-BAF8-406FB1A6BE31}.Ad-Hoc|iPhoneSimulator.ActiveCfg = Debug|Any CPU
		{9A72D3A4-F8B6-45F0-BAF8-406FB1A6BE31}.Ad-Hoc|iPhoneSimulator.Build.0 = Debug|Any CPU
		{9A72D3A4-F8B6-45F0-BAF8-406FB1A6BE31}.Ad-Hoc|iPhoneSimulator.Deploy.0 = Debug|Any CPU
		{9A72D3A4-F8B6-45F0-BAF8-406FB1A6BE31}.Ad-Hoc|x64.ActiveCfg = Debug|Any CPU
		{9A72D3A4-F8B6-45F0-BAF8-406FB1A6BE31}.Ad-Hoc|x64.Build.0 = Debug|Any CPU
		{9A72D3A4-F8B6-45F0-BAF8-406FB1A6BE31}.Ad-Hoc|x64.Deploy.0 = Debug|Any CPU
		{9A72D3A4-F8B6-45F0-BAF8-406FB1A6BE31}.Ad-Hoc|x86.ActiveCfg = Debug|Any CPU
		{9A72D3A4-F8B6-45F0-BAF8-406FB1A6BE31}.Ad-Hoc|x86.Build.0 = Debug|Any CPU
		{9A72D3A4-F8B6-45F0-BAF8-406FB1A6BE31}.Ad-Hoc|x86.Deploy.0 = Debug|Any CPU
		{9A72D3A4-F8B6-45F0-BAF8-406FB1A6BE31}.AppStore|Any CPU.ActiveCfg = Debug|Any CPU
		{9A72D3A4-F8B6-45F0-BAF8-406FB1A6BE31}.AppStore|Any CPU.Build.0 = Debug|Any CPU
		{9A72D3A4-F8B6-45F0-BAF8-406FB1A6BE31}.AppStore|Any CPU.Deploy.0 = Debug|Any CPU
		{9A72D3A4-F8B6-45F0-BAF8-406FB1A6BE31}.AppStore|ARM.ActiveCfg = Debug|Any CPU
		{9A72D3A4-F8B6-45F0-BAF8-406FB1A6BE31}.AppStore|ARM.Build.0 = Debug|Any CPU
		{9A72D3A4-F8B6-45F0-BAF8-406FB1A6BE31}.AppStore|ARM.Deploy.0 = Debug|Any CPU
		{9A72D3A4-F8B6-45F0-BAF8-406FB1A6BE31}.AppStore|iPhone.ActiveCfg = Debug|Any CPU
		{9A72D3A4-F8B6-45F0-BAF8-406FB1A6BE31}.AppStore|iPhone.Build.0 = Debug|Any CPU
		{9A72D3A4-F8B6-45F0-BAF8-406FB1A6BE31}.AppStore|iPhone.Deploy.0 = Debug|Any CPU
		{9A72D3A4-F8B6-45F0-BAF8-406FB1A6BE31}.AppStore|iPhoneSimulator.ActiveCfg = Debug|Any CPU
		{9A72D3A4-F8B6-45F0-BAF8-406FB1A6BE31}.AppStore|iPhoneSimulator.Build.0 = Debug|Any CPU
		{9A72D3A4-F8B6-45F0-BAF8-406FB1A6BE31}.AppStore|iPhoneSimulator.Deploy.0 = Debug|Any CPU
		{9A72D3A4-F8B6-45F0-BAF8-406FB1A6BE31}.AppStore|x64.ActiveCfg = Debug|Any CPU
		{9A72D3A4-F8B6-45F0-BAF8-406FB1A6BE31}.AppStore|x64.Build.0 = Debug|Any CPU
		{9A72D3A4-F8B6-45F0-BAF8-406FB1A6BE31}.AppStore|x64.Deploy.0 = Debug|Any CPU
		{9A72D3A4-F8B6-45F0-BAF8-406FB1A6BE31}.AppStore|x86.ActiveCfg = Debug|Any CPU
		{9A72D3A4-F8B6-45F0-BAF8-406FB1A6BE31}.AppStore|x86.Build.0 = Debug|Any CPU
		{9A72D3A4-F8B6-45F0-BAF8-406FB1A6BE31}.AppStore|x86.Deploy.0 = Debug|Any CPU
		{9A72D3A4-F8B6-45F0-BAF8-406FB1A6BE31}.Debug|Any CPU.ActiveCfg = Debug|Any CPU
		{9A72D3A4-F8B6-45F0-BAF8-406FB1A6BE31}.Debug|Any CPU.Build.0 = Debug|Any CPU
		{9A72D3A4-F8B6-45F0-BAF8-406FB1A6BE31}.Debug|Any CPU.Deploy.0 = Debug|Any CPU
		{9A72D3A4-F8B6-45F0-BAF8-406FB1A6BE31}.Debug|ARM.ActiveCfg = Debug|Any CPU
		{9A72D3A4-F8B6-45F0-BAF8-406FB1A6BE31}.Debug|ARM.Build.0 = Debug|Any CPU
		{9A72D3A4-F8B6-45F0-BAF8-406FB1A6BE31}.Debug|ARM.Deploy.0 = Debug|Any CPU
		{9A72D3A4-F8B6-45F0-BAF8-406FB1A6BE31}.Debug|iPhone.ActiveCfg = Debug|Any CPU
		{9A72D3A4-F8B6-45F0-BAF8-406FB1A6BE31}.Debug|iPhone.Build.0 = Debug|Any CPU
		{9A72D3A4-F8B6-45F0-BAF8-406FB1A6BE31}.Debug|iPhone.Deploy.0 = Debug|Any CPU
		{9A72D3A4-F8B6-45F0-BAF8-406FB1A6BE31}.Debug|iPhoneSimulator.ActiveCfg = Debug|Any CPU
		{9A72D3A4-F8B6-45F0-BAF8-406FB1A6BE31}.Debug|iPhoneSimulator.Build.0 = Debug|Any CPU
		{9A72D3A4-F8B6-45F0-BAF8-406FB1A6BE31}.Debug|iPhoneSimulator.Deploy.0 = Debug|Any CPU
		{9A72D3A4-F8B6-45F0-BAF8-406FB1A6BE31}.Debug|x64.ActiveCfg = Debug|Any CPU
		{9A72D3A4-F8B6-45F0-BAF8-406FB1A6BE31}.Debug|x64.Build.0 = Debug|Any CPU
		{9A72D3A4-F8B6-45F0-BAF8-406FB1A6BE31}.Debug|x64.Deploy.0 = Debug|Any CPU
		{9A72D3A4-F8B6-45F0-BAF8-406FB1A6BE31}.Debug|x86.ActiveCfg = Debug|Any CPU
		{9A72D3A4-F8B6-45F0-BAF8-406FB1A6BE31}.Debug|x86.Build.0 = Debug|Any CPU
		{9A72D3A4-F8B6-45F0-BAF8-406FB1A6BE31}.Debug|x86.Deploy.0 = Debug|Any CPU
		{9A72D3A4-F8B6-45F0-BAF8-406FB1A6BE31}.Release|Any CPU.ActiveCfg = Release|Any CPU
		{9A72D3A4-F8B6-45F0-BAF8-406FB1A6BE31}.Release|Any CPU.Build.0 = Release|Any CPU
		{9A72D3A4-F8B6-45F0-BAF8-406FB1A6BE31}.Release|Any CPU.Deploy.0 = Release|Any CPU
		{9A72D3A4-F8B6-45F0-BAF8-406FB1A6BE31}.Release|ARM.ActiveCfg = Release|Any CPU
		{9A72D3A4-F8B6-45F0-BAF8-406FB1A6BE31}.Release|ARM.Build.0 = Release|Any CPU
		{9A72D3A4-F8B6-45F0-BAF8-406FB1A6BE31}.Release|ARM.Deploy.0 = Release|Any CPU
		{9A72D3A4-F8B6-45F0-BAF8-406FB1A6BE31}.Release|iPhone.ActiveCfg = Release|Any CPU
		{9A72D3A4-F8B6-45F0-BAF8-406FB1A6BE31}.Release|iPhone.Build.0 = Release|Any CPU
		{9A72D3A4-F8B6-45F0-BAF8-406FB1A6BE31}.Release|iPhone.Deploy.0 = Release|Any CPU
		{9A72D3A4-F8B6-45F0-BAF8-406FB1A6BE31}.Release|iPhoneSimulator.ActiveCfg = Release|Any CPU
		{9A72D3A4-F8B6-45F0-BAF8-406FB1A6BE31}.Release|iPhoneSimulator.Build.0 = Release|Any CPU
		{9A72D3A4-F8B6-45F0-BAF8-406FB1A6BE31}.Release|iPhoneSimulator.Deploy.0 = Release|Any CPU
		{9A72D3A4-F8B6-45F0-BAF8-406FB1A6BE31}.Release|x64.ActiveCfg = Release|Any CPU
		{9A72D3A4-F8B6-45F0-BAF8-406FB1A6BE31}.Release|x64.Build.0 = Release|Any CPU
		{9A72D3A4-F8B6-45F0-BAF8-406FB1A6BE31}.Release|x64.Deploy.0 = Release|Any CPU
		{9A72D3A4-F8B6-45F0-BAF8-406FB1A6BE31}.Release|x86.ActiveCfg = Release|Any CPU
		{9A72D3A4-F8B6-45F0-BAF8-406FB1A6BE31}.Release|x86.Build.0 = Release|Any CPU
		{9A72D3A4-F8B6-45F0-BAF8-406FB1A6BE31}.Release|x86.Deploy.0 = Release|Any CPU
	EndGlobalSection
	GlobalSection(SolutionProperties) = preSolution
		HideSolutionNode = FALSE
	EndGlobalSection
	GlobalSection(ExtensibilityGlobals) = postSolution
		SolutionGuid = {D29D07A9-6B54-4AA3-B5D0-0F5FE3E99526}
	EndGlobalSection
EndGlobal
