
Microsoft Visual Studio Solution File, Format Version 12.00
# Visual Studio 15
VisualStudioVersion = 15.0.28307.329
MinimumVisualStudioVersion = 10.0.40219.1
Project("{FAE04EC0-301F-11D3-BF4B-00C04F79EFBC}") = "HelloWorldXamarin.Android", "HelloWorldXamarin\HelloWorldXamarin.Android\HelloWorldXamarin.Android.csproj", "{A9DEC913-BB4E-4492-B2E7-58EF37B88AED}"
EndProject
Project("{FAE04EC0-301F-11D3-BF4B-00C04F79EFBC}") = "HelloWorldXamarin.iOS", "HelloWorldXamarin\HelloWorldXamarin.iOS\HelloWorldXamarin.iOS.csproj", "{A9C7185D-5E61-4EC5-A145-797BDE3177BD}"
EndProject
Project("{FAE04EC0-301F-11D3-BF4B-00C04F79EFBC}") = "HelloWorldXamarin.UWP", "HelloWorldXamarin\HelloWorldXamarin.UWP\HelloWorldXamarin.UWP.csproj", "{D22A46FD-E1F5-4BF2-B0D2-4FD16F0D099B}"
EndProject
Project("{FAE04EC0-301F-11D3-BF4B-00C04F79EFBC}") = "HelloWorldXamarin", "HelloWorldXamarin\HelloWorldXamarin\HelloWorldXamarin.csproj", "{A03BD7C4-9C94-49A2-965F-0155ACABECFC}"
EndProject
Global
	GlobalSection(SolutionConfigurationPlatforms) = preSolution
		Ad-Hoc|Any CPU = Ad-Hoc|Any CPU
		Ad-Hoc|ARM = Ad-Hoc|ARM
		Ad-Hoc|iPhone = Ad-Hoc|iPhone
		Ad-Hoc|iPhoneSimulator = Ad-Hoc|iPhoneSimulator
		Ad-Hoc|x64 = Ad-Hoc|x64
		Ad-Hoc|x86 = Ad-Hoc|x86
		AppStore|Any CPU = AppStore|Any CPU
		AppStore|ARM = AppStore|ARM
		AppStore|iPhone = AppStore|iPhone
		AppStore|iPhoneSimulator = AppStore|iPhoneSimulator
		AppStore|x64 = AppStore|x64
		AppStore|x86 = AppStore|x86
		Debug|Any CPU = Debug|Any CPU
		Debug|ARM = Debug|ARM
		Debug|iPhone = Debug|iPhone
		Debug|iPhoneSimulator = Debug|iPhoneSimulator
		Debug|x64 = Debug|x64
		Debug|x86 = Debug|x86
		Release|Any CPU = Release|Any CPU
		Release|ARM = Release|ARM
		Release|iPhone = Release|iPhone
		Release|iPhoneSimulator = Release|iPhoneSimulator
		Release|x64 = Release|x64
		Release|x86 = Release|x86
	EndGlobalSection
	GlobalSection(ProjectConfigurationPlatforms) = postSolution
		{A9DEC913-BB4E-4492-B2E7-58EF37B88AED}.Ad-Hoc|Any CPU.ActiveCfg = Release|Any CPU
		{A9DEC913-BB4E-4492-B2E7-58EF37B88AED}.Ad-Hoc|Any CPU.Build.0 = Release|Any CPU
		{A9DEC913-BB4E-4492-B2E7-58EF37B88AED}.Ad-Hoc|Any CPU.Deploy.0 = Release|Any CPU
		{A9DEC913-BB4E-4492-B2E7-58EF37B88AED}.Ad-Hoc|ARM.ActiveCfg = Release|Any CPU
		{A9DEC913-BB4E-4492-B2E7-58EF37B88AED}.Ad-Hoc|ARM.Build.0 = Release|Any CPU
		{A9DEC913-BB4E-4492-B2E7-58EF37B88AED}.Ad-Hoc|ARM.Deploy.0 = Release|Any CPU
		{A9DEC913-BB4E-4492-B2E7-58EF37B88AED}.Ad-Hoc|iPhone.ActiveCfg = Release|Any CPU
		{A9DEC913-BB4E-4492-B2E7-58EF37B88AED}.Ad-Hoc|iPhone.Build.0 = Release|Any CPU
		{A9DEC913-BB4E-4492-B2E7-58EF37B88AED}.Ad-Hoc|iPhone.Deploy.0 = Release|Any CPU
		{A9DEC913-BB4E-4492-B2E7-58EF37B88AED}.Ad-Hoc|iPhoneSimulator.ActiveCfg = Release|Any CPU
		{A9DEC913-BB4E-4492-B2E7-58EF37B88AED}.Ad-Hoc|iPhoneSimulator.Build.0 = Release|Any CPU
		{A9DEC913-BB4E-4492-B2E7-58EF37B88AED}.Ad-Hoc|iPhoneSimulator.Deploy.0 = Release|Any CPU
		{A9DEC913-BB4E-4492-B2E7-58EF37B88AED}.Ad-Hoc|x64.ActiveCfg = Release|Any CPU
		{A9DEC913-BB4E-4492-B2E7-58EF37B88AED}.Ad-Hoc|x64.Build.0 = Release|Any CPU
		{A9DEC913-BB4E-4492-B2E7-58EF37B88AED}.Ad-Hoc|x64.Deploy.0 = Release|Any CPU
		{A9DEC913-BB4E-4492-B2E7-58EF37B88AED}.Ad-Hoc|x86.ActiveCfg = Release|Any CPU
		{A9DEC913-BB4E-4492-B2E7-58EF37B88AED}.Ad-Hoc|x86.Build.0 = Release|Any CPU
		{A9DEC913-BB4E-4492-B2E7-58EF37B88AED}.Ad-Hoc|x86.Deploy.0 = Release|Any CPU
		{A9DEC913-BB4E-4492-B2E7-58EF37B88AED}.AppStore|Any CPU.ActiveCfg = Release|Any CPU
		{A9DEC913-BB4E-4492-B2E7-58EF37B88AED}.AppStore|Any CPU.Build.0 = Release|Any CPU
		{A9DEC913-BB4E-4492-B2E7-58EF37B88AED}.AppStore|Any CPU.Deploy.0 = Release|Any CPU
		{A9DEC913-BB4E-4492-B2E7-58EF37B88AED}.AppStore|ARM.ActiveCfg = Release|Any CPU
		{A9DEC913-BB4E-4492-B2E7-58EF37B88AED}.AppStore|ARM.Build.0 = Release|Any CPU
		{A9DEC913-BB4E-4492-B2E7-58EF37B88AED}.AppStore|ARM.Deploy.0 = Release|Any CPU
		{A9DEC913-BB4E-4492-B2E7-58EF37B88AED}.AppStore|iPhone.ActiveCfg = Release|Any CPU
		{A9DEC913-BB4E-4492-B2E7-58EF37B88AED}.AppStore|iPhone.Build.0 = Release|Any CPU
		{A9DEC913-BB4E-4492-B2E7-58EF37B88AED}.AppStore|iPhone.Deploy.0 = Release|Any CPU
		{A9DEC913-BB4E-4492-B2E7-58EF37B88AED}.AppStore|iPhoneSimulator.ActiveCfg = Release|Any CPU
		{A9DEC913-BB4E-4492-B2E7-58EF37B88AED}.AppStore|iPhoneSimulator.Build.0 = Release|Any CPU
		{A9DEC913-BB4E-4492-B2E7-58EF37B88AED}.AppStore|iPhoneSimulator.Deploy.0 = Release|Any CPU
		{A9DEC913-BB4E-4492-B2E7-58EF37B88AED}.AppStore|x64.ActiveCfg = Release|Any CPU
		{A9DEC913-BB4E-4492-B2E7-58EF37B88AED}.AppStore|x64.Build.0 = Release|Any CPU
		{A9DEC913-BB4E-4492-B2E7-58EF37B88AED}.AppStore|x64.Deploy.0 = Release|Any CPU
		{A9DEC913-BB4E-4492-B2E7-58EF37B88AED}.AppStore|x86.ActiveCfg = Release|Any CPU
		{A9DEC913-BB4E-4492-B2E7-58EF37B88AED}.AppStore|x86.Build.0 = Release|Any CPU
		{A9DEC913-BB4E-4492-B2E7-58EF37B88AED}.AppStore|x86.Deploy.0 = Release|Any CPU
		{A9DEC913-BB4E-4492-B2E7-58EF37B88AED}.Debug|Any CPU.ActiveCfg = Debug|Any CPU
		{A9DEC913-BB4E-4492-B2E7-58EF37B88AED}.Debug|Any CPU.Build.0 = Debug|Any CPU
		{A9DEC913-BB4E-4492-B2E7-58EF37B88AED}.Debug|Any CPU.Deploy.0 = Debug|Any CPU
		{A9DEC913-BB4E-4492-B2E7-58EF37B88AED}.Debug|ARM.ActiveCfg = Debug|Any CPU
		{A9DEC913-BB4E-4492-B2E7-58EF37B88AED}.Debug|ARM.Build.0 = Debug|Any CPU
		{A9DEC913-BB4E-4492-B2E7-58EF37B88AED}.Debug|ARM.Deploy.0 = Debug|Any CPU
		{A9DEC913-BB4E-4492-B2E7-58EF37B88AED}.Debug|iPhone.ActiveCfg = Debug|Any CPU
		{A9DEC913-BB4E-4492-B2E7-58EF37B88AED}.Debug|iPhone.Build.0 = Debug|Any CPU
		{A9DEC913-BB4E-4492-B2E7-58EF37B88AED}.Debug|iPhone.Deploy.0 = Debug|Any CPU
		{A9DEC913-BB4E-4492-B2E7-58EF37B88AED}.Debug|iPhoneSimulator.ActiveCfg = Debug|Any CPU
		{A9DEC913-BB4E-4492-B2E7-58EF37B88AED}.Debug|iPhoneSimulator.Build.0 = Debug|Any CPU
		{A9DEC913-BB4E-4492-B2E7-58EF37B88AED}.Debug|iPhoneSimulator.Deploy.0 = Debug|Any CPU
		{A9DEC913-BB4E-4492-B2E7-58EF37B88AED}.Debug|x64.ActiveCfg = Debug|Any CPU
		{A9DEC913-BB4E-4492-B2E7-58EF37B88AED}.Debug|x64.Build.0 = Debug|Any CPU
		{A9DEC913-BB4E-4492-B2E7-58EF37B88AED}.Debug|x64.Deploy.0 = Debug|Any CPU
		{A9DEC913-BB4E-4492-B2E7-58EF37B88AED}.Debug|x86.ActiveCfg = Debug|Any CPU
		{A9DEC913-BB4E-4492-B2E7-58EF37B88AED}.Debug|x86.Build.0 = Debug|Any CPU
		{A9DEC913-BB4E-4492-B2E7-58EF37B88AED}.Debug|x86.Deploy.0 = Debug|Any CPU
		{A9DEC913-BB4E-4492-B2E7-58EF37B88AED}.Release|Any CPU.ActiveCfg = Release|Any CPU
		{A9DEC913-BB4E-4492-B2E7-58EF37B88AED}.Release|Any CPU.Build.0 = Release|Any CPU
		{A9DEC913-BB4E-4492-B2E7-58EF37B88AED}.Release|Any CPU.Deploy.0 = Release|Any CPU
		{A9DEC913-BB4E-4492-B2E7-58EF37B88AED}.Release|ARM.ActiveCfg = Release|Any CPU
		{A9DEC913-BB4E-4492-B2E7-58EF37B88AED}.Release|ARM.Build.0 = Release|Any CPU
		{A9DEC913-BB4E-4492-B2E7-58EF37B88AED}.Release|ARM.Deploy.0 = Release|Any CPU
		{A9DEC913-BB4E-4492-B2E7-58EF37B88AED}.Release|iPhone.ActiveCfg = Release|Any CPU
		{A9DEC913-BB4E-4492-B2E7-58EF37B88AED}.Release|iPhone.Build.0 = Release|Any CPU
		{A9DEC913-BB4E-4492-B2E7-58EF37B88AED}.Release|iPhone.Deploy.0 = Release|Any CPU
		{A9DEC913-BB4E-4492-B2E7-58EF37B88AED}.Release|iPhoneSimulator.ActiveCfg = Release|Any CPU
		{A9DEC913-BB4E-4492-B2E7-58EF37B88AED}.Release|iPhoneSimulator.Build.0 = Release|Any CPU
		{A9DEC913-BB4E-4492-B2E7-58EF37B88AED}.Release|iPhoneSimulator.Deploy.0 = Release|Any CPU
		{A9DEC913-BB4E-4492-B2E7-58EF37B88AED}.Release|x64.ActiveCfg = Release|Any CPU
		{A9DEC913-BB4E-4492-B2E7-58EF37B88AED}.Release|x64.Build.0 = Release|Any CPU
		{A9DEC913-BB4E-4492-B2E7-58EF37B88AED}.Release|x64.Deploy.0 = Release|Any CPU
		{A9DEC913-BB4E-4492-B2E7-58EF37B88AED}.Release|x86.ActiveCfg = Release|Any CPU
		{A9DEC913-BB4E-4492-B2E7-58EF37B88AED}.Release|x86.Build.0 = Release|Any CPU
		{A9DEC913-BB4E-4492-B2E7-58EF37B88AED}.Release|x86.Deploy.0 = Release|Any CPU
		{A9C7185D-5E61-4EC5-A145-797BDE3177BD}.Ad-Hoc|Any CPU.ActiveCfg = Ad-Hoc|iPhone
		{A9C7185D-5E61-4EC5-A145-797BDE3177BD}.Ad-Hoc|Any CPU.Build.0 = Ad-Hoc|iPhone
		{A9C7185D-5E61-4EC5-A145-797BDE3177BD}.Ad-Hoc|Any CPU.Deploy.0 = Ad-Hoc|iPhone
		{A9C7185D-5E61-4EC5-A145-797BDE3177BD}.Ad-Hoc|ARM.ActiveCfg = Ad-Hoc|iPhone
		{A9C7185D-5E61-4EC5-A145-797BDE3177BD}.Ad-Hoc|ARM.Build.0 = Ad-Hoc|iPhone
		{A9C7185D-5E61-4EC5-A145-797BDE3177BD}.Ad-Hoc|ARM.Deploy.0 = Ad-Hoc|iPhone
		{A9C7185D-5E61-4EC5-A145-797BDE3177BD}.Ad-Hoc|iPhone.ActiveCfg = Ad-Hoc|iPhone
		{A9C7185D-5E61-4EC5-A145-797BDE3177BD}.Ad-Hoc|iPhone.Build.0 = Ad-Hoc|iPhone
		{A9C7185D-5E61-4EC5-A145-797BDE3177BD}.Ad-Hoc|iPhone.Deploy.0 = Ad-Hoc|iPhone
		{A9C7185D-5E61-4EC5-A145-797BDE3177BD}.Ad-Hoc|iPhoneSimulator.ActiveCfg = Ad-Hoc|iPhoneSimulator
		{A9C7185D-5E61-4EC5-A145-797BDE3177BD}.Ad-Hoc|iPhoneSimulator.Build.0 = Ad-Hoc|iPhoneSimulator
		{A9C7185D-5E61-4EC5-A145-797BDE3177BD}.Ad-Hoc|iPhoneSimulator.Deploy.0 = Ad-Hoc|iPhoneSimulator
		{A9C7185D-5E61-4EC5-A145-797BDE3177BD}.Ad-Hoc|x64.ActiveCfg = Ad-Hoc|iPhone
		{A9C7185D-5E61-4EC5-A145-797BDE3177BD}.Ad-Hoc|x64.Build.0 = Ad-Hoc|iPhone
		{A9C7185D-5E61-4EC5-A145-797BDE3177BD}.Ad-Hoc|x64.Deploy.0 = Ad-Hoc|iPhone
		{A9C7185D-5E61-4EC5-A145-797BDE3177BD}.Ad-Hoc|x86.ActiveCfg = Ad-Hoc|iPhone
		{A9C7185D-5E61-4EC5-A145-797BDE3177BD}.Ad-Hoc|x86.Build.0 = Ad-Hoc|iPhone
		{A9C7185D-5E61-4EC5-A145-797BDE3177BD}.Ad-Hoc|x86.Deploy.0 = Ad-Hoc|iPhone
		{A9C7185D-5E61-4EC5-A145-797BDE3177BD}.AppStore|Any CPU.ActiveCfg = AppStore|iPhone
		{A9C7185D-5E61-4EC5-A145-797BDE3177BD}.AppStore|Any CPU.Build.0 = AppStore|iPhone
		{A9C7185D-5E61-4EC5-A145-797BDE3177BD}.AppStore|Any CPU.Deploy.0 = AppStore|iPhone
		{A9C7185D-5E61-4EC5-A145-797BDE3177BD}.AppStore|ARM.ActiveCfg = AppStore|iPhone
		{A9C7185D-5E61-4EC5-A145-797BDE3177BD}.AppStore|ARM.Build.0 = AppStore|iPhone
		{A9C7185D-5E61-4EC5-A145-797BDE3177BD}.AppStore|ARM.Deploy.0 = AppStore|iPhone
		{A9C7185D-5E61-4EC5-A145-797BDE3177BD}.AppStore|iPhone.ActiveCfg = AppStore|iPhone
		{A9C7185D-5E61-4EC5-A145-797BDE3177BD}.AppStore|iPhone.Build.0 = AppStore|iPhone
		{A9C7185D-5E61-4EC5-A145-797BDE3177BD}.AppStore|iPhone.Deploy.0 = AppStore|iPhone
		{A9C7185D-5E61-4EC5-A145-797BDE3177BD}.AppStore|iPhoneSimulator.ActiveCfg = AppStore|iPhoneSimulator
		{A9C7185D-5E61-4EC5-A145-797BDE3177BD}.AppStore|iPhoneSimulator.Build.0 = AppStore|iPhoneSimulator
		{A9C7185D-5E61-4EC5-A145-797BDE3177BD}.AppStore|iPhoneSimulator.Deploy.0 = AppStore|iPhoneSimulator
		{A9C7185D-5E61-4EC5-A145-797BDE3177BD}.AppStore|x64.ActiveCfg = AppStore|iPhone
		{A9C7185D-5E61-4EC5-A145-797BDE3177BD}.AppStore|x64.Build.0 = AppStore|iPhone
		{A9C7185D-5E61-4EC5-A145-797BDE3177BD}.AppStore|x64.Deploy.0 = AppStore|iPhone
		{A9C7185D-5E61-4EC5-A145-797BDE3177BD}.AppStore|x86.ActiveCfg = AppStore|iPhone
		{A9C7185D-5E61-4EC5-A145-797BDE3177BD}.AppStore|x86.Build.0 = AppStore|iPhone
		{A9C7185D-5E61-4EC5-A145-797BDE3177BD}.AppStore|x86.Deploy.0 = AppStore|iPhone
		{A9C7185D-5E61-4EC5-A145-797BDE3177BD}.Debug|Any CPU.ActiveCfg = Debug|iPhoneSimulator
		{A9C7185D-5E61-4EC5-A145-797BDE3177BD}.Debug|Any CPU.Build.0 = Debug|iPhoneSimulator
		{A9C7185D-5E61-4EC5-A145-797BDE3177BD}.Debug|Any CPU.Deploy.0 = Debug|iPhoneSimulator
		{A9C7185D-5E61-4EC5-A145-797BDE3177BD}.Debug|ARM.ActiveCfg = Debug|iPhone
		{A9C7185D-5E61-4EC5-A145-797BDE3177BD}.Debug|ARM.Build.0 = Debug|iPhone
		{A9C7185D-5E61-4EC5-A145-797BDE3177BD}.Debug|ARM.Deploy.0 = Debug|iPhone
		{A9C7185D-5E61-4EC5-A145-797BDE3177BD}.Debug|iPhone.ActiveCfg = Debug|iPhone
		{A9C7185D-5E61-4EC5-A145-797BDE3177BD}.Debug|iPhone.Build.0 = Debug|iPhone
		{A9C7185D-5E61-4EC5-A145-797BDE3177BD}.Debug|iPhone.Deploy.0 = Debug|iPhone
		{A9C7185D-5E61-4EC5-A145-797BDE3177BD}.Debug|iPhoneSimulator.ActiveCfg = Debug|iPhoneSimulator
		{A9C7185D-5E61-4EC5-A145-797BDE3177BD}.Debug|iPhoneSimulator.Build.0 = Debug|iPhoneSimulator
		{A9C7185D-5E61-4EC5-A145-797BDE3177BD}.Debug|iPhoneSimulator.Deploy.0 = Debug|iPhoneSimulator
		{A9C7185D-5E61-4EC5-A145-797BDE3177BD}.Debug|x64.ActiveCfg = Debug|iPhone
		{A9C7185D-5E61-4EC5-A145-797BDE3177BD}.Debug|x64.Build.0 = Debug|iPhone
		{A9C7185D-5E61-4EC5-A145-797BDE3177BD}.Debug|x64.Deploy.0 = Debug|iPhone
		{A9C7185D-5E61-4EC5-A145-797BDE3177BD}.Debug|x86.ActiveCfg = Debug|iPhone
		{A9C7185D-5E61-4EC5-A145-797BDE3177BD}.Debug|x86.Build.0 = Debug|iPhone
		{A9C7185D-5E61-4EC5-A145-797BDE3177BD}.Debug|x86.Deploy.0 = Debug|iPhone
		{A9C7185D-5E61-4EC5-A145-797BDE3177BD}.Release|Any CPU.ActiveCfg = Release|iPhone
		{A9C7185D-5E61-4EC5-A145-797BDE3177BD}.Release|Any CPU.Build.0 = Release|iPhone
		{A9C7185D-5E61-4EC5-A145-797BDE3177BD}.Release|Any CPU.Deploy.0 = Release|iPhone
		{A9C7185D-5E61-4EC5-A145-797BDE3177BD}.Release|ARM.ActiveCfg = Release|iPhone
		{A9C7185D-5E61-4EC5-A145-797BDE3177BD}.Release|ARM.Build.0 = Release|iPhone
		{A9C7185D-5E61-4EC5-A145-797BDE3177BD}.Release|ARM.Deploy.0 = Release|iPhone
		{A9C7185D-5E61-4EC5-A145-797BDE3177BD}.Release|iPhone.ActiveCfg = Release|iPhone
		{A9C7185D-5E61-4EC5-A145-797BDE3177BD}.Release|iPhone.Build.0 = Release|iPhone
		{A9C7185D-5E61-4EC5-A145-797BDE3177BD}.Release|iPhone.Deploy.0 = Release|iPhone
		{A9C7185D-5E61-4EC5-A145-797BDE3177BD}.Release|iPhoneSimulator.ActiveCfg = Release|iPhoneSimulator
		{A9C7185D-5E61-4EC5-A145-797BDE3177BD}.Release|iPhoneSimulator.Build.0 = Release|iPhoneSimulator
		{A9C7185D-5E61-4EC5-A145-797BDE3177BD}.Release|iPhoneSimulator.Deploy.0 = Release|iPhoneSimulator
		{A9C7185D-5E61-4EC5-A145-797BDE3177BD}.Release|x64.ActiveCfg = Release|iPhone
		{A9C7185D-5E61-4EC5-A145-797BDE3177BD}.Release|x64.Build.0 = Release|iPhone
		{A9C7185D-5E61-4EC5-A145-797BDE3177BD}.Release|x64.Deploy.0 = Release|iPhone
		{A9C7185D-5E61-4EC5-A145-797BDE3177BD}.Release|x86.ActiveCfg = Release|iPhone
		{A9C7185D-5E61-4EC5-A145-797BDE3177BD}.Release|x86.Build.0 = Release|iPhone
		{A9C7185D-5E61-4EC5-A145-797BDE3177BD}.Release|x86.Deploy.0 = Release|iPhone
		{D22A46FD-E1F5-4BF2-B0D2-4FD16F0D099B}.Ad-Hoc|Any CPU.ActiveCfg = Release|x86
		{D22A46FD-E1F5-4BF2-B0D2-4FD16F0D099B}.Ad-Hoc|Any CPU.Build.0 = Release|x86
		{D22A46FD-E1F5-4BF2-B0D2-4FD16F0D099B}.Ad-Hoc|Any CPU.Deploy.0 = Release|x86
		{D22A46FD-E1F5-4BF2-B0D2-4FD16F0D099B}.Ad-Hoc|ARM.ActiveCfg = Release|ARM
		{D22A46FD-E1F5-4BF2-B0D2-4FD16F0D099B}.Ad-Hoc|ARM.Build.0 = Release|ARM
		{D22A46FD-E1F5-4BF2-B0D2-4FD16F0D099B}.Ad-Hoc|ARM.Deploy.0 = Release|ARM
		{D22A46FD-E1F5-4BF2-B0D2-4FD16F0D099B}.Ad-Hoc|iPhone.ActiveCfg = Release|x86
		{D22A46FD-E1F5-4BF2-B0D2-4FD16F0D099B}.Ad-Hoc|iPhone.Build.0 = Release|x86
		{D22A46FD-E1F5-4BF2-B0D2-4FD16F0D099B}.Ad-Hoc|iPhone.Deploy.0 = Release|x86
		{D22A46FD-E1F5-4BF2-B0D2-4FD16F0D099B}.Ad-Hoc|iPhoneSimulator.ActiveCfg = Release|x86
		{D22A46FD-E1F5-4BF2-B0D2-4FD16F0D099B}.Ad-Hoc|iPhoneSimulator.Build.0 = Release|x86
		{D22A46FD-E1F5-4BF2-B0D2-4FD16F0D099B}.Ad-Hoc|iPhoneSimulator.Deploy.0 = Release|x86
		{D22A46FD-E1F5-4BF2-B0D2-4FD16F0D099B}.Ad-Hoc|x64.ActiveCfg = Release|x64
		{D22A46FD-E1F5-4BF2-B0D2-4FD16F0D099B}.Ad-Hoc|x64.Build.0 = Release|x64
		{D22A46FD-E1F5-4BF2-B0D2-4FD16F0D099B}.Ad-Hoc|x64.Deploy.0 = Release|x64
		{D22A46FD-E1F5-4BF2-B0D2-4FD16F0D099B}.Ad-Hoc|x86.ActiveCfg = Release|x86
		{D22A46FD-E1F5-4BF2-B0D2-4FD16F0D099B}.Ad-Hoc|x86.Build.0 = Release|x86
		{D22A46FD-E1F5-4BF2-B0D2-4FD16F0D099B}.Ad-Hoc|x86.Deploy.0 = Release|x86
		{D22A46FD-E1F5-4BF2-B0D2-4FD16F0D099B}.AppStore|Any CPU.ActiveCfg = Release|x86
		{D22A46FD-E1F5-4BF2-B0D2-4FD16F0D099B}.AppStore|Any CPU.Build.0 = Release|x86
		{D22A46FD-E1F5-4BF2-B0D2-4FD16F0D099B}.AppStore|Any CPU.Deploy.0 = Release|x86
		{D22A46FD-E1F5-4BF2-B0D2-4FD16F0D099B}.AppStore|ARM.ActiveCfg = Release|ARM
		{D22A46FD-E1F5-4BF2-B0D2-4FD16F0D099B}.AppStore|ARM.Build.0 = Release|ARM
		{D22A46FD-E1F5-4BF2-B0D2-4FD16F0D099B}.AppStore|ARM.Deploy.0 = Release|ARM
		{D22A46FD-E1F5-4BF2-B0D2-4FD16F0D099B}.AppStore|iPhone.ActiveCfg = Release|x86
		{D22A46FD-E1F5-4BF2-B0D2-4FD16F0D099B}.AppStore|iPhone.Build.0 = Release|x86
		{D22A46FD-E1F5-4BF2-B0D2-4FD16F0D099B}.AppStore|iPhone.Deploy.0 = Release|x86
		{D22A46FD-E1F5-4BF2-B0D2-4FD16F0D099B}.AppStore|iPhoneSimulator.ActiveCfg = Release|x86
		{D22A46FD-E1F5-4BF2-B0D2-4FD16F0D099B}.AppStore|iPhoneSimulator.Build.0 = Release|x86
		{D22A46FD-E1F5-4BF2-B0D2-4FD16F0D099B}.AppStore|iPhoneSimulator.Deploy.0 = Release|x86
		{D22A46FD-E1F5-4BF2-B0D2-4FD16F0D099B}.AppStore|x64.ActiveCfg = Release|x64
		{D22A46FD-E1F5-4BF2-B0D2-4FD16F0D099B}.AppStore|x64.Build.0 = Release|x64
		{D22A46FD-E1F5-4BF2-B0D2-4FD16F0D099B}.AppStore|x64.Deploy.0 = Release|x64
		{D22A46FD-E1F5-4BF2-B0D2-4FD16F0D099B}.AppStore|x86.ActiveCfg = Release|x86
		{D22A46FD-E1F5-4BF2-B0D2-4FD16F0D099B}.AppStore|x86.Build.0 = Release|x86
		{D22A46FD-E1F5-4BF2-B0D2-4FD16F0D099B}.AppStore|x86.Deploy.0 = Release|x86
		{D22A46FD-E1F5-4BF2-B0D2-4FD16F0D099B}.Debug|Any CPU.ActiveCfg = Debug|x86
		{D22A46FD-E1F5-4BF2-B0D2-4FD16F0D099B}.Debug|Any CPU.Build.0 = Debug|x86
		{D22A46FD-E1F5-4BF2-B0D2-4FD16F0D099B}.Debug|Any CPU.Deploy.0 = Debug|x86
		{D22A46FD-E1F5-4BF2-B0D2-4FD16F0D099B}.Debug|ARM.ActiveCfg = Debug|ARM
		{D22A46FD-E1F5-4BF2-B0D2-4FD16F0D099B}.Debug|ARM.Build.0 = Debug|ARM
		{D22A46FD-E1F5-4BF2-B0D2-4FD16F0D099B}.Debug|ARM.Deploy.0 = Debug|ARM
		{D22A46FD-E1F5-4BF2-B0D2-4FD16F0D099B}.Debug|iPhone.ActiveCfg = Debug|x86
		{D22A46FD-E1F5-4BF2-B0D2-4FD16F0D099B}.Debug|iPhone.Build.0 = Debug|x86
		{D22A46FD-E1F5-4BF2-B0D2-4FD16F0D099B}.Debug|iPhone.Deploy.0 = Debug|x86
		{D22A46FD-E1F5-4BF2-B0D2-4FD16F0D099B}.Debug|iPhoneSimulator.ActiveCfg = Debug|x86
		{D22A46FD-E1F5-4BF2-B0D2-4FD16F0D099B}.Debug|iPhoneSimulator.Build.0 = Debug|x86
		{D22A46FD-E1F5-4BF2-B0D2-4FD16F0D099B}.Debug|iPhoneSimulator.Deploy.0 = Debug|x86
		{D22A46FD-E1F5-4BF2-B0D2-4FD16F0D099B}.Debug|x64.ActiveCfg = Debug|x64
		{D22A46FD-E1F5-4BF2-B0D2-4FD16F0D099B}.Debug|x64.Build.0 = Debug|x64
		{D22A46FD-E1F5-4BF2-B0D2-4FD16F0D099B}.Debug|x64.Deploy.0 = Debug|x64
		{D22A46FD-E1F5-4BF2-B0D2-4FD16F0D099B}.Debug|x86.ActiveCfg = Debug|x86
		{D22A46FD-E1F5-4BF2-B0D2-4FD16F0D099B}.Debug|x86.Build.0 = Debug|x86
		{D22A46FD-E1F5-4BF2-B0D2-4FD16F0D099B}.Debug|x86.Deploy.0 = Debug|x86
		{D22A46FD-E1F5-4BF2-B0D2-4FD16F0D099B}.Release|Any CPU.ActiveCfg = Release|x86
		{D22A46FD-E1F5-4BF2-B0D2-4FD16F0D099B}.Release|Any CPU.Build.0 = Release|x86
		{D22A46FD-E1F5-4BF2-B0D2-4FD16F0D099B}.Release|Any CPU.Deploy.0 = Release|x86
		{D22A46FD-E1F5-4BF2-B0D2-4FD16F0D099B}.Release|ARM.ActiveCfg = Release|ARM
		{D22A46FD-E1F5-4BF2-B0D2-4FD16F0D099B}.Release|ARM.Build.0 = Release|ARM
		{D22A46FD-E1F5-4BF2-B0D2-4FD16F0D099B}.Release|ARM.Deploy.0 = Release|ARM
		{D22A46FD-E1F5-4BF2-B0D2-4FD16F0D099B}.Release|iPhone.ActiveCfg = Release|x86
		{D22A46FD-E1F5-4BF2-B0D2-4FD16F0D099B}.Release|iPhone.Build.0 = Release|x86
		{D22A46FD-E1F5-4BF2-B0D2-4FD16F0D099B}.Release|iPhone.Deploy.0 = Release|x86
		{D22A46FD-E1F5-4BF2-B0D2-4FD16F0D099B}.Release|iPhoneSimulator.ActiveCfg = Release|x86
		{D22A46FD-E1F5-4BF2-B0D2-4FD16F0D099B}.Release|iPhoneSimulator.Build.0 = Release|x86
		{D22A46FD-E1F5-4BF2-B0D2-4FD16F0D099B}.Release|iPhoneSimulator.Deploy.0 = Release|x86
		{D22A46FD-E1F5-4BF2-B0D2-4FD16F0D099B}.Release|x64.ActiveCfg = Release|x64
		{D22A46FD-E1F5-4BF2-B0D2-4FD16F0D099B}.Release|x64.Build.0 = Release|x64
		{D22A46FD-E1F5-4BF2-B0D2-4FD16F0D099B}.Release|x64.Deploy.0 = Release|x64
		{D22A46FD-E1F5-4BF2-B0D2-4FD16F0D099B}.Release|x86.ActiveCfg = Release|x86
		{D22A46FD-E1F5-4BF2-B0D2-4FD16F0D099B}.Release|x86.Build.0 = Release|x86
		{D22A46FD-E1F5-4BF2-B0D2-4FD16F0D099B}.Release|x86.Deploy.0 = Release|x86
		{A03BD7C4-9C94-49A2-965F-0155ACABECFC}.Ad-Hoc|Any CPU.ActiveCfg = Debug|Any CPU
		{A03BD7C4-9C94-49A2-965F-0155ACABECFC}.Ad-Hoc|Any CPU.Build.0 = Debug|Any CPU
		{A03BD7C4-9C94-49A2-965F-0155ACABECFC}.Ad-Hoc|Any CPU.Deploy.0 = Debug|Any CPU
		{A03BD7C4-9C94-49A2-965F-0155ACABECFC}.Ad-Hoc|ARM.ActiveCfg = Debug|Any CPU
		{A03BD7C4-9C94-49A2-965F-0155ACABECFC}.Ad-Hoc|ARM.Build.0 = Debug|Any CPU
		{A03BD7C4-9C94-49A2-965F-0155ACABECFC}.Ad-Hoc|ARM.Deploy.0 = Debug|Any CPU
		{A03BD7C4-9C94-49A2-965F-0155ACABECFC}.Ad-Hoc|iPhone.ActiveCfg = Debug|Any CPU
		{A03BD7C4-9C94-49A2-965F-0155ACABECFC}.Ad-Hoc|iPhone.Build.0 = Debug|Any CPU
		{A03BD7C4-9C94-49A2-965F-0155ACABECFC}.Ad-Hoc|iPhone.Deploy.0 = Debug|Any CPU
		{A03BD7C4-9C94-49A2-965F-0155ACABECFC}.Ad-Hoc|iPhoneSimulator.ActiveCfg = Debug|Any CPU
		{A03BD7C4-9C94-49A2-965F-0155ACABECFC}.Ad-Hoc|iPhoneSimulator.Build.0 = Debug|Any CPU
		{A03BD7C4-9C94-49A2-965F-0155ACABECFC}.Ad-Hoc|iPhoneSimulator.Deploy.0 = Debug|Any CPU
		{A03BD7C4-9C94-49A2-965F-0155ACABECFC}.Ad-Hoc|x64.ActiveCfg = Debug|Any CPU
		{A03BD7C4-9C94-49A2-965F-0155ACABECFC}.Ad-Hoc|x64.Build.0 = Debug|Any CPU
		{A03BD7C4-9C94-49A2-965F-0155ACABECFC}.Ad-Hoc|x64.Deploy.0 = Debug|Any CPU
		{A03BD7C4-9C94-49A2-965F-0155ACABECFC}.Ad-Hoc|x86.ActiveCfg = Debug|Any CPU
		{A03BD7C4-9C94-49A2-965F-0155ACABECFC}.Ad-Hoc|x86.Build.0 = Debug|Any CPU
		{A03BD7C4-9C94-49A2-965F-0155ACABECFC}.Ad-Hoc|x86.Deploy.0 = Debug|Any CPU
		{A03BD7C4-9C94-49A2-965F-0155ACABECFC}.AppStore|Any CPU.ActiveCfg = Debug|Any CPU
		{A03BD7C4-9C94-49A2-965F-0155ACABECFC}.AppStore|Any CPU.Build.0 = Debug|Any CPU
		{A03BD7C4-9C94-49A2-965F-0155ACABECFC}.AppStore|Any CPU.Deploy.0 = Debug|Any CPU
		{A03BD7C4-9C94-49A2-965F-0155ACABECFC}.AppStore|ARM.ActiveCfg = Debug|Any CPU
		{A03BD7C4-9C94-49A2-965F-0155ACABECFC}.AppStore|ARM.Build.0 = Debug|Any CPU
		{A03BD7C4-9C94-49A2-965F-0155ACABECFC}.AppStore|ARM.Deploy.0 = Debug|Any CPU
		{A03BD7C4-9C94-49A2-965F-0155ACABECFC}.AppStore|iPhone.ActiveCfg = Debug|Any CPU
		{A03BD7C4-9C94-49A2-965F-0155ACABECFC}.AppStore|iPhone.Build.0 = Debug|Any CPU
		{A03BD7C4-9C94-49A2-965F-0155ACABECFC}.AppStore|iPhone.Deploy.0 = Debug|Any CPU
		{A03BD7C4-9C94-49A2-965F-0155ACABECFC}.AppStore|iPhoneSimulator.ActiveCfg = Debug|Any CPU
		{A03BD7C4-9C94-49A2-965F-0155ACABECFC}.AppStore|iPhoneSimulator.Build.0 = Debug|Any CPU
		{A03BD7C4-9C94-49A2-965F-0155ACABECFC}.AppStore|iPhoneSimulator.Deploy.0 = Debug|Any CPU
		{A03BD7C4-9C94-49A2-965F-0155ACABECFC}.AppStore|x64.ActiveCfg = Debug|Any CPU
		{A03BD7C4-9C94-49A2-965F-0155ACABECFC}.AppStore|x64.Build.0 = Debug|Any CPU
		{A03BD7C4-9C94-49A2-965F-0155ACABECFC}.AppStore|x64.Deploy.0 = Debug|Any CPU
		{A03BD7C4-9C94-49A2-965F-0155ACABECFC}.AppStore|x86.ActiveCfg = Debug|Any CPU
		{A03BD7C4-9C94-49A2-965F-0155ACABECFC}.AppStore|x86.Build.0 = Debug|Any CPU
		{A03BD7C4-9C94-49A2-965F-0155ACABECFC}.AppStore|x86.Deploy.0 = Debug|Any CPU
		{A03BD7C4-9C94-49A2-965F-0155ACABECFC}.Debug|Any CPU.ActiveCfg = Debug|Any CPU
		{A03BD7C4-9C94-49A2-965F-0155ACABECFC}.Debug|Any CPU.Build.0 = Debug|Any CPU
		{A03BD7C4-9C94-49A2-965F-0155ACABECFC}.Debug|Any CPU.Deploy.0 = Debug|Any CPU
		{A03BD7C4-9C94-49A2-965F-0155ACABECFC}.Debug|ARM.ActiveCfg = Debug|Any CPU
		{A03BD7C4-9C94-49A2-965F-0155ACABECFC}.Debug|ARM.Build.0 = Debug|Any CPU
		{A03BD7C4-9C94-49A2-965F-0155ACABECFC}.Debug|ARM.Deploy.0 = Debug|Any CPU
		{A03BD7C4-9C94-49A2-965F-0155ACABECFC}.Debug|iPhone.ActiveCfg = Debug|Any CPU
		{A03BD7C4-9C94-49A2-965F-0155ACABECFC}.Debug|iPhone.Build.0 = Debug|Any CPU
		{A03BD7C4-9C94-49A2-965F-0155ACABECFC}.Debug|iPhone.Deploy.0 = Debug|Any CPU
		{A03BD7C4-9C94-49A2-965F-0155ACABECFC}.Debug|iPhoneSimulator.ActiveCfg = Debug|Any CPU
		{A03BD7C4-9C94-49A2-965F-0155ACABECFC}.Debug|iPhoneSimulator.Build.0 = Debug|Any CPU
		{A03BD7C4-9C94-49A2-965F-0155ACABECFC}.Debug|iPhoneSimulator.Deploy.0 = Debug|Any CPU
		{A03BD7C4-9C94-49A2-965F-0155ACABECFC}.Debug|x64.ActiveCfg = Debug|Any CPU
		{A03BD7C4-9C94-49A2-965F-0155ACABECFC}.Debug|x64.Build.0 = Debug|Any CPU
		{A03BD7C4-9C94-49A2-965F-0155ACABECFC}.Debug|x64.Deploy.0 = Debug|Any CPU
		{A03BD7C4-9C94-49A2-965F-0155ACABECFC}.Debug|x86.ActiveCfg = Debug|Any CPU
		{A03BD7C4-9C94-49A2-965F-0155ACABECFC}.Debug|x86.Build.0 = Debug|Any CPU
		{A03BD7C4-9C94-49A2-965F-0155ACABECFC}.Debug|x86.Deploy.0 = Debug|Any CPU
		{A03BD7C4-9C94-49A2-965F-0155ACABECFC}.Release|Any CPU.ActiveCfg = Release|Any CPU
		{A03BD7C4-9C94-49A2-965F-0155ACABECFC}.Release|Any CPU.Build.0 = Release|Any CPU
		{A03BD7C4-9C94-49A2-965F-0155ACABECFC}.Release|Any CPU.Deploy.0 = Release|Any CPU
		{A03BD7C4-9C94-49A2-965F-0155ACABECFC}.Release|ARM.ActiveCfg = Release|Any CPU
		{A03BD7C4-9C94-49A2-965F-0155ACABECFC}.Release|ARM.Build.0 = Release|Any CPU
		{A03BD7C4-9C94-49A2-965F-0155ACABECFC}.Release|ARM.Deploy.0 = Release|Any CPU
		{A03BD7C4-9C94-49A2-965F-0155ACABECFC}.Release|iPhone.ActiveCfg = Release|Any CPU
		{A03BD7C4-9C94-49A2-965F-0155ACABECFC}.Release|iPhone.Build.0 = Release|Any CPU
		{A03BD7C4-9C94-49A2-965F-0155ACABECFC}.Release|iPhone.Deploy.0 = Release|Any CPU
		{A03BD7C4-9C94-49A2-965F-0155ACABECFC}.Release|iPhoneSimulator.ActiveCfg = Release|Any CPU
		{A03BD7C4-9C94-49A2-965F-0155ACABECFC}.Release|iPhoneSimulator.Build.0 = Release|Any CPU
		{A03BD7C4-9C94-49A2-965F-0155ACABECFC}.Release|iPhoneSimulator.Deploy.0 = Release|Any CPU
		{A03BD7C4-9C94-49A2-965F-0155ACABECFC}.Release|x64.ActiveCfg = Release|Any CPU
		{A03BD7C4-9C94-49A2-965F-0155ACABECFC}.Release|x64.Build.0 = Release|Any CPU
		{A03BD7C4-9C94-49A2-965F-0155ACABECFC}.Release|x64.Deploy.0 = Release|Any CPU
		{A03BD7C4-9C94-49A2-965F-0155ACABECFC}.Release|x86.ActiveCfg = Release|Any CPU
		{A03BD7C4-9C94-49A2-965F-0155ACABECFC}.Release|x86.Build.0 = Release|Any CPU
		{A03BD7C4-9C94-49A2-965F-0155ACABECFC}.Release|x86.Deploy.0 = Release|Any CPU
	EndGlobalSection
	GlobalSection(SolutionProperties) = preSolution
		HideSolutionNode = FALSE
	EndGlobalSection
	GlobalSection(ExtensibilityGlobals) = postSolution
		SolutionGuid = {D2196E2F-65E4-49D9-B378-8FCD0FCE4F87}
	EndGlobalSection
EndGlobal
