
Microsoft Visual Studio Solution File, Format Version 12.00
# Visual Studio 15
VisualStudioVersion = 15.0.28307.329
MinimumVisualStudioVersion = 10.0.40219.1
Project("{FAE04EC0-301F-11D3-BF4B-00C04F79EFBC}") = "ListApp.Android", "ListApp\ListApp.Android\ListApp.Android.csproj", "{B21846D9-CD95-4CC4-A693-146E3913ACFF}"
EndProject
Project("{FAE04EC0-301F-11D3-BF4B-00C04F79EFBC}") = "ListApp.iOS", "ListApp\ListApp.iOS\ListApp.iOS.csproj", "{98B6A24B-7388-4507-8EDE-510A72CEA90A}"
EndProject
Project("{FAE04EC0-301F-11D3-BF4B-00C04F79EFBC}") = "ListApp.UWP", "ListApp\ListApp.UWP\ListApp.UWP.csproj", "{0FFC2567-264E-4921-BEAD-F91F5CDC3A74}"
EndProject
Project("{FAE04EC0-301F-11D3-BF4B-00C04F79EFBC}") = "ListApp", "ListApp\ListApp\ListApp.csproj", "{80F0E818-FDDD-402D-9E1F-37C6EC40E37C}"
EndProject
Global
	GlobalSection(SolutionConfigurationPlatforms) = preSolution
		Ad-Hoc|Any CPU = Ad-Hoc|Any CPU
		Ad-Hoc|ARM = Ad-Hoc|ARM
		Ad-Hoc|iPhone = Ad-Hoc|iPhone
		Ad-Hoc|iPhoneSimulator = Ad-Hoc|iPhoneSimulator
		Ad-Hoc|x64 = Ad-Hoc|x64
		Ad-Hoc|x86 = Ad-Hoc|x86
		AppStore|Any CPU = AppStore|Any CPU
		AppStore|ARM = AppStore|ARM
		AppStore|iPhone = AppStore|iPhone
		AppStore|iPhoneSimulator = AppStore|iPhoneSimulator
		AppStore|x64 = AppStore|x64
		AppStore|x86 = AppStore|x86
		Debug|Any CPU = Debug|Any CPU
		Debug|ARM = Debug|ARM
		Debug|iPhone = Debug|iPhone
		Debug|iPhoneSimulator = Debug|iPhoneSimulator
		Debug|x64 = Debug|x64
		Debug|x86 = Debug|x86
		Release|Any CPU = Release|Any CPU
		Release|ARM = Release|ARM
		Release|iPhone = Release|iPhone
		Release|iPhoneSimulator = Release|iPhoneSimulator
		Release|x64 = Release|x64
		Release|x86 = Release|x86
	EndGlobalSection
	GlobalSection(ProjectConfigurationPlatforms) = postSolution
		{B21846D9-CD95-4CC4-A693-146E3913ACFF}.Ad-Hoc|Any CPU.ActiveCfg = Release|Any CPU
		{B21846D9-CD95-4CC4-A693-146E3913ACFF}.Ad-Hoc|Any CPU.Build.0 = Release|Any CPU
		{B21846D9-CD95-4CC4-A693-146E3913ACFF}.Ad-Hoc|Any CPU.Deploy.0 = Release|Any CPU
		{B21846D9-CD95-4CC4-A693-146E3913ACFF}.Ad-Hoc|ARM.ActiveCfg = Release|Any CPU
		{B21846D9-CD95-4CC4-A693-146E3913ACFF}.Ad-Hoc|ARM.Build.0 = Release|Any CPU
		{B21846D9-CD95-4CC4-A693-146E3913ACFF}.Ad-Hoc|ARM.Deploy.0 = Release|Any CPU
		{B21846D9-CD95-4CC4-A693-146E3913ACFF}.Ad-Hoc|iPhone.ActiveCfg = Release|Any CPU
		{B21846D9-CD95-4CC4-A693-146E3913ACFF}.Ad-Hoc|iPhone.Build.0 = Release|Any CPU
		{B21846D9-CD95-4CC4-A693-146E3913ACFF}.Ad-Hoc|iPhone.Deploy.0 = Release|Any CPU
		{B21846D9-CD95-4CC4-A693-146E3913ACFF}.Ad-Hoc|iPhoneSimulator.ActiveCfg = Release|Any CPU
		{B21846D9-CD95-4CC4-A693-146E3913ACFF}.Ad-Hoc|iPhoneSimulator.Build.0 = Release|Any CPU
		{B21846D9-CD95-4CC4-A693-146E3913ACFF}.Ad-Hoc|iPhoneSimulator.Deploy.0 = Release|Any CPU
		{B21846D9-CD95-4CC4-A693-146E3913ACFF}.Ad-Hoc|x64.ActiveCfg = Release|Any CPU
		{B21846D9-CD95-4CC4-A693-146E3913ACFF}.Ad-Hoc|x64.Build.0 = Release|Any CPU
		{B21846D9-CD95-4CC4-A693-146E3913ACFF}.Ad-Hoc|x64.Deploy.0 = Release|Any CPU
		{B21846D9-CD95-4CC4-A693-146E3913ACFF}.Ad-Hoc|x86.ActiveCfg = Release|Any CPU
		{B21846D9-CD95-4CC4-A693-146E3913ACFF}.Ad-Hoc|x86.Build.0 = Release|Any CPU
		{B21846D9-CD95-4CC4-A693-146E3913ACFF}.Ad-Hoc|x86.Deploy.0 = Release|Any CPU
		{B21846D9-CD95-4CC4-A693-146E3913ACFF}.AppStore|Any CPU.ActiveCfg = Release|Any CPU
		{B21846D9-CD95-4CC4-A693-146E3913ACFF}.AppStore|Any CPU.Build.0 = Release|Any CPU
		{B21846D9-CD95-4CC4-A693-146E3913ACFF}.AppStore|Any CPU.Deploy.0 = Release|Any CPU
		{B21846D9-CD95-4CC4-A693-146E3913ACFF}.AppStore|ARM.ActiveCfg = Release|Any CPU
		{B21846D9-CD95-4CC4-A693-146E3913ACFF}.AppStore|ARM.Build.0 = Release|Any CPU
		{B21846D9-CD95-4CC4-A693-146E3913ACFF}.AppStore|ARM.Deploy.0 = Release|Any CPU
		{B21846D9-CD95-4CC4-A693-146E3913ACFF}.AppStore|iPhone.ActiveCfg = Release|Any CPU
		{B21846D9-CD95-4CC4-A693-146E3913ACFF}.AppStore|iPhone.Build.0 = Release|Any CPU
		{B21846D9-CD95-4CC4-A693-146E3913ACFF}.AppStore|iPhone.Deploy.0 = Release|Any CPU
		{B21846D9-CD95-4CC4-A693-146E3913ACFF}.AppStore|iPhoneSimulator.ActiveCfg = Release|Any CPU
		{B21846D9-CD95-4CC4-A693-146E3913ACFF}.AppStore|iPhoneSimulator.Build.0 = Release|Any CPU
		{B21846D9-CD95-4CC4-A693-146E3913ACFF}.AppStore|iPhoneSimulator.Deploy.0 = Release|Any CPU
		{B21846D9-CD95-4CC4-A693-146E3913ACFF}.AppStore|x64.ActiveCfg = Release|Any CPU
		{B21846D9-CD95-4CC4-A693-146E3913ACFF}.AppStore|x64.Build.0 = Release|Any CPU
		{B21846D9-CD95-4CC4-A693-146E3913ACFF}.AppStore|x64.Deploy.0 = Release|Any CPU
		{B21846D9-CD95-4CC4-A693-146E3913ACFF}.AppStore|x86.ActiveCfg = Release|Any CPU
		{B21846D9-CD95-4CC4-A693-146E3913ACFF}.AppStore|x86.Build.0 = Release|Any CPU
		{B21846D9-CD95-4CC4-A693-146E3913ACFF}.AppStore|x86.Deploy.0 = Release|Any CPU
		{B21846D9-CD95-4CC4-A693-146E3913ACFF}.Debug|Any CPU.ActiveCfg = Debug|Any CPU
		{B21846D9-CD95-4CC4-A693-146E3913ACFF}.Debug|Any CPU.Build.0 = Debug|Any CPU
		{B21846D9-CD95-4CC4-A693-146E3913ACFF}.Debug|Any CPU.Deploy.0 = Debug|Any CPU
		{B21846D9-CD95-4CC4-A693-146E3913ACFF}.Debug|ARM.ActiveCfg = Debug|Any CPU
		{B21846D9-CD95-4CC4-A693-146E3913ACFF}.Debug|ARM.Build.0 = Debug|Any CPU
		{B21846D9-CD95-4CC4-A693-146E3913ACFF}.Debug|ARM.Deploy.0 = Debug|Any CPU
		{B21846D9-CD95-4CC4-A693-146E3913ACFF}.Debug|iPhone.ActiveCfg = Debug|Any CPU
		{B21846D9-CD95-4CC4-A693-146E3913ACFF}.Debug|iPhone.Build.0 = Debug|Any CPU
		{B21846D9-CD95-4CC4-A693-146E3913ACFF}.Debug|iPhone.Deploy.0 = Debug|Any CPU
		{B21846D9-CD95-4CC4-A693-146E3913ACFF}.Debug|iPhoneSimulator.ActiveCfg = Debug|Any CPU
		{B21846D9-CD95-4CC4-A693-146E3913ACFF}.Debug|iPhoneSimulator.Build.0 = Debug|Any CPU
		{B21846D9-CD95-4CC4-A693-146E3913ACFF}.Debug|iPhoneSimulator.Deploy.0 = Debug|Any CPU
		{B21846D9-CD95-4CC4-A693-146E3913ACFF}.Debug|x64.ActiveCfg = Debug|Any CPU
		{B21846D9-CD95-4CC4-A693-146E3913ACFF}.Debug|x64.Build.0 = Debug|Any CPU
		{B21846D9-CD95-4CC4-A693-146E3913ACFF}.Debug|x64.Deploy.0 = Debug|Any CPU
		{B21846D9-CD95-4CC4-A693-146E3913ACFF}.Debug|x86.ActiveCfg = Debug|Any CPU
		{B21846D9-CD95-4CC4-A693-146E3913ACFF}.Debug|x86.Build.0 = Debug|Any CPU
		{B21846D9-CD95-4CC4-A693-146E3913ACFF}.Debug|x86.Deploy.0 = Debug|Any CPU
		{B21846D9-CD95-4CC4-A693-146E3913ACFF}.Release|Any CPU.ActiveCfg = Release|Any CPU
		{B21846D9-CD95-4CC4-A693-146E3913ACFF}.Release|Any CPU.Build.0 = Release|Any CPU
		{B21846D9-CD95-4CC4-A693-146E3913ACFF}.Release|Any CPU.Deploy.0 = Release|Any CPU
		{B21846D9-CD95-4CC4-A693-146E3913ACFF}.Release|ARM.ActiveCfg = Release|Any CPU
		{B21846D9-CD95-4CC4-A693-146E3913ACFF}.Release|ARM.Build.0 = Release|Any CPU
		{B21846D9-CD95-4CC4-A693-146E3913ACFF}.Release|ARM.Deploy.0 = Release|Any CPU
		{B21846D9-CD95-4CC4-A693-146E3913ACFF}.Release|iPhone.ActiveCfg = Release|Any CPU
		{B21846D9-CD95-4CC4-A693-146E3913ACFF}.Release|iPhone.Build.0 = Release|Any CPU
		{B21846D9-CD95-4CC4-A693-146E3913ACFF}.Release|iPhone.Deploy.0 = Release|Any CPU
		{B21846D9-CD95-4CC4-A693-146E3913ACFF}.Release|iPhoneSimulator.ActiveCfg = Release|Any CPU
		{B21846D9-CD95-4CC4-A693-146E3913ACFF}.Release|iPhoneSimulator.Build.0 = Release|Any CPU
		{B21846D9-CD95-4CC4-A693-146E3913ACFF}.Release|iPhoneSimulator.Deploy.0 = Release|Any CPU
		{B21846D9-CD95-4CC4-A693-146E3913ACFF}.Release|x64.ActiveCfg = Release|Any CPU
		{B21846D9-CD95-4CC4-A693-146E3913ACFF}.Release|x64.Build.0 = Release|Any CPU
		{B21846D9-CD95-4CC4-A693-146E3913ACFF}.Release|x64.Deploy.0 = Release|Any CPU
		{B21846D9-CD95-4CC4-A693-146E3913ACFF}.Release|x86.ActiveCfg = Release|Any CPU
		{B21846D9-CD95-4CC4-A693-146E3913ACFF}.Release|x86.Build.0 = Release|Any CPU
		{B21846D9-CD95-4CC4-A693-146E3913ACFF}.Release|x86.Deploy.0 = Release|Any CPU
		{98B6A24B-7388-4507-8EDE-510A72CEA90A}.Ad-Hoc|Any CPU.ActiveCfg = Ad-Hoc|iPhone
		{98B6A24B-7388-4507-8EDE-510A72CEA90A}.Ad-Hoc|Any CPU.Build.0 = Ad-Hoc|iPhone
		{98B6A24B-7388-4507-8EDE-510A72CEA90A}.Ad-Hoc|Any CPU.Deploy.0 = Ad-Hoc|iPhone
		{98B6A24B-7388-4507-8EDE-510A72CEA90A}.Ad-Hoc|ARM.ActiveCfg = Ad-Hoc|iPhone
		{98B6A24B-7388-4507-8EDE-510A72CEA90A}.Ad-Hoc|ARM.Build.0 = Ad-Hoc|iPhone
		{98B6A24B-7388-4507-8EDE-510A72CEA90A}.Ad-Hoc|ARM.Deploy.0 = Ad-Hoc|iPhone
		{98B6A24B-7388-4507-8EDE-510A72CEA90A}.Ad-Hoc|iPhone.ActiveCfg = Ad-Hoc|iPhone
		{98B6A24B-7388-4507-8EDE-510A72CEA90A}.Ad-Hoc|iPhone.Build.0 = Ad-Hoc|iPhone
		{98B6A24B-7388-4507-8EDE-510A72CEA90A}.Ad-Hoc|iPhone.Deploy.0 = Ad-Hoc|iPhone
		{98B6A24B-7388-4507-8EDE-510A72CEA90A}.Ad-Hoc|iPhoneSimulator.ActiveCfg = Ad-Hoc|iPhoneSimulator
		{98B6A24B-7388-4507-8EDE-510A72CEA90A}.Ad-Hoc|iPhoneSimulator.Build.0 = Ad-Hoc|iPhoneSimulator
		{98B6A24B-7388-4507-8EDE-510A72CEA90A}.Ad-Hoc|iPhoneSimulator.Deploy.0 = Ad-Hoc|iPhoneSimulator
		{98B6A24B-7388-4507-8EDE-510A72CEA90A}.Ad-Hoc|x64.ActiveCfg = Ad-Hoc|iPhone
		{98B6A24B-7388-4507-8EDE-510A72CEA90A}.Ad-Hoc|x64.Build.0 = Ad-Hoc|iPhone
		{98B6A24B-7388-4507-8EDE-510A72CEA90A}.Ad-Hoc|x64.Deploy.0 = Ad-Hoc|iPhone
		{98B6A24B-7388-4507-8EDE-510A72CEA90A}.Ad-Hoc|x86.ActiveCfg = Ad-Hoc|iPhone
		{98B6A24B-7388-4507-8EDE-510A72CEA90A}.Ad-Hoc|x86.Build.0 = Ad-Hoc|iPhone
		{98B6A24B-7388-4507-8EDE-510A72CEA90A}.Ad-Hoc|x86.Deploy.0 = Ad-Hoc|iPhone
		{98B6A24B-7388-4507-8EDE-510A72CEA90A}.AppStore|Any CPU.ActiveCfg = AppStore|iPhone
		{98B6A24B-7388-4507-8EDE-510A72CEA90A}.AppStore|Any CPU.Build.0 = AppStore|iPhone
		{98B6A24B-7388-4507-8EDE-510A72CEA90A}.AppStore|Any CPU.Deploy.0 = AppStore|iPhone
		{98B6A24B-7388-4507-8EDE-510A72CEA90A}.AppStore|ARM.ActiveCfg = AppStore|iPhone
		{98B6A24B-7388-4507-8EDE-510A72CEA90A}.AppStore|ARM.Build.0 = AppStore|iPhone
		{98B6A24B-7388-4507-8EDE-510A72CEA90A}.AppStore|ARM.Deploy.0 = AppStore|iPhone
		{98B6A24B-7388-4507-8EDE-510A72CEA90A}.AppStore|iPhone.ActiveCfg = AppStore|iPhone
		{98B6A24B-7388-4507-8EDE-510A72CEA90A}.AppStore|iPhone.Build.0 = AppStore|iPhone
		{98B6A24B-7388-4507-8EDE-510A72CEA90A}.AppStore|iPhone.Deploy.0 = AppStore|iPhone
		{98B6A24B-7388-4507-8EDE-510A72CEA90A}.AppStore|iPhoneSimulator.ActiveCfg = AppStore|iPhoneSimulator
		{98B6A24B-7388-4507-8EDE-510A72CEA90A}.AppStore|iPhoneSimulator.Build.0 = AppStore|iPhoneSimulator
		{98B6A24B-7388-4507-8EDE-510A72CEA90A}.AppStore|iPhoneSimulator.Deploy.0 = AppStore|iPhoneSimulator
		{98B6A24B-7388-4507-8EDE-510A72CEA90A}.AppStore|x64.ActiveCfg = AppStore|iPhone
		{98B6A24B-7388-4507-8EDE-510A72CEA90A}.AppStore|x64.Build.0 = AppStore|iPhone
		{98B6A24B-7388-4507-8EDE-510A72CEA90A}.AppStore|x64.Deploy.0 = AppStore|iPhone
		{98B6A24B-7388-4507-8EDE-510A72CEA90A}.AppStore|x86.ActiveCfg = AppStore|iPhone
		{98B6A24B-7388-4507-8EDE-510A72CEA90A}.AppStore|x86.Build.0 = AppStore|iPhone
		{98B6A24B-7388-4507-8EDE-510A72CEA90A}.AppStore|x86.Deploy.0 = AppStore|iPhone
		{98B6A24B-7388-4507-8EDE-510A72CEA90A}.Debug|Any CPU.ActiveCfg = Debug|iPhoneSimulator
		{98B6A24B-7388-4507-8EDE-510A72CEA90A}.Debug|Any CPU.Build.0 = Debug|iPhoneSimulator
		{98B6A24B-7388-4507-8EDE-510A72CEA90A}.Debug|Any CPU.Deploy.0 = Debug|iPhoneSimulator
		{98B6A24B-7388-4507-8EDE-510A72CEA90A}.Debug|ARM.ActiveCfg = Debug|iPhone
		{98B6A24B-7388-4507-8EDE-510A72CEA90A}.Debug|ARM.Build.0 = Debug|iPhone
		{98B6A24B-7388-4507-8EDE-510A72CEA90A}.Debug|ARM.Deploy.0 = Debug|iPhone
		{98B6A24B-7388-4507-8EDE-510A72CEA90A}.Debug|iPhone.ActiveCfg = Debug|iPhone
		{98B6A24B-7388-4507-8EDE-510A72CEA90A}.Debug|iPhone.Build.0 = Debug|iPhone
		{98B6A24B-7388-4507-8EDE-510A72CEA90A}.Debug|iPhone.Deploy.0 = Debug|iPhone
		{98B6A24B-7388-4507-8EDE-510A72CEA90A}.Debug|iPhoneSimulator.ActiveCfg = Debug|iPhoneSimulator
		{98B6A24B-7388-4507-8EDE-510A72CEA90A}.Debug|iPhoneSimulator.Build.0 = Debug|iPhoneSimulator
		{98B6A24B-7388-4507-8EDE-510A72CEA90A}.Debug|iPhoneSimulator.Deploy.0 = Debug|iPhoneSimulator
		{98B6A24B-7388-4507-8EDE-510A72CEA90A}.Debug|x64.ActiveCfg = Debug|iPhone
		{98B6A24B-7388-4507-8EDE-510A72CEA90A}.Debug|x64.Build.0 = Debug|iPhone
		{98B6A24B-7388-4507-8EDE-510A72CEA90A}.Debug|x64.Deploy.0 = Debug|iPhone
		{98B6A24B-7388-4507-8EDE-510A72CEA90A}.Debug|x86.ActiveCfg = Debug|iPhone
		{98B6A24B-7388-4507-8EDE-510A72CEA90A}.Debug|x86.Build.0 = Debug|iPhone
		{98B6A24B-7388-4507-8EDE-510A72CEA90A}.Debug|x86.Deploy.0 = Debug|iPhone
		{98B6A24B-7388-4507-8EDE-510A72CEA90A}.Release|Any CPU.ActiveCfg = Release|iPhone
		{98B6A24B-7388-4507-8EDE-510A72CEA90A}.Release|Any CPU.Build.0 = Release|iPhone
		{98B6A24B-7388-4507-8EDE-510A72CEA90A}.Release|Any CPU.Deploy.0 = Release|iPhone
		{98B6A24B-7388-4507-8EDE-510A72CEA90A}.Release|ARM.ActiveCfg = Release|iPhone
		{98B6A24B-7388-4507-8EDE-510A72CEA90A}.Release|ARM.Build.0 = Release|iPhone
		{98B6A24B-7388-4507-8EDE-510A72CEA90A}.Release|ARM.Deploy.0 = Release|iPhone
		{98B6A24B-7388-4507-8EDE-510A72CEA90A}.Release|iPhone.ActiveCfg = Release|iPhone
		{98B6A24B-7388-4507-8EDE-510A72CEA90A}.Release|iPhone.Build.0 = Release|iPhone
		{98B6A24B-7388-4507-8EDE-510A72CEA90A}.Release|iPhone.Deploy.0 = Release|iPhone
		{98B6A24B-7388-4507-8EDE-510A72CEA90A}.Release|iPhoneSimulator.ActiveCfg = Release|iPhoneSimulator
		{98B6A24B-7388-4507-8EDE-510A72CEA90A}.Release|iPhoneSimulator.Build.0 = Release|iPhoneSimulator
		{98B6A24B-7388-4507-8EDE-510A72CEA90A}.Release|iPhoneSimulator.Deploy.0 = Release|iPhoneSimulator
		{98B6A24B-7388-4507-8EDE-510A72CEA90A}.Release|x64.ActiveCfg = Release|iPhone
		{98B6A24B-7388-4507-8EDE-510A72CEA90A}.Release|x64.Build.0 = Release|iPhone
		{98B6A24B-7388-4507-8EDE-510A72CEA90A}.Release|x64.Deploy.0 = Release|iPhone
		{98B6A24B-7388-4507-8EDE-510A72CEA90A}.Release|x86.ActiveCfg = Release|iPhone
		{98B6A24B-7388-4507-8EDE-510A72CEA90A}.Release|x86.Build.0 = Release|iPhone
		{98B6A24B-7388-4507-8EDE-510A72CEA90A}.Release|x86.Deploy.0 = Release|iPhone
		{0FFC2567-264E-4921-BEAD-F91F5CDC3A74}.Ad-Hoc|Any CPU.ActiveCfg = Release|x86
		{0FFC2567-264E-4921-BEAD-F91F5CDC3A74}.Ad-Hoc|Any CPU.Build.0 = Release|x86
		{0FFC2567-264E-4921-BEAD-F91F5CDC3A74}.Ad-Hoc|Any CPU.Deploy.0 = Release|x86
		{0FFC2567-264E-4921-BEAD-F91F5CDC3A74}.Ad-Hoc|ARM.ActiveCfg = Release|ARM
		{0FFC2567-264E-4921-BEAD-F91F5CDC3A74}.Ad-Hoc|ARM.Build.0 = Release|ARM
		{0FFC2567-264E-4921-BEAD-F91F5CDC3A74}.Ad-Hoc|ARM.Deploy.0 = Release|ARM
		{0FFC2567-264E-4921-BEAD-F91F5CDC3A74}.Ad-Hoc|iPhone.ActiveCfg = Release|x86
		{0FFC2567-264E-4921-BEAD-F91F5CDC3A74}.Ad-Hoc|iPhone.Build.0 = Release|x86
		{0FFC2567-264E-4921-BEAD-F91F5CDC3A74}.Ad-Hoc|iPhone.Deploy.0 = Release|x86
		{0FFC2567-264E-4921-BEAD-F91F5CDC3A74}.Ad-Hoc|iPhoneSimulator.ActiveCfg = Release|x86
		{0FFC2567-264E-4921-BEAD-F91F5CDC3A74}.Ad-Hoc|iPhoneSimulator.Build.0 = Release|x86
		{0FFC2567-264E-4921-BEAD-F91F5CDC3A74}.Ad-Hoc|iPhoneSimulator.Deploy.0 = Release|x86
		{0FFC2567-264E-4921-BEAD-F91F5CDC3A74}.Ad-Hoc|x64.ActiveCfg = Release|x64
		{0FFC2567-264E-4921-BEAD-F91F5CDC3A74}.Ad-Hoc|x64.Build.0 = Release|x64
		{0FFC2567-264E-4921-BEAD-F91F5CDC3A74}.Ad-Hoc|x64.Deploy.0 = Release|x64
		{0FFC2567-264E-4921-BEAD-F91F5CDC3A74}.Ad-Hoc|x86.ActiveCfg = Release|x86
		{0FFC2567-264E-4921-BEAD-F91F5CDC3A74}.Ad-Hoc|x86.Build.0 = Release|x86
		{0FFC2567-264E-4921-BEAD-F91F5CDC3A74}.Ad-Hoc|x86.Deploy.0 = Release|x86
		{0FFC2567-264E-4921-BEAD-F91F5CDC3A74}.AppStore|Any CPU.ActiveCfg = Release|x86
		{0FFC2567-264E-4921-BEAD-F91F5CDC3A74}.AppStore|Any CPU.Build.0 = Release|x86
		{0FFC2567-264E-4921-BEAD-F91F5CDC3A74}.AppStore|Any CPU.Deploy.0 = Release|x86
		{0FFC2567-264E-4921-BEAD-F91F5CDC3A74}.AppStore|ARM.ActiveCfg = Release|ARM
		{0FFC2567-264E-4921-BEAD-F91F5CDC3A74}.AppStore|ARM.Build.0 = Release|ARM
		{0FFC2567-264E-4921-BEAD-F91F5CDC3A74}.AppStore|ARM.Deploy.0 = Release|ARM
		{0FFC2567-264E-4921-BEAD-F91F5CDC3A74}.AppStore|iPhone.ActiveCfg = Release|x86
		{0FFC2567-264E-4921-BEAD-F91F5CDC3A74}.AppStore|iPhone.Build.0 = Release|x86
		{0FFC2567-264E-4921-BEAD-F91F5CDC3A74}.AppStore|iPhone.Deploy.0 = Release|x86
		{0FFC2567-264E-4921-BEAD-F91F5CDC3A74}.AppStore|iPhoneSimulator.ActiveCfg = Release|x86
		{0FFC2567-264E-4921-BEAD-F91F5CDC3A74}.AppStore|iPhoneSimulator.Build.0 = Release|x86
		{0FFC2567-264E-4921-BEAD-F91F5CDC3A74}.AppStore|iPhoneSimulator.Deploy.0 = Release|x86
		{0FFC2567-264E-4921-BEAD-F91F5CDC3A74}.AppStore|x64.ActiveCfg = Release|x64
		{0FFC2567-264E-4921-BEAD-F91F5CDC3A74}.AppStore|x64.Build.0 = Release|x64
		{0FFC2567-264E-4921-BEAD-F91F5CDC3A74}.AppStore|x64.Deploy.0 = Release|x64
		{0FFC2567-264E-4921-BEAD-F91F5CDC3A74}.AppStore|x86.ActiveCfg = Release|x86
		{0FFC2567-264E-4921-BEAD-F91F5CDC3A74}.AppStore|x86.Build.0 = Release|x86
		{0FFC2567-264E-4921-BEAD-F91F5CDC3A74}.AppStore|x86.Deploy.0 = Release|x86
		{0FFC2567-264E-4921-BEAD-F91F5CDC3A74}.Debug|Any CPU.ActiveCfg = Debug|x86
		{0FFC2567-264E-4921-BEAD-F91F5CDC3A74}.Debug|Any CPU.Build.0 = Debug|x86
		{0FFC2567-264E-4921-BEAD-F91F5CDC3A74}.Debug|Any CPU.Deploy.0 = Debug|x86
		{0FFC2567-264E-4921-BEAD-F91F5CDC3A74}.Debug|ARM.ActiveCfg = Debug|ARM
		{0FFC2567-264E-4921-BEAD-F91F5CDC3A74}.Debug|ARM.Build.0 = Debug|ARM
		{0FFC2567-264E-4921-BEAD-F91F5CDC3A74}.Debug|ARM.Deploy.0 = Debug|ARM
		{0FFC2567-264E-4921-BEAD-F91F5CDC3A74}.Debug|iPhone.ActiveCfg = Debug|x86
		{0FFC2567-264E-4921-BEAD-F91F5CDC3A74}.Debug|iPhone.Build.0 = Debug|x86
		{0FFC2567-264E-4921-BEAD-F91F5CDC3A74}.Debug|iPhone.Deploy.0 = Debug|x86
		{0FFC2567-264E-4921-BEAD-F91F5CDC3A74}.Debug|iPhoneSimulator.ActiveCfg = Debug|x86
		{0FFC2567-264E-4921-BEAD-F91F5CDC3A74}.Debug|iPhoneSimulator.Build.0 = Debug|x86
		{0FFC2567-264E-4921-BEAD-F91F5CDC3A74}.Debug|iPhoneSimulator.Deploy.0 = Debug|x86
		{0FFC2567-264E-4921-BEAD-F91F5CDC3A74}.Debug|x64.ActiveCfg = Debug|x64
		{0FFC2567-264E-4921-BEAD-F91F5CDC3A74}.Debug|x64.Build.0 = Debug|x64
		{0FFC2567-264E-4921-BEAD-F91F5CDC3A74}.Debug|x64.Deploy.0 = Debug|x64
		{0FFC2567-264E-4921-BEAD-F91F5CDC3A74}.Debug|x86.ActiveCfg = Debug|x86
		{0FFC2567-264E-4921-BEAD-F91F5CDC3A74}.Debug|x86.Build.0 = Debug|x86
		{0FFC2567-264E-4921-BEAD-F91F5CDC3A74}.Debug|x86.Deploy.0 = Debug|x86
		{0FFC2567-264E-4921-BEAD-F91F5CDC3A74}.Release|Any CPU.ActiveCfg = Release|x86
		{0FFC2567-264E-4921-BEAD-F91F5CDC3A74}.Release|Any CPU.Build.0 = Release|x86
		{0FFC2567-264E-4921-BEAD-F91F5CDC3A74}.Release|Any CPU.Deploy.0 = Release|x86
		{0FFC2567-264E-4921-BEAD-F91F5CDC3A74}.Release|ARM.ActiveCfg = Release|ARM
		{0FFC2567-264E-4921-BEAD-F91F5CDC3A74}.Release|ARM.Build.0 = Release|ARM
		{0FFC2567-264E-4921-BEAD-F91F5CDC3A74}.Release|ARM.Deploy.0 = Release|ARM
		{0FFC2567-264E-4921-BEAD-F91F5CDC3A74}.Release|iPhone.ActiveCfg = Release|x86
		{0FFC2567-264E-4921-BEAD-F91F5CDC3A74}.Release|iPhone.Build.0 = Release|x86
		{0FFC2567-264E-4921-BEAD-F91F5CDC3A74}.Release|iPhone.Deploy.0 = Release|x86
		{0FFC2567-264E-4921-BEAD-F91F5CDC3A74}.Release|iPhoneSimulator.ActiveCfg = Release|x86
		{0FFC2567-264E-4921-BEAD-F91F5CDC3A74}.Release|iPhoneSimulator.Build.0 = Release|x86
		{0FFC2567-264E-4921-BEAD-F91F5CDC3A74}.Release|iPhoneSimulator.Deploy.0 = Release|x86
		{0FFC2567-264E-4921-BEAD-F91F5CDC3A74}.Release|x64.ActiveCfg = Release|x64
		{0FFC2567-264E-4921-BEAD-F91F5CDC3A74}.Release|x64.Build.0 = Release|x64
		{0FFC2567-264E-4921-BEAD-F91F5CDC3A74}.Release|x64.Deploy.0 = Release|x64
		{0FFC2567-264E-4921-BEAD-F91F5CDC3A74}.Release|x86.ActiveCfg = Release|x86
		{0FFC2567-264E-4921-BEAD-F91F5CDC3A74}.Release|x86.Build.0 = Release|x86
		{0FFC2567-264E-4921-BEAD-F91F5CDC3A74}.Release|x86.Deploy.0 = Release|x86
		{80F0E818-FDDD-402D-9E1F-37C6EC40E37C}.Ad-Hoc|Any CPU.ActiveCfg = Debug|Any CPU
		{80F0E818-FDDD-402D-9E1F-37C6EC40E37C}.Ad-Hoc|Any CPU.Build.0 = Debug|Any CPU
		{80F0E818-FDDD-402D-9E1F-37C6EC40E37C}.Ad-Hoc|Any CPU.Deploy.0 = Debug|Any CPU
		{80F0E818-FDDD-402D-9E1F-37C6EC40E37C}.Ad-Hoc|ARM.ActiveCfg = Debug|Any CPU
		{80F0E818-FDDD-402D-9E1F-37C6EC40E37C}.Ad-Hoc|ARM.Build.0 = Debug|Any CPU
		{80F0E818-FDDD-402D-9E1F-37C6EC40E37C}.Ad-Hoc|ARM.Deploy.0 = Debug|Any CPU
		{80F0E818-FDDD-402D-9E1F-37C6EC40E37C}.Ad-Hoc|iPhone.ActiveCfg = Debug|Any CPU
		{80F0E818-FDDD-402D-9E1F-37C6EC40E37C}.Ad-Hoc|iPhone.Build.0 = Debug|Any CPU
		{80F0E818-FDDD-402D-9E1F-37C6EC40E37C}.Ad-Hoc|iPhone.Deploy.0 = Debug|Any CPU
		{80F0E818-FDDD-402D-9E1F-37C6EC40E37C}.Ad-Hoc|iPhoneSimulator.ActiveCfg = Debug|Any CPU
		{80F0E818-FDDD-402D-9E1F-37C6EC40E37C}.Ad-Hoc|iPhoneSimulator.Build.0 = Debug|Any CPU
		{80F0E818-FDDD-402D-9E1F-37C6EC40E37C}.Ad-Hoc|iPhoneSimulator.Deploy.0 = Debug|Any CPU
		{80F0E818-FDDD-402D-9E1F-37C6EC40E37C}.Ad-Hoc|x64.ActiveCfg = Debug|Any CPU
		{80F0E818-FDDD-402D-9E1F-37C6EC40E37C}.Ad-Hoc|x64.Build.0 = Debug|Any CPU
		{80F0E818-FDDD-402D-9E1F-37C6EC40E37C}.Ad-Hoc|x64.Deploy.0 = Debug|Any CPU
		{80F0E818-FDDD-402D-9E1F-37C6EC40E37C}.Ad-Hoc|x86.ActiveCfg = Debug|Any CPU
		{80F0E818-FDDD-402D-9E1F-37C6EC40E37C}.Ad-Hoc|x86.Build.0 = Debug|Any CPU
		{80F0E818-FDDD-402D-9E1F-37C6EC40E37C}.Ad-Hoc|x86.Deploy.0 = Debug|Any CPU
		{80F0E818-FDDD-402D-9E1F-37C6EC40E37C}.AppStore|Any CPU.ActiveCfg = Debug|Any CPU
		{80F0E818-FDDD-402D-9E1F-37C6EC40E37C}.AppStore|Any CPU.Build.0 = Debug|Any CPU
		{80F0E818-FDDD-402D-9E1F-37C6EC40E37C}.AppStore|Any CPU.Deploy.0 = Debug|Any CPU
		{80F0E818-FDDD-402D-9E1F-37C6EC40E37C}.AppStore|ARM.ActiveCfg = Debug|Any CPU
		{80F0E818-FDDD-402D-9E1F-37C6EC40E37C}.AppStore|ARM.Build.0 = Debug|Any CPU
		{80F0E818-FDDD-402D-9E1F-37C6EC40E37C}.AppStore|ARM.Deploy.0 = Debug|Any CPU
		{80F0E818-FDDD-402D-9E1F-37C6EC40E37C}.AppStore|iPhone.ActiveCfg = Debug|Any CPU
		{80F0E818-FDDD-402D-9E1F-37C6EC40E37C}.AppStore|iPhone.Build.0 = Debug|Any CPU
		{80F0E818-FDDD-402D-9E1F-37C6EC40E37C}.AppStore|iPhone.Deploy.0 = Debug|Any CPU
		{80F0E818-FDDD-402D-9E1F-37C6EC40E37C}.AppStore|iPhoneSimulator.ActiveCfg = Debug|Any CPU
		{80F0E818-FDDD-402D-9E1F-37C6EC40E37C}.AppStore|iPhoneSimulator.Build.0 = Debug|Any CPU
		{80F0E818-FDDD-402D-9E1F-37C6EC40E37C}.AppStore|iPhoneSimulator.Deploy.0 = Debug|Any CPU
		{80F0E818-FDDD-402D-9E1F-37C6EC40E37C}.AppStore|x64.ActiveCfg = Debug|Any CPU
		{80F0E818-FDDD-402D-9E1F-37C6EC40E37C}.AppStore|x64.Build.0 = Debug|Any CPU
		{80F0E818-FDDD-402D-9E1F-37C6EC40E37C}.AppStore|x64.Deploy.0 = Debug|Any CPU
		{80F0E818-FDDD-402D-9E1F-37C6EC40E37C}.AppStore|x86.ActiveCfg = Debug|Any CPU
		{80F0E818-FDDD-402D-9E1F-37C6EC40E37C}.AppStore|x86.Build.0 = Debug|Any CPU
		{80F0E818-FDDD-402D-9E1F-37C6EC40E37C}.AppStore|x86.Deploy.0 = Debug|Any CPU
		{80F0E818-FDDD-402D-9E1F-37C6EC40E37C}.Debug|Any CPU.ActiveCfg = Debug|Any CPU
		{80F0E818-FDDD-402D-9E1F-37C6EC40E37C}.Debug|Any CPU.Build.0 = Debug|Any CPU
		{80F0E818-FDDD-402D-9E1F-37C6EC40E37C}.Debug|Any CPU.Deploy.0 = Debug|Any CPU
		{80F0E818-FDDD-402D-9E1F-37C6EC40E37C}.Debug|ARM.ActiveCfg = Debug|Any CPU
		{80F0E818-FDDD-402D-9E1F-37C6EC40E37C}.Debug|ARM.Build.0 = Debug|Any CPU
		{80F0E818-FDDD-402D-9E1F-37C6EC40E37C}.Debug|ARM.Deploy.0 = Debug|Any CPU
		{80F0E818-FDDD-402D-9E1F-37C6EC40E37C}.Debug|iPhone.ActiveCfg = Debug|Any CPU
		{80F0E818-FDDD-402D-9E1F-37C6EC40E37C}.Debug|iPhone.Build.0 = Debug|Any CPU
		{80F0E818-FDDD-402D-9E1F-37C6EC40E37C}.Debug|iPhone.Deploy.0 = Debug|Any CPU
		{80F0E818-FDDD-402D-9E1F-37C6EC40E37C}.Debug|iPhoneSimulator.ActiveCfg = Debug|Any CPU
		{80F0E818-FDDD-402D-9E1F-37C6EC40E37C}.Debug|iPhoneSimulator.Build.0 = Debug|Any CPU
		{80F0E818-FDDD-402D-9E1F-37C6EC40E37C}.Debug|iPhoneSimulator.Deploy.0 = Debug|Any CPU
		{80F0E818-FDDD-402D-9E1F-37C6EC40E37C}.Debug|x64.ActiveCfg = Debug|Any CPU
		{80F0E818-FDDD-402D-9E1F-37C6EC40E37C}.Debug|x64.Build.0 = Debug|Any CPU
		{80F0E818-FDDD-402D-9E1F-37C6EC40E37C}.Debug|x64.Deploy.0 = Debug|Any CPU
		{80F0E818-FDDD-402D-9E1F-37C6EC40E37C}.Debug|x86.ActiveCfg = Debug|Any CPU
		{80F0E818-FDDD-402D-9E1F-37C6EC40E37C}.Debug|x86.Build.0 = Debug|Any CPU
		{80F0E818-FDDD-402D-9E1F-37C6EC40E37C}.Debug|x86.Deploy.0 = Debug|Any CPU
		{80F0E818-FDDD-402D-9E1F-37C6EC40E37C}.Release|Any CPU.ActiveCfg = Release|Any CPU
		{80F0E818-FDDD-402D-9E1F-37C6EC40E37C}.Release|Any CPU.Build.0 = Release|Any CPU
		{80F0E818-FDDD-402D-9E1F-37C6EC40E37C}.Release|Any CPU.Deploy.0 = Release|Any CPU
		{80F0E818-FDDD-402D-9E1F-37C6EC40E37C}.Release|ARM.ActiveCfg = Release|Any CPU
		{80F0E818-FDDD-402D-9E1F-37C6EC40E37C}.Release|ARM.Build.0 = Release|Any CPU
		{80F0E818-FDDD-402D-9E1F-37C6EC40E37C}.Release|ARM.Deploy.0 = Release|Any CPU
		{80F0E818-FDDD-402D-9E1F-37C6EC40E37C}.Release|iPhone.ActiveCfg = Release|Any CPU
		{80F0E818-FDDD-402D-9E1F-37C6EC40E37C}.Release|iPhone.Build.0 = Release|Any CPU
		{80F0E818-FDDD-402D-9E1F-37C6EC40E37C}.Release|iPhone.Deploy.0 = Release|Any CPU
		{80F0E818-FDDD-402D-9E1F-37C6EC40E37C}.Release|iPhoneSimulator.ActiveCfg = Release|Any CPU
		{80F0E818-FDDD-402D-9E1F-37C6EC40E37C}.Release|iPhoneSimulator.Build.0 = Release|Any CPU
		{80F0E818-FDDD-402D-9E1F-37C6EC40E37C}.Release|iPhoneSimulator.Deploy.0 = Release|Any CPU
		{80F0E818-FDDD-402D-9E1F-37C6EC40E37C}.Release|x64.ActiveCfg = Release|Any CPU
		{80F0E818-FDDD-402D-9E1F-37C6EC40E37C}.Release|x64.Build.0 = Release|Any CPU
		{80F0E818-FDDD-402D-9E1F-37C6EC40E37C}.Release|x64.Deploy.0 = Release|Any CPU
		{80F0E818-FDDD-402D-9E1F-37C6EC40E37C}.Release|x86.ActiveCfg = Release|Any CPU
		{80F0E818-FDDD-402D-9E1F-37C6EC40E37C}.Release|x86.Build.0 = Release|Any CPU
		{80F0E818-FDDD-402D-9E1F-37C6EC40E37C}.Release|x86.Deploy.0 = Release|Any CPU
	EndGlobalSection
	GlobalSection(SolutionProperties) = preSolution
		HideSolutionNode = FALSE
	EndGlobalSection
	GlobalSection(ExtensibilityGlobals) = postSolution
		SolutionGuid = {AFF7B837-171C-4204-B519-212CC476BEF3}
	EndGlobalSection
EndGlobal
